Microsoft Visual Studio Solution File, Format Version 12.00
# Visual Studio Version 16
VisualStudioVersion = 16.0.30414.157
MinimumVisualStudioVersion = 10.0.40219.1
Project("{9A19103F-16F7-4668-BE54-9A1E7A4F7556}") = "PCLCrypto", "src\PCLCrypto\PCLCrypto.csproj", "{63CEC67D-3BA0-453B-99B5-07CC0DDC3E1E}"
EndProject
Project("{9A19103F-16F7-4668-BE54-9A1E7A4F7556}") = "PCLCrypto.Tests", "test\PCLCrypto.Tests\PCLCrypto.Tests.csproj", "{BDBCB22F-D740-4C54-9FE5-ABB6BAA92AA0}"
EndProject
Project("{2150E333-8FDC-42A3-9474-1A3956D46DE8}") = "Build", "Build", "{858B5C9E-DCC9-4260-A990-5F0B2FC111B1}"
	ProjectSection(SolutionItems) = preProject
		Directory.Build.props = Directory.Build.props
		nuget.config = nuget.config
		stylecop.json = stylecop.json
		version.json = version.json
	EndProjectSection
	ProjectSection(FolderGlobals) = preProject
		__JSONSchema = https://raw.githubusercontent.com/AArnott/Nerdbank.GitVersioning/master/src/NerdBank.GitVersioning/version.schema.json
	EndProjectSection
EndProject
Project("{2150E333-8FDC-42A3-9474-1A3956D46DE8}") = "Solution Items", "Solution Items", "{76F2BFF8-6A7F-4172-B889-C9F06FE9BF75}"
	ProjectSection(SolutionItems) = preProject
		.editorconfig = .editorconfig
	EndProjectSection
EndProject
Project("{FAE04EC0-301F-11D3-BF4B-00C04F79EFBC}") = "PCLCrypto.Tests.Android", "test\PCLCrypto.Tests.Android\PCLCrypto.Tests.Android.csproj", "{F136A06B-3182-4626-8228-FE5E7636BAE3}"
EndProject
Project("{D954291E-2A0B-460D-934E-DC6B0785DB48}") = "PCLCrypto.Tests.Shared", "test\PCLCrypto.Tests.Shared\PCLCrypto.Tests.Shared.shproj", "{3B79D2B0-680A-493D-80FD-EBD8B24432FA}"
EndProject
Project("{FAE04EC0-301F-11D3-BF4B-00C04F79EFBC}") = "PCLCrypto.Tests.UAP", "test\PCLCrypto.Tests.UAP\PCLCrypto.Tests.UAP.csproj", "{3E65A010-26FD-40B8-8481-EFD2947C0794}"
EndProject
Global
	GlobalSection(SharedMSBuildProjectFiles) = preSolution
		test\PCLCrypto.Tests.Shared\PCLCrypto.Tests.Shared.projitems*{3b79d2b0-680a-493d-80fd-ebd8b24432fa}*SharedItemsImports = 13
		test\PCLCrypto.Tests.Shared\PCLCrypto.Tests.Shared.projitems*{3e65a010-26fd-40b8-8481-efd2947c0794}*SharedItemsImports = 4
		test\PCLCrypto.Tests.Shared\PCLCrypto.Tests.Shared.projitems*{bdbcb22f-d740-4c54-9fe5-abb6baa92aa0}*SharedItemsImports = 5
		test\PCLCrypto.Tests.Shared\PCLCrypto.Tests.Shared.projitems*{f136a06b-3182-4626-8228-fe5e7636bae3}*SharedItemsImports = 4
	EndGlobalSection
	GlobalSection(SolutionConfigurationPlatforms) = preSolution
		Ad-Hoc|Any CPU = Ad-Hoc|Any CPU
		Ad-Hoc|ARM = Ad-Hoc|ARM
		Ad-Hoc|AzurePipelines = Ad-Hoc|AzurePipelines
		Ad-Hoc|iPhone = Ad-Hoc|iPhone
		Ad-Hoc|iPhoneSimulator = Ad-Hoc|iPhoneSimulator
		Ad-Hoc|Mixed Platforms = Ad-Hoc|Mixed Platforms
		Ad-Hoc|x64 = Ad-Hoc|x64
		Ad-Hoc|x86 = Ad-Hoc|x86
		AppStore|Any CPU = AppStore|Any CPU
		AppStore|ARM = AppStore|ARM
		AppStore|AzurePipelines = AppStore|AzurePipelines
		AppStore|iPhone = AppStore|iPhone
		AppStore|iPhoneSimulator = AppStore|iPhoneSimulator
		AppStore|Mixed Platforms = AppStore|Mixed Platforms
		AppStore|x64 = AppStore|x64
		AppStore|x86 = AppStore|x86
		Debug|Any CPU = Debug|Any CPU
		Debug|ARM = Debug|ARM
		Debug|AzurePipelines = Debug|AzurePipelines
		Debug|iPhone = Debug|iPhone
		Debug|iPhoneSimulator = Debug|iPhoneSimulator
		Debug|Mixed Platforms = Debug|Mixed Platforms
		Debug|x64 = Debug|x64
		Debug|x86 = Debug|x86
		Release|Any CPU = Release|Any CPU
		Release|ARM = Release|ARM
		Release|AzurePipelines = Release|AzurePipelines
		Release|iPhone = Release|iPhone
		Release|iPhoneSimulator = Release|iPhoneSimulator
		Release|Mixed Platforms = Release|Mixed Platforms
		Release|x64 = Release|x64
		Release|x86 = Release|x86
	EndGlobalSection
	GlobalSection(ProjectConfigurationPlatforms) = postSolution
		{63CEC67D-3BA0-453B-99B5-07CC0DDC3E1E}.Ad-Hoc|Any CPU.ActiveCfg = Release|Any CPU
		{63CEC67D-3BA0-453B-99B5-07CC0DDC3E1E}.Ad-Hoc|Any CPU.Build.0 = Release|Any CPU
		{63CEC67D-3BA0-453B-99B5-07CC0DDC3E1E}.Ad-Hoc|ARM.ActiveCfg = Debug|Any CPU
		{63CEC67D-3BA0-453B-99B5-07CC0DDC3E1E}.Ad-Hoc|ARM.Build.0 = Debug|Any CPU
		{63CEC67D-3BA0-453B-99B5-07CC0DDC3E1E}.Ad-Hoc|AzurePipelines.ActiveCfg = Debug|Any CPU
		{63CEC67D-3BA0-453B-99B5-07CC0DDC3E1E}.Ad-Hoc|AzurePipelines.Build.0 = Debug|Any CPU
		{63CEC67D-3BA0-453B-99B5-07CC0DDC3E1E}.Ad-Hoc|iPhone.ActiveCfg = Release|Any CPU
		{63CEC67D-3BA0-453B-99B5-07CC0DDC3E1E}.Ad-Hoc|iPhone.Build.0 = Release|Any CPU
		{63CEC67D-3BA0-453B-99B5-07CC0DDC3E1E}.Ad-Hoc|iPhoneSimulator.ActiveCfg = Release|Any CPU
		{63CEC67D-3BA0-453B-99B5-07CC0DDC3E1E}.Ad-Hoc|iPhoneSimulator.Build.0 = Release|Any CPU
		{63CEC67D-3BA0-453B-99B5-07CC0DDC3E1E}.Ad-Hoc|Mixed Platforms.ActiveCfg = Release|Any CPU
		{63CEC67D-3BA0-453B-99B5-07CC0DDC3E1E}.Ad-Hoc|Mixed Platforms.Build.0 = Release|Any CPU
		{63CEC67D-3BA0-453B-99B5-07CC0DDC3E1E}.Ad-Hoc|x64.ActiveCfg = Debug|Any CPU
		{63CEC67D-3BA0-453B-99B5-07CC0DDC3E1E}.Ad-Hoc|x64.Build.0 = Debug|Any CPU
		{63CEC67D-3BA0-453B-99B5-07CC0DDC3E1E}.Ad-Hoc|x86.ActiveCfg = Debug|Any CPU
		{63CEC67D-3BA0-453B-99B5-07CC0DDC3E1E}.Ad-Hoc|x86.Build.0 = Debug|Any CPU
		{63CEC67D-3BA0-453B-99B5-07CC0DDC3E1E}.AppStore|Any CPU.ActiveCfg = Release|Any CPU
		{63CEC67D-3BA0-453B-99B5-07CC0DDC3E1E}.AppStore|Any CPU.Build.0 = Release|Any CPU
		{63CEC67D-3BA0-453B-99B5-07CC0DDC3E1E}.AppStore|ARM.ActiveCfg = Debug|Any CPU
		{63CEC67D-3BA0-453B-99B5-07CC0DDC3E1E}.AppStore|ARM.Build.0 = Debug|Any CPU
		{63CEC67D-3BA0-453B-99B5-07CC0DDC3E1E}.AppStore|AzurePipelines.ActiveCfg = Debug|Any CPU
		{63CEC67D-3BA0-453B-99B5-07CC0DDC3E1E}.AppStore|AzurePipelines.Build.0 = Debug|Any CPU
		{63CEC67D-3BA0-453B-99B5-07CC0DDC3E1E}.AppStore|iPhone.ActiveCfg = Release|Any CPU
		{63CEC67D-3BA0-453B-99B5-07CC0DDC3E1E}.AppStore|iPhone.Build.0 = Release|Any CPU
		{63CEC67D-3BA0-453B-99B5-07CC0DDC3E1E}.AppStore|iPhoneSimulator.ActiveCfg = Release|Any CPU
		{63CEC67D-3BA0-453B-99B5-07CC0DDC3E1E}.AppStore|iPhoneSimulator.Build.0 = Release|Any CPU
		{63CEC67D-3BA0-453B-99B5-07CC0DDC3E1E}.AppStore|Mixed Platforms.ActiveCfg = Release|Any CPU
		{63CEC67D-3BA0-453B-99B5-07CC0DDC3E1E}.AppStore|Mixed Platforms.Build.0 = Release|Any CPU
		{63CEC67D-3BA0-453B-99B5-07CC0DDC3E1E}.AppStore|x64.ActiveCfg = Debug|Any CPU
		{63CEC67D-3BA0-453B-99B5-07CC0DDC3E1E}.AppStore|x64.Build.0 = Debug|Any CPU
		{63CEC67D-3BA0-453B-99B5-07CC0DDC3E1E}.AppStore|x86.ActiveCfg = Debug|Any CPU
		{63CEC67D-3BA0-453B-99B5-07CC0DDC3E1E}.AppStore|x86.Build.0 = Debug|Any CPU
		{63CEC67D-3BA0-453B-99B5-07CC0DDC3E1E}.Debug|Any CPU.ActiveCfg = Debug|Any CPU
		{63CEC67D-3BA0-453B-99B5-07CC0DDC3E1E}.Debug|Any CPU.Build.0 = Debug|Any CPU
		{63CEC67D-3BA0-453B-99B5-07CC0DDC3E1E}.Debug|ARM.ActiveCfg = Debug|Any CPU
		{63CEC67D-3BA0-453B-99B5-07CC0DDC3E1E}.Debug|ARM.Build.0 = Debug|Any CPU
		{63CEC67D-3BA0-453B-99B5-07CC0DDC3E1E}.Debug|AzurePipelines.ActiveCfg = Debug|Any CPU
		{63CEC67D-3BA0-453B-99B5-07CC0DDC3E1E}.Debug|AzurePipelines.Build.0 = Debug|Any CPU
		{63CEC67D-3BA0-453B-99B5-07CC0DDC3E1E}.Debug|iPhone.ActiveCfg = Debug|Any CPU
		{63CEC67D-3BA0-453B-99B5-07CC0DDC3E1E}.Debug|iPhone.Build.0 = Debug|Any CPU
		{63CEC67D-3BA0-453B-99B5-07CC0DDC3E1E}.Debug|iPhoneSimulator.ActiveCfg = Debug|Any CPU
		{63CEC67D-3BA0-453B-99B5-07CC0DDC3E1E}.Debug|iPhoneSimulator.Build.0 = Debug|Any CPU
		{63CEC67D-3BA0-453B-99B5-07CC0DDC3E1E}.Debug|Mixed Platforms.ActiveCfg = Debug|Any CPU
		{63CEC67D-3BA0-453B-99B5-07CC0DDC3E1E}.Debug|Mixed Platforms.Build.0 = Debug|Any CPU
		{63CEC67D-3BA0-453B-99B5-07CC0DDC3E1E}.Debug|x64.ActiveCfg = Debug|Any CPU
		{63CEC67D-3BA0-453B-99B5-07CC0DDC3E1E}.Debug|x64.Build.0 = Debug|Any CPU
		{63CEC67D-3BA0-453B-99B5-07CC0DDC3E1E}.Debug|x86.ActiveCfg = Debug|Any CPU
		{63CEC67D-3BA0-453B-99B5-07CC0DDC3E1E}.Debug|x86.Build.0 = Debug|Any CPU
		{63CEC67D-3BA0-453B-99B5-07CC0DDC3E1E}.Release|Any CPU.ActiveCfg = Release|Any CPU
		{63CEC67D-3BA0-453B-99B5-07CC0DDC3E1E}.Release|Any CPU.Build.0 = Release|Any CPU
		{63CEC67D-3BA0-453B-99B5-07CC0DDC3E1E}.Release|ARM.ActiveCfg = Release|Any CPU
		{63CEC67D-3BA0-453B-99B5-07CC0DDC3E1E}.Release|ARM.Build.0 = Release|Any CPU
		{63CEC67D-3BA0-453B-99B5-07CC0DDC3E1E}.Release|AzurePipelines.ActiveCfg = Release|Any CPU
		{63CEC67D-3BA0-453B-99B5-07CC0DDC3E1E}.Release|AzurePipelines.Build.0 = Release|Any CPU
		{63CEC67D-3BA0-453B-99B5-07CC0DDC3E1E}.Release|iPhone.ActiveCfg = Release|Any CPU
		{63CEC67D-3BA0-453B-99B5-07CC0DDC3E1E}.Release|iPhone.Build.0 = Release|Any CPU
		{63CEC67D-3BA0-453B-99B5-07CC0DDC3E1E}.Release|iPhoneSimulator.ActiveCfg = Release|Any CPU
		{63CEC67D-3BA0-453B-99B5-07CC0DDC3E1E}.Release|iPhoneSimulator.Build.0 = Release|Any CPU
		{63CEC67D-3BA0-453B-99B5-07CC0DDC3E1E}.Release|Mixed Platforms.ActiveCfg = Release|Any CPU
		{63CEC67D-3BA0-453B-99B5-07CC0DDC3E1E}.Release|Mixed Platforms.Build.0 = Release|Any CPU
		{63CEC67D-3BA0-453B-99B5-07CC0DDC3E1E}.Release|x64.ActiveCfg = Release|Any CPU
		{63CEC67D-3BA0-453B-99B5-07CC0DDC3E1E}.Release|x64.Build.0 = Release|Any CPU
		{63CEC67D-3BA0-453B-99B5-07CC0DDC3E1E}.Release|x86.ActiveCfg = Release|Any CPU
		{63CEC67D-3BA0-453B-99B5-07CC0DDC3E1E}.Release|x86.Build.0 = Release|Any CPU
		{BDBCB22F-D740-4C54-9FE5-ABB6BAA92AA0}.Ad-Hoc|Any CPU.ActiveCfg = Release|Any CPU
		{BDBCB22F-D740-4C54-9FE5-ABB6BAA92AA0}.Ad-Hoc|Any CPU.Build.0 = Release|Any CPU
		{BDBCB22F-D740-4C54-9FE5-ABB6BAA92AA0}.Ad-Hoc|ARM.ActiveCfg = Debug|Any CPU
		{BDBCB22F-D740-4C54-9FE5-ABB6BAA92AA0}.Ad-Hoc|ARM.Build.0 = Debug|Any CPU
		{BDBCB22F-D740-4C54-9FE5-ABB6BAA92AA0}.Ad-Hoc|AzurePipelines.ActiveCfg = Debug|Any CPU
		{BDBCB22F-D740-4C54-9FE5-ABB6BAA92AA0}.Ad-Hoc|AzurePipelines.Build.0 = Debug|Any CPU
		{BDBCB22F-D740-4C54-9FE5-ABB6BAA92AA0}.Ad-Hoc|iPhone.ActiveCfg = Release|Any CPU
		{BDBCB22F-D740-4C54-9FE5-ABB6BAA92AA0}.Ad-Hoc|iPhoneSimulator.ActiveCfg = Release|Any CPU
		{BDBCB22F-D740-4C54-9FE5-ABB6BAA92AA0}.Ad-Hoc|Mixed Platforms.ActiveCfg = Release|Any CPU
		{BDBCB22F-D740-4C54-9FE5-ABB6BAA92AA0}.Ad-Hoc|Mixed Platforms.Build.0 = Release|Any CPU
		{BDBCB22F-D740-4C54-9FE5-ABB6BAA92AA0}.Ad-Hoc|x64.ActiveCfg = Debug|Any CPU
		{BDBCB22F-D740-4C54-9FE5-ABB6BAA92AA0}.Ad-Hoc|x64.Build.0 = Debug|Any CPU
		{BDBCB22F-D740-4C54-9FE5-ABB6BAA92AA0}.Ad-Hoc|x86.ActiveCfg = Debug|Any CPU
		{BDBCB22F-D740-4C54-9FE5-ABB6BAA92AA0}.Ad-Hoc|x86.Build.0 = Debug|Any CPU
		{BDBCB22F-D740-4C54-9FE5-ABB6BAA92AA0}.AppStore|Any CPU.ActiveCfg = Release|Any CPU
		{BDBCB22F-D740-4C54-9FE5-ABB6BAA92AA0}.AppStore|Any CPU.Build.0 = Release|Any CPU
		{BDBCB22F-D740-4C54-9FE5-ABB6BAA92AA0}.AppStore|ARM.ActiveCfg = Debug|Any CPU
		{BDBCB22F-D740-4C54-9FE5-ABB6BAA92AA0}.AppStore|ARM.Build.0 = Debug|Any CPU
		{BDBCB22F-D740-4C54-9FE5-ABB6BAA92AA0}.AppStore|AzurePipelines.ActiveCfg = Debug|Any CPU
		{BDBCB22F-D740-4C54-9FE5-ABB6BAA92AA0}.AppStore|AzurePipelines.Build.0 = Debug|Any CPU
		{BDBCB22F-D740-4C54-9FE5-ABB6BAA92AA0}.AppStore|iPhone.ActiveCfg = Release|Any CPU
		{BDBCB22F-D740-4C54-9FE5-ABB6BAA92AA0}.AppStore|iPhoneSimulator.ActiveCfg = Release|Any CPU
		{BDBCB22F-D740-4C54-9FE5-ABB6BAA92AA0}.AppStore|Mixed Platforms.ActiveCfg = Release|Any CPU
		{BDBCB22F-D740-4C54-9FE5-ABB6BAA92AA0}.AppStore|Mixed Platforms.Build.0 = Release|Any CPU
		{BDBCB22F-D740-4C54-9FE5-ABB6BAA92AA0}.AppStore|x64.ActiveCfg = Debug|Any CPU
		{BDBCB22F-D740-4C54-9FE5-ABB6BAA92AA0}.AppStore|x64.Build.0 = Debug|Any CPU
		{BDBCB22F-D740-4C54-9FE5-ABB6BAA92AA0}.AppStore|x86.ActiveCfg = Debug|Any CPU
		{BDBCB22F-D740-4C54-9FE5-ABB6BAA92AA0}.AppStore|x86.Build.0 = Debug|Any CPU
		{BDBCB22F-D740-4C54-9FE5-ABB6BAA92AA0}.Debug|Any CPU.ActiveCfg = Debug|Any CPU
		{BDBCB22F-D740-4C54-9FE5-ABB6BAA92AA0}.Debug|Any CPU.Build.0 = Debug|Any CPU
		{BDBCB22F-D740-4C54-9FE5-ABB6BAA92AA0}.Debug|ARM.ActiveCfg = Debug|Any CPU
		{BDBCB22F-D740-4C54-9FE5-ABB6BAA92AA0}.Debug|ARM.Build.0 = Debug|Any CPU
		{BDBCB22F-D740-4C54-9FE5-ABB6BAA92AA0}.Debug|AzurePipelines.ActiveCfg = Debug|Any CPU
		{BDBCB22F-D740-4C54-9FE5-ABB6BAA92AA0}.Debug|AzurePipelines.Build.0 = Debug|Any CPU
		{BDBCB22F-D740-4C54-9FE5-ABB6BAA92AA0}.Debug|iPhone.ActiveCfg = Debug|Any CPU
		{BDBCB22F-D740-4C54-9FE5-ABB6BAA92AA0}.Debug|iPhoneSimulator.ActiveCfg = Debug|Any CPU
		{BDBCB22F-D740-4C54-9FE5-ABB6BAA92AA0}.Debug|Mixed Platforms.ActiveCfg = Debug|Any CPU
		{BDBCB22F-D740-4C54-9FE5-ABB6BAA92AA0}.Debug|Mixed Platforms.Build.0 = Debug|Any CPU
		{BDBCB22F-D740-4C54-9FE5-ABB6BAA92AA0}.Debug|x64.ActiveCfg = Debug|Any CPU
		{BDBCB22F-D740-4C54-9FE5-ABB6BAA92AA0}.Debug|x64.Build.0 = Debug|Any CPU
		{BDBCB22F-D740-4C54-9FE5-ABB6BAA92AA0}.Debug|x86.ActiveCfg = Debug|Any CPU
		{BDBCB22F-D740-4C54-9FE5-ABB6BAA92AA0}.Debug|x86.Build.0 = Debug|Any CPU
		{BDBCB22F-D740-4C54-9FE5-ABB6BAA92AA0}.Release|Any CPU.ActiveCfg = Release|Any CPU
		{BDBCB22F-D740-4C54-9FE5-ABB6BAA92AA0}.Release|Any CPU.Build.0 = Release|Any CPU
		{BDBCB22F-D740-4C54-9FE5-ABB6BAA92AA0}.Release|ARM.ActiveCfg = Release|Any CPU
		{BDBCB22F-D740-4C54-9FE5-ABB6BAA92AA0}.Release|ARM.Build.0 = Release|Any CPU
		{BDBCB22F-D740-4C54-9FE5-ABB6BAA92AA0}.Release|AzurePipelines.ActiveCfg = Release|Any CPU
		{BDBCB22F-D740-4C54-9FE5-ABB6BAA92AA0}.Release|AzurePipelines.Build.0 = Release|Any CPU
		{BDBCB22F-D740-4C54-9FE5-ABB6BAA92AA0}.Release|iPhone.ActiveCfg = Release|Any CPU
		{BDBCB22F-D740-4C54-9FE5-ABB6BAA92AA0}.Release|iPhoneSimulator.ActiveCfg = Release|Any CPU
		{BDBCB22F-D740-4C54-9FE5-ABB6BAA92AA0}.Release|Mixed Platforms.ActiveCfg = Release|Any CPU
		{BDBCB22F-D740-4C54-9FE5-ABB6BAA92AA0}.Release|Mixed Platforms.Build.0 = Release|Any CPU
		{BDBCB22F-D740-4C54-9FE5-ABB6BAA92AA0}.Release|x64.ActiveCfg = Release|Any CPU
		{BDBCB22F-D740-4C54-9FE5-ABB6BAA92AA0}.Release|x64.Build.0 = Release|Any CPU
		{BDBCB22F-D740-4C54-9FE5-ABB6BAA92AA0}.Release|x86.ActiveCfg = Release|Any CPU
		{BDBCB22F-D740-4C54-9FE5-ABB6BAA92AA0}.Release|x86.Build.0 = Release|Any CPU
		{F136A06B-3182-4626-8228-FE5E7636BAE3}.Ad-Hoc|Any CPU.ActiveCfg = Release|Any CPU
		{F136A06B-3182-4626-8228-FE5E7636BAE3}.Ad-Hoc|Any CPU.Build.0 = Release|Any CPU
		{F136A06B-3182-4626-8228-FE5E7636BAE3}.Ad-Hoc|Any CPU.Deploy.0 = Release|Any CPU
		{F136A06B-3182-4626-8228-FE5E7636BAE3}.Ad-Hoc|ARM.ActiveCfg = Release|Any CPU
		{F136A06B-3182-4626-8228-FE5E7636BAE3}.Ad-Hoc|ARM.Build.0 = Release|Any CPU
		{F136A06B-3182-4626-8228-FE5E7636BAE3}.Ad-Hoc|ARM.Deploy.0 = Release|Any CPU
		{F136A06B-3182-4626-8228-FE5E7636BAE3}.Ad-Hoc|AzurePipelines.ActiveCfg = Release|Any CPU
		{F136A06B-3182-4626-8228-FE5E7636BAE3}.Ad-Hoc|AzurePipelines.Build.0 = Release|Any CPU
		{F136A06B-3182-4626-8228-FE5E7636BAE3}.Ad-Hoc|AzurePipelines.Deploy.0 = Release|Any CPU
		{F136A06B-3182-4626-8228-FE5E7636BAE3}.Ad-Hoc|iPhone.ActiveCfg = Release|Any CPU
		{F136A06B-3182-4626-8228-FE5E7636BAE3}.Ad-Hoc|iPhone.Build.0 = Release|Any CPU
		{F136A06B-3182-4626-8228-FE5E7636BAE3}.Ad-Hoc|iPhone.Deploy.0 = Release|Any CPU
		{F136A06B-3182-4626-8228-FE5E7636BAE3}.Ad-Hoc|iPhoneSimulator.ActiveCfg = Release|Any CPU
		{F136A06B-3182-4626-8228-FE5E7636BAE3}.Ad-Hoc|iPhoneSimulator.Build.0 = Release|Any CPU
		{F136A06B-3182-4626-8228-FE5E7636BAE3}.Ad-Hoc|iPhoneSimulator.Deploy.0 = Release|Any CPU
		{F136A06B-3182-4626-8228-FE5E7636BAE3}.Ad-Hoc|Mixed Platforms.ActiveCfg = Release|Any CPU
		{F136A06B-3182-4626-8228-FE5E7636BAE3}.Ad-Hoc|Mixed Platforms.Build.0 = Release|Any CPU
		{F136A06B-3182-4626-8228-FE5E7636BAE3}.Ad-Hoc|Mixed Platforms.Deploy.0 = Release|Any CPU
		{F136A06B-3182-4626-8228-FE5E7636BAE3}.Ad-Hoc|x64.ActiveCfg = Release|Any CPU
		{F136A06B-3182-4626-8228-FE5E7636BAE3}.Ad-Hoc|x64.Build.0 = Release|Any CPU
		{F136A06B-3182-4626-8228-FE5E7636BAE3}.Ad-Hoc|x64.Deploy.0 = Release|Any CPU
		{F136A06B-3182-4626-8228-FE5E7636BAE3}.Ad-Hoc|x86.ActiveCfg = Release|Any CPU
		{F136A06B-3182-4626-8228-FE5E7636BAE3}.Ad-Hoc|x86.Build.0 = Release|Any CPU
		{F136A06B-3182-4626-8228-FE5E7636BAE3}.Ad-Hoc|x86.Deploy.0 = Release|Any CPU
		{F136A06B-3182-4626-8228-FE5E7636BAE3}.AppStore|Any CPU.ActiveCfg = Release|Any CPU
		{F136A06B-3182-4626-8228-FE5E7636BAE3}.AppStore|Any CPU.Build.0 = Release|Any CPU
		{F136A06B-3182-4626-8228-FE5E7636BAE3}.AppStore|Any CPU.Deploy.0 = Release|Any CPU
		{F136A06B-3182-4626-8228-FE5E7636BAE3}.AppStore|ARM.ActiveCfg = Release|Any CPU
		{F136A06B-3182-4626-8228-FE5E7636BAE3}.AppStore|ARM.Build.0 = Release|Any CPU
		{F136A06B-3182-4626-8228-FE5E7636BAE3}.AppStore|ARM.Deploy.0 = Release|Any CPU
		{F136A06B-3182-4626-8228-FE5E7636BAE3}.AppStore|AzurePipelines.ActiveCfg = Release|Any CPU
		{F136A06B-3182-4626-8228-FE5E7636BAE3}.AppStore|AzurePipelines.Build.0 = Release|Any CPU
		{F136A06B-3182-4626-8228-FE5E7636BAE3}.AppStore|AzurePipelines.Deploy.0 = Release|Any CPU
		{F136A06B-3182-4626-8228-FE5E7636BAE3}.AppStore|iPhone.ActiveCfg = Release|Any CPU
		{F136A06B-3182-4626-8228-FE5E7636BAE3}.AppStore|iPhone.Build.0 = Release|Any CPU
		{F136A06B-3182-4626-8228-FE5E7636BAE3}.AppStore|iPhone.Deploy.0 = Release|Any CPU
		{F136A06B-3182-4626-8228-FE5E7636BAE3}.AppStore|iPhoneSimulator.ActiveCfg = Release|Any CPU
		{F136A06B-3182-4626-8228-FE5E7636BAE3}.AppStore|iPhoneSimulator.Build.0 = Release|Any CPU
		{F136A06B-3182-4626-8228-FE5E7636BAE3}.AppStore|iPhoneSimulator.Deploy.0 = Release|Any CPU
		{F136A06B-3182-4626-8228-FE5E7636BAE3}.AppStore|Mixed Platforms.ActiveCfg = Release|Any CPU
		{F136A06B-3182-4626-8228-FE5E7636BAE3}.AppStore|Mixed Platforms.Build.0 = Release|Any CPU
		{F136A06B-3182-4626-8228-FE5E7636BAE3}.AppStore|Mixed Platforms.Deploy.0 = Release|Any CPU
		{F136A06B-3182-4626-8228-FE5E7636BAE3}.AppStore|x64.ActiveCfg = Release|Any CPU
		{F136A06B-3182-4626-8228-FE5E7636BAE3}.AppStore|x64.Build.0 = Release|Any CPU
		{F136A06B-3182-4626-8228-FE5E7636BAE3}.AppStore|x64.Deploy.0 = Release|Any CPU
		{F136A06B-3182-4626-8228-FE5E7636BAE3}.AppStore|x86.ActiveCfg = Release|Any CPU
		{F136A06B-3182-4626-8228-FE5E7636BAE3}.AppStore|x86.Build.0 = Release|Any CPU
		{F136A06B-3182-4626-8228-FE5E7636BAE3}.AppStore|x86.Deploy.0 = Release|Any CPU
		{F136A06B-3182-4626-8228-FE5E7636BAE3}.Debug|Any CPU.ActiveCfg = Debug|Any CPU
		{F136A06B-3182-4626-8228-FE5E7636BAE3}.Debug|Any CPU.Build.0 = Debug|Any CPU
		{F136A06B-3182-4626-8228-FE5E7636BAE3}.Debug|Any CPU.Deploy.0 = Debug|Any CPU
		{F136A06B-3182-4626-8228-FE5E7636BAE3}.Debug|ARM.ActiveCfg = Debug|Any CPU
		{F136A06B-3182-4626-8228-FE5E7636BAE3}.Debug|ARM.Build.0 = Debug|Any CPU
		{F136A06B-3182-4626-8228-FE5E7636BAE3}.Debug|ARM.Deploy.0 = Debug|Any CPU
		{F136A06B-3182-4626-8228-FE5E7636BAE3}.Debug|AzurePipelines.ActiveCfg = Debug|Any CPU
		{F136A06B-3182-4626-8228-FE5E7636BAE3}.Debug|iPhone.ActiveCfg = Debug|Any CPU
		{F136A06B-3182-4626-8228-FE5E7636BAE3}.Debug|iPhone.Build.0 = Debug|Any CPU
		{F136A06B-3182-4626-8228-FE5E7636BAE3}.Debug|iPhone.Deploy.0 = Debug|Any CPU
		{F136A06B-3182-4626-8228-FE5E7636BAE3}.Debug|iPhoneSimulator.ActiveCfg = Debug|Any CPU
		{F136A06B-3182-4626-8228-FE5E7636BAE3}.Debug|iPhoneSimulator.Build.0 = Debug|Any CPU
		{F136A06B-3182-4626-8228-FE5E7636BAE3}.Debug|iPhoneSimulator.Deploy.0 = Debug|Any CPU
		{F136A06B-3182-4626-8228-FE5E7636BAE3}.Debug|Mixed Platforms.ActiveCfg = Debug|Any CPU
		{F136A06B-3182-4626-8228-FE5E7636BAE3}.Debug|Mixed Platforms.Build.0 = Debug|Any CPU
		{F136A06B-3182-4626-8228-FE5E7636BAE3}.Debug|Mixed Platforms.Deploy.0 = Debug|Any CPU
		{F136A06B-3182-4626-8228-FE5E7636BAE3}.Debug|x64.ActiveCfg = Debug|Any CPU
		{F136A06B-3182-4626-8228-FE5E7636BAE3}.Debug|x64.Build.0 = Debug|Any CPU
		{F136A06B-3182-4626-8228-FE5E7636BAE3}.Debug|x64.Deploy.0 = Debug|Any CPU
		{F136A06B-3182-4626-8228-FE5E7636BAE3}.Debug|x86.ActiveCfg = Debug|Any CPU
		{F136A06B-3182-4626-8228-FE5E7636BAE3}.Debug|x86.Build.0 = Debug|Any CPU
		{F136A06B-3182-4626-8228-FE5E7636BAE3}.Debug|x86.Deploy.0 = Debug|Any CPU
		{F136A06B-3182-4626-8228-FE5E7636BAE3}.Release|Any CPU.ActiveCfg = Release|Any CPU
		{F136A06B-3182-4626-8228-FE5E7636BAE3}.Release|Any CPU.Build.0 = Release|Any CPU
		{F136A06B-3182-4626-8228-FE5E7636BAE3}.Release|Any CPU.Deploy.0 = Release|Any CPU
		{F136A06B-3182-4626-8228-FE5E7636BAE3}.Release|ARM.ActiveCfg = Release|Any CPU
		{F136A06B-3182-4626-8228-FE5E7636BAE3}.Release|ARM.Build.0 = Release|Any CPU
		{F136A06B-3182-4626-8228-FE5E7636BAE3}.Release|ARM.Deploy.0 = Release|Any CPU
		{F136A06B-3182-4626-8228-FE5E7636BAE3}.Release|AzurePipelines.ActiveCfg = Release|Any CPU
		{F136A06B-3182-4626-8228-FE5E7636BAE3}.Release|iPhone.ActiveCfg = Release|Any CPU
		{F136A06B-3182-4626-8228-FE5E7636BAE3}.Release|iPhone.Build.0 = Release|Any CPU
		{F136A06B-3182-4626-8228-FE5E7636BAE3}.Release|iPhone.Deploy.0 = Release|Any CPU
		{F136A06B-3182-4626-8228-FE5E7636BAE3}.Release|iPhoneSimulator.ActiveCfg = Release|Any CPU
		{F136A06B-3182-4626-8228-FE5E7636BAE3}.Release|iPhoneSimulator.Build.0 = Release|Any CPU
		{F136A06B-3182-4626-8228-FE5E7636BAE3}.Release|iPhoneSimulator.Deploy.0 = Release|Any CPU
		{F136A06B-3182-4626-8228-FE5E7636BAE3}.Release|Mixed Platforms.ActiveCfg = Release|Any CPU
		{F136A06B-3182-4626-8228-FE5E7636BAE3}.Release|Mixed Platforms.Build.0 = Release|Any CPU
		{F136A06B-3182-4626-8228-FE5E7636BAE3}.Release|Mixed Platforms.Deploy.0 = Release|Any CPU
		{F136A06B-3182-4626-8228-FE5E7636BAE3}.Release|x64.ActiveCfg = Release|Any CPU
		{F136A06B-3182-4626-8228-FE5E7636BAE3}.Release|x64.Build.0 = Release|Any CPU
		{F136A06B-3182-4626-8228-FE5E7636BAE3}.Release|x64.Deploy.0 = Release|Any CPU
		{F136A06B-3182-4626-8228-FE5E7636BAE3}.Release|x86.ActiveCfg = Release|Any CPU
		{F136A06B-3182-4626-8228-FE5E7636BAE3}.Release|x86.Build.0 = Release|Any CPU
		{F136A06B-3182-4626-8228-FE5E7636BAE3}.Release|x86.Deploy.0 = Release|Any CPU
		{3E65A010-26FD-40B8-8481-EFD2947C0794}.Ad-Hoc|Any CPU.ActiveCfg = Release|x64
		{3E65A010-26FD-40B8-8481-EFD2947C0794}.Ad-Hoc|Any CPU.Build.0 = Release|x64
		{3E65A010-26FD-40B8-8481-EFD2947C0794}.Ad-Hoc|Any CPU.Deploy.0 = Release|x64
		{3E65A010-26FD-40B8-8481-EFD2947C0794}.Ad-Hoc|ARM.ActiveCfg = Release|ARM
		{3E65A010-26FD-40B8-8481-EFD2947C0794}.Ad-Hoc|ARM.Build.0 = Release|ARM
		{3E65A010-26FD-40B8-8481-EFD2947C0794}.Ad-Hoc|ARM.Deploy.0 = Release|ARM
		{3E65A010-26FD-40B8-8481-EFD2947C0794}.Ad-Hoc|AzurePipelines.ActiveCfg = Release|x86
		{3E65A010-26FD-40B8-8481-EFD2947C0794}.Ad-Hoc|AzurePipelines.Build.0 = Release|x86
		{3E65A010-26FD-40B8-8481-EFD2947C0794}.Ad-Hoc|AzurePipelines.Deploy.0 = Release|x86
		{3E65A010-26FD-40B8-8481-EFD2947C0794}.Ad-Hoc|iPhone.ActiveCfg = Release|x64
		{3E65A010-26FD-40B8-8481-EFD2947C0794}.Ad-Hoc|iPhone.Build.0 = Release|x64
		{3E65A010-26FD-40B8-8481-EFD2947C0794}.Ad-Hoc|iPhone.Deploy.0 = Release|x64
		{3E65A010-26FD-40B8-8481-EFD2947C0794}.Ad-Hoc|iPhoneSimulator.ActiveCfg = Release|x64
		{3E65A010-26FD-40B8-8481-EFD2947C0794}.Ad-Hoc|iPhoneSimulator.Build.0 = Release|x64
		{3E65A010-26FD-40B8-8481-EFD2947C0794}.Ad-Hoc|iPhoneSimulator.Deploy.0 = Release|x64
		{3E65A010-26FD-40B8-8481-EFD2947C0794}.Ad-Hoc|Mixed Platforms.ActiveCfg = Release|x86
		{3E65A010-26FD-40B8-8481-EFD2947C0794}.Ad-Hoc|Mixed Platforms.Build.0 = Release|x86
		{3E65A010-26FD-40B8-8481-EFD2947C0794}.Ad-Hoc|Mixed Platforms.Deploy.0 = Release|x86
		{3E65A010-26FD-40B8-8481-EFD2947C0794}.Ad-Hoc|x64.ActiveCfg = Release|x64
		{3E65A010-26FD-40B8-8481-EFD2947C0794}.Ad-Hoc|x64.Build.0 = Release|x64
		{3E65A010-26FD-40B8-8481-EFD2947C0794}.Ad-Hoc|x64.Deploy.0 = Release|x64
		{3E65A010-26FD-40B8-8481-EFD2947C0794}.Ad-Hoc|x86.ActiveCfg = Release|x86
		{3E65A010-26FD-40B8-8481-EFD2947C0794}.Ad-Hoc|x86.Build.0 = Release|x86
		{3E65A010-26FD-40B8-8481-EFD2947C0794}.Ad-Hoc|x86.Deploy.0 = Release|x86
		{3E65A010-26FD-40B8-8481-EFD2947C0794}.AppStore|Any CPU.ActiveCfg = Release|x64
		{3E65A010-26FD-40B8-8481-EFD2947C0794}.AppStore|Any CPU.Build.0 = Release|x64
		{3E65A010-26FD-40B8-8481-EFD2947C0794}.AppStore|Any CPU.Deploy.0 = Release|x64
		{3E65A010-26FD-40B8-8481-EFD2947C0794}.AppStore|ARM.ActiveCfg = Release|ARM
		{3E65A010-26FD-40B8-8481-EFD2947C0794}.AppStore|ARM.Build.0 = Release|ARM
		{3E65A010-26FD-40B8-8481-EFD2947C0794}.AppStore|ARM.Deploy.0 = Release|ARM
		{3E65A010-26FD-40B8-8481-EFD2947C0794}.AppStore|AzurePipelines.ActiveCfg = Release|x86
		{3E65A010-26FD-40B8-8481-EFD2947C0794}.AppStore|AzurePipelines.Build.0 = Release|x86
		{3E65A010-26FD-40B8-8481-EFD2947C0794}.AppStore|AzurePipelines.Deploy.0 = Release|x86
		{3E65A010-26FD-40B8-8481-EFD2947C0794}.AppStore|iPhone.ActiveCfg = Release|x64
		{3E65A010-26FD-40B8-8481-EFD2947C0794}.AppStore|iPhone.Build.0 = Release|x64
		{3E65A010-26FD-40B8-8481-EFD2947C0794}.AppStore|iPhone.Deploy.0 = Release|x64
		{3E65A010-26FD-40B8-8481-EFD2947C0794}.AppStore|iPhoneSimulator.ActiveCfg = Release|x64
		{3E65A010-26FD-40B8-8481-EFD2947C0794}.AppStore|iPhoneSimulator.Build.0 = Release|x64
		{3E65A010-26FD-40B8-8481-EFD2947C0794}.AppStore|iPhoneSimulator.Deploy.0 = Release|x64
		{3E65A010-26FD-40B8-8481-EFD2947C0794}.AppStore|Mixed Platforms.ActiveCfg = Release|x86
		{3E65A010-26FD-40B8-8481-EFD2947C0794}.AppStore|Mixed Platforms.Build.0 = Release|x86
		{3E65A010-26FD-40B8-8481-EFD2947C0794}.AppStore|Mixed Platforms.Deploy.0 = Release|x86
		{3E65A010-26FD-40B8-8481-EFD2947C0794}.AppStore|x64.ActiveCfg = Release|x64
		{3E65A010-26FD-40B8-8481-EFD2947C0794}.AppStore|x64.Build.0 = Release|x64
		{3E65A010-26FD-40B8-8481-EFD2947C0794}.AppStore|x64.Deploy.0 = Release|x64
		{3E65A010-26FD-40B8-8481-EFD2947C0794}.AppStore|x86.ActiveCfg = Release|x86
		{3E65A010-26FD-40B8-8481-EFD2947C0794}.AppStore|x86.Build.0 = Release|x86
		{3E65A010-26FD-40B8-8481-EFD2947C0794}.AppStore|x86.Deploy.0 = Release|x86
		{3E65A010-26FD-40B8-8481-EFD2947C0794}.Debug|Any CPU.ActiveCfg = Debug|x86
		{3E65A010-26FD-40B8-8481-EFD2947C0794}.Debug|ARM.ActiveCfg = Debug|ARM
		{3E65A010-26FD-40B8-8481-EFD2947C0794}.Debug|ARM.Build.0 = Debug|ARM
		{3E65A010-26FD-40B8-8481-EFD2947C0794}.Debug|ARM.Deploy.0 = Debug|ARM
		{3E65A010-26FD-40B8-8481-EFD2947C0794}.Debug|AzurePipelines.ActiveCfg = Debug|x86
		{3E65A010-26FD-40B8-8481-EFD2947C0794}.Debug|iPhone.ActiveCfg = Debug|x86
		{3E65A010-26FD-40B8-8481-EFD2947C0794}.Debug|iPhoneSimulator.ActiveCfg = Debug|x86
		{3E65A010-26FD-40B8-8481-EFD2947C0794}.Debug|Mixed Platforms.ActiveCfg = Debug|x86
		{3E65A010-26FD-40B8-8481-EFD2947C0794}.Debug|Mixed Platforms.Build.0 = Debug|x86
		{3E65A010-26FD-40B8-8481-EFD2947C0794}.Debug|Mixed Platforms.Deploy.0 = Debug|x86
		{3E65A010-26FD-40B8-8481-EFD2947C0794}.Debug|x64.ActiveCfg = Debug|x64
		{3E65A010-26FD-40B8-8481-EFD2947C0794}.Debug|x64.Build.0 = Debug|x64
		{3E65A010-26FD-40B8-8481-EFD2947C0794}.Debug|x64.Deploy.0 = Debug|x64
		{3E65A010-26FD-40B8-8481-EFD2947C0794}.Debug|x86.ActiveCfg = Debug|x86
		{3E65A010-26FD-40B8-8481-EFD2947C0794}.Debug|x86.Build.0 = Debug|x86
		{3E65A010-26FD-40B8-8481-EFD2947C0794}.Debug|x86.Deploy.0 = Debug|x86
		{3E65A010-26FD-40B8-8481-EFD2947C0794}.Release|Any CPU.ActiveCfg = Release|x86
		{3E65A010-26FD-40B8-8481-EFD2947C0794}.Release|ARM.ActiveCfg = Release|ARM
		{3E65A010-26FD-40B8-8481-EFD2947C0794}.Release|ARM.Build.0 = Release|ARM
		{3E65A010-26FD-40B8-8481-EFD2947C0794}.Release|ARM.Deploy.0 = Release|ARM
		{3E65A010-26FD-40B8-8481-EFD2947C0794}.Release|AzurePipelines.ActiveCfg = Release|x86
		{3E65A010-26FD-40B8-8481-EFD2947C0794}.Release|iPhone.ActiveCfg = Release|x86
		{3E65A010-26FD-40B8-8481-EFD2947C0794}.Release|iPhoneSimulator.ActiveCfg = Release|x86
		{3E65A010-26FD-40B8-8481-EFD2947C0794}.Release|Mixed Platforms.ActiveCfg = Release|x86
		{3E65A010-26FD-40B8-8481-EFD2947C0794}.Release|Mixed Platforms.Build.0 = Release|x86
		{3E65A010-26FD-40B8-8481-EFD2947C0794}.Release|Mixed Platforms.Deploy.0 = Release|x86
		{3E65A010-26FD-40B8-8481-EFD2947C0794}.Release|x64.ActiveCfg = Release|x64
		{3E65A010-26FD-40B8-8481-EFD2947C0794}.Release|x64.Build.0 = Release|x64
		{3E65A010-26FD-40B8-8481-EFD2947C0794}.Release|x64.Deploy.0 = Release|x64
		{3E65A010-26FD-40B8-8481-EFD2947C0794}.Release|x86.ActiveCfg = Release|x86
		{3E65A010-26FD-40B8-8481-EFD2947C0794}.Release|x86.Build.0 = Release|x86
		{3E65A010-26FD-40B8-8481-EFD2947C0794}.Release|x86.Deploy.0 = Release|x86
	EndGlobalSection
	GlobalSection(SolutionProperties) = preSolution
		HideSolutionNode = FALSE
	EndGlobalSection
	GlobalSection(ExtensibilityGlobals) = postSolution
		SolutionGuid = {07012FAA-8452-4BE8-936B-C952D2302232}
	EndGlobalSection
EndGlobal
