
Microsoft Visual Studio Solution File, Format Version 12.00
# Visual Studio 2013
VisualStudioVersion = 12.0.30410.0
MinimumVisualStudioVersion = 10.0.40219.1
Project("{2150E333-8FDC-42A3-9474-1A3956D46DE8}") = "Libraries", "Libraries", "{9701D978-72F1-4CF6-B695-2447651A6F96}"
EndProject
Project("{2150E333-8FDC-42A3-9474-1A3956D46DE8}") = "Tests", "Tests", "{90F9B46D-96A3-4165-9513-89566E4C5682}"
EndProject
Project("{FAE04EC0-301F-11D3-BF4B-00C04F79EFBC}") = "PCLCrypto", "PCLCrypto\PCLCrypto.csproj", "{63CEC67D-3BA0-453B-99B5-07CC0DDC3E1E}"
EndProject
Project("{FAE04EC0-301F-11D3-BF4B-00C04F79EFBC}") = "PCLCrypto.Abstractions", "PCLCrypto.Abstractions\PCLCrypto.Abstractions.csproj", "{7D334182-70A1-4F0A-A6A9-96E40E731240}"
EndProject
Project("{FAE04EC0-301F-11D3-BF4B-00C04F79EFBC}") = "PCLCrypto.Desktop", "PCLCrypto.Desktop\PCLCrypto.Desktop.csproj", "{7C7E2D50-036F-4E08-B4E0-F09889501CFD}"
EndProject
Project("{FAE04EC0-301F-11D3-BF4B-00C04F79EFBC}") = "PCLCrypto.Tests", "PCLCrypto.Tests\PCLCrypto.Tests.csproj", "{4C9991D2-526E-476A-B81D-CFEC533E2F24}"
EndProject
Project("{FAE04EC0-301F-11D3-BF4B-00C04F79EFBC}") = "PCLCrypto.Tests.Desktop", "PCLCrypto.Tests.Desktop\PCLCrypto.Tests.Desktop.csproj", "{BDBCB22F-D740-4C54-9FE5-ABB6BAA92AA0}"
EndProject
Project("{2150E333-8FDC-42A3-9474-1A3956D46DE8}") = "Build", "Build", "{AD0886C4-B3A3-4EB4-A401-3C1F72CC7B31}"
	ProjectSection(SolutionItems) = preProject
		..\build.proj = ..\build.proj
		..\EnlistmentInfo.props = ..\EnlistmentInfo.props
		..\EnlistmentInfo.targets = ..\EnlistmentInfo.targets
		..\firstbuild.bat = ..\firstbuild.bat
		..\NuGet.config = ..\NuGet.config
		..\nuget\PCLCrypto.nuspec = ..\nuget\PCLCrypto.nuspec
		..\nuget\PCLCrypto.proj = ..\nuget\PCLCrypto.proj
		version.txt = version.txt
		..\tools\Versioning.targets = ..\tools\Versioning.targets
	EndProjectSection
EndProject
Project("{2150E333-8FDC-42A3-9474-1A3956D46DE8}") = ".nuget", ".nuget", "{E824D61B-ED26-4202-A9D4-3F53F2C70F7D}"
	ProjectSection(SolutionItems) = preProject
		.nuget\NuGet.Config = .nuget\NuGet.Config
		.nuget\NuGet.exe = .nuget\NuGet.exe
		.nuget\NuGet.targets = .nuget\NuGet.targets
	EndProjectSection
EndProject
Project("{FAE04EC0-301F-11D3-BF4B-00C04F79EFBC}") = "PCLCrypto.Android", "PCLCrypto.Android\PCLCrypto.Android.csproj", "{338C45B2-B125-40B6-ADDA-754B20231CD9}"
EndProject
Project("{FAE04EC0-301F-11D3-BF4B-00C04F79EFBC}") = "PCLCrypto.iOS", "PCLCrypto.iOS\PCLCrypto.iOS.csproj", "{B244682C-9C7D-4A71-9C3B-E9C1CA1ED747}"
EndProject
Project("{FAE04EC0-301F-11D3-BF4B-00C04F79EFBC}") = "PCLCrypto.WindowsPhone", "PCLCrypto.WindowsPhone\PCLCrypto.WindowsPhone.csproj", "{EF6F2D0C-B8AD-4BF2-A87B-C07BB37EF0C2}"
EndProject
Project("{FAE04EC0-301F-11D3-BF4B-00C04F79EFBC}") = "PCLCrypto.WinRT", "PCLCrypto.WinRT\PCLCrypto.WinRT.csproj", "{4879EE8F-2740-498D-B401-560F4EE66167}"
EndProject
Project("{FAE04EC0-301F-11D3-BF4B-00C04F79EFBC}") = "PCLCrypto.Silverlight", "PCLCrypto.Silverlight\PCLCrypto.Silverlight.csproj", "{D9C82A2B-E296-4902-A479-0E93F06EBDDC}"
EndProject
Project("{FAE04EC0-301F-11D3-BF4B-00C04F79EFBC}") = "PCLCrypto.Tests.WinRT", "PCLCrypto.Tests.WinRT\PCLCrypto.Tests.WinRT.csproj", "{90A54774-0083-48B4-B8A1-2FCCC24CBE86}"
EndProject
Project("{FAE04EC0-301F-11D3-BF4B-00C04F79EFBC}") = "PCLCrypto.Tests.WindowsPhone", "PCLCrypto.Tests.WindowsPhone\PCLCrypto.Tests.WindowsPhone.csproj", "{71148EB2-5513-48DF-8A30-00887E001D1F}"
EndProject
Project("{FAE04EC0-301F-11D3-BF4B-00C04F79EFBC}") = "PCLCrypto.Tests.Android", "PCLCrypto.Tests.Android\PCLCrypto.Tests.Android.csproj", "{1B396C98-0EB8-461C-8B00-0D52C262F377}"
EndProject
Project("{FAE04EC0-301F-11D3-BF4B-00C04F79EFBC}") = "PCLCrypto.Tests.Silverlight", "PCLCrypto.Tests.Silverlight\PCLCrypto.Tests.Silverlight.csproj", "{7C1F893F-C83D-481E-9466-E769C3B45FCE}"
EndProject
Project("{FAE04EC0-301F-11D3-BF4B-00C04F79EFBC}") = "PCLCrypto.Tests.iOS", "PCLCrypto.Tests.iOS\PCLCrypto.Tests.iOS.csproj", "{A6080690-BD84-454F-B1AB-091F9D0E4DCE}"
EndProject
Project("{D954291E-2A0B-460D-934E-DC6B0785DB48}") = "PCLCrypto.Shared.NetFx", "PCLCrypto.Shared.NetFx\PCLCrypto.Shared.NetFx.shproj", "{8F74D3D1-6E53-4814-B215-B4D3515DA80A}"
EndProject
Project("{D954291E-2A0B-460D-934E-DC6B0785DB48}") = "PCLCrypto.Shared.Common", "PCLCrypto.Shared.Common\PCLCrypto.Shared.Common.shproj", "{802098CC-E489-4FC0-B115-30CC967B7B38}"
EndProject
Project("{D954291E-2A0B-460D-934E-DC6B0785DB48}") = "PCLCrypto.Shared.PlatformCommon", "PCLCrypto.Shared.PlatformCommon\PCLCrypto.Shared.PlatformCommon.shproj", "{3B2D4380-8BCB-4626-8E9E-6958E0A34115}"
EndProject
Global
	GlobalSection(SharedMSBuildProjectFiles) = preSolution
		PCLCrypto.Shared.NetFx\PCLCrypto.Shared.NetFx.projitems*{7c7e2d50-036f-4e08-b4e0-f09889501cfd}*SharedItemsImports = 4
		PCLCrypto.Shared.Common\PCLCrypto.Shared.Common.projitems*{7c7e2d50-036f-4e08-b4e0-f09889501cfd}*SharedItemsImports = 4
		PCLCrypto.Shared.PlatformCommon\PCLCrypto.Shared.PlatformCommon.projitems*{7c7e2d50-036f-4e08-b4e0-f09889501cfd}*SharedItemsImports = 4
		PCLCrypto.Shared.NetFx\PCLCrypto.Shared.NetFx.projitems*{ef6f2d0c-b8ad-4bf2-a87b-c07bb37ef0c2}*SharedItemsImports = 4
		PCLCrypto.Shared.Common\PCLCrypto.Shared.Common.projitems*{ef6f2d0c-b8ad-4bf2-a87b-c07bb37ef0c2}*SharedItemsImports = 4
		PCLCrypto.Shared.PlatformCommon\PCLCrypto.Shared.PlatformCommon.projitems*{ef6f2d0c-b8ad-4bf2-a87b-c07bb37ef0c2}*SharedItemsImports = 4
		PCLCrypto.Shared.NetFx\PCLCrypto.Shared.NetFx.projitems*{b244682c-9c7d-4a71-9c3b-e9c1ca1ed747}*SharedItemsImports = 4
		PCLCrypto.Shared.Common\PCLCrypto.Shared.Common.projitems*{b244682c-9c7d-4a71-9c3b-e9c1ca1ed747}*SharedItemsImports = 4
		PCLCrypto.Shared.PlatformCommon\PCLCrypto.Shared.PlatformCommon.projitems*{b244682c-9c7d-4a71-9c3b-e9c1ca1ed747}*SharedItemsImports = 4
		PCLCrypto.Shared.PlatformCommon\PCLCrypto.Shared.PlatformCommon.projitems*{3b2d4380-8bcb-4626-8e9e-6958e0a34115}*SharedItemsImports = 13
		PCLCrypto.Shared.NetFx\PCLCrypto.Shared.NetFx.projitems*{338c45b2-b125-40b6-adda-754b20231cd9}*SharedItemsImports = 4
		PCLCrypto.Shared.Common\PCLCrypto.Shared.Common.projitems*{338c45b2-b125-40b6-adda-754b20231cd9}*SharedItemsImports = 4
		PCLCrypto.Shared.PlatformCommon\PCLCrypto.Shared.PlatformCommon.projitems*{338c45b2-b125-40b6-adda-754b20231cd9}*SharedItemsImports = 4
		PCLCrypto.Shared.NetFx\PCLCrypto.Shared.NetFx.projitems*{d9c82a2b-e296-4902-a479-0e93f06ebddc}*SharedItemsImports = 4
		PCLCrypto.Shared.Common\PCLCrypto.Shared.Common.projitems*{d9c82a2b-e296-4902-a479-0e93f06ebddc}*SharedItemsImports = 4
		PCLCrypto.Shared.PlatformCommon\PCLCrypto.Shared.PlatformCommon.projitems*{d9c82a2b-e296-4902-a479-0e93f06ebddc}*SharedItemsImports = 4
		PCLCrypto.Shared.Common\PCLCrypto.Shared.Common.projitems*{4879ee8f-2740-498d-b401-560f4ee66167}*SharedItemsImports = 4
		PCLCrypto.Shared.PlatformCommon\PCLCrypto.Shared.PlatformCommon.projitems*{4879ee8f-2740-498d-b401-560f4ee66167}*SharedItemsImports = 4
		PCLCrypto.Shared.Common\PCLCrypto.Shared.Common.projitems*{802098cc-e489-4fc0-b115-30cc967b7b38}*SharedItemsImports = 13
		PCLCrypto.Shared.NetFx\PCLCrypto.Shared.NetFx.projitems*{8f74d3d1-6e53-4814-b215-b4d3515da80a}*SharedItemsImports = 13
		PCLCrypto.Shared.Common\PCLCrypto.Shared.Common.projitems*{63cec67d-3ba0-453b-99b5-07cc0ddc3e1e}*SharedItemsImports = 4
	EndGlobalSection
	GlobalSection(SolutionConfigurationPlatforms) = preSolution
		Ad-Hoc|Any CPU = Ad-Hoc|Any CPU
		Ad-Hoc|DesktopRT = Ad-Hoc|DesktopRT
		Ad-Hoc|iPhone = Ad-Hoc|iPhone
		Ad-Hoc|iPhoneSimulator = Ad-Hoc|iPhoneSimulator
		Ad-Hoc|Mixed Platforms = Ad-Hoc|Mixed Platforms
		AppStore|Any CPU = AppStore|Any CPU
		AppStore|DesktopRT = AppStore|DesktopRT
		AppStore|iPhone = AppStore|iPhone
		AppStore|iPhoneSimulator = AppStore|iPhoneSimulator
		AppStore|Mixed Platforms = AppStore|Mixed Platforms
		Debug|Any CPU = Debug|Any CPU
		Debug|DesktopRT = Debug|DesktopRT
		Debug|iPhone = Debug|iPhone
		Debug|iPhoneSimulator = Debug|iPhoneSimulator
		Debug|Mixed Platforms = Debug|Mixed Platforms
		Release|Any CPU = Release|Any CPU
		Release|DesktopRT = Release|DesktopRT
		Release|iPhone = Release|iPhone
		Release|iPhoneSimulator = Release|iPhoneSimulator
		Release|Mixed Platforms = Release|Mixed Platforms
	EndGlobalSection
	GlobalSection(ProjectConfigurationPlatforms) = postSolution
		{63CEC67D-3BA0-453B-99B5-07CC0DDC3E1E}.Ad-Hoc|Any CPU.ActiveCfg = Release|Any CPU
		{63CEC67D-3BA0-453B-99B5-07CC0DDC3E1E}.Ad-Hoc|Any CPU.Build.0 = Release|Any CPU
		{63CEC67D-3BA0-453B-99B5-07CC0DDC3E1E}.Ad-Hoc|DesktopRT.ActiveCfg = Release|Any CPU
		{63CEC67D-3BA0-453B-99B5-07CC0DDC3E1E}.Ad-Hoc|iPhone.ActiveCfg = Release|Any CPU
		{63CEC67D-3BA0-453B-99B5-07CC0DDC3E1E}.Ad-Hoc|iPhone.Build.0 = Release|Any CPU
		{63CEC67D-3BA0-453B-99B5-07CC0DDC3E1E}.Ad-Hoc|iPhoneSimulator.ActiveCfg = Release|Any CPU
		{63CEC67D-3BA0-453B-99B5-07CC0DDC3E1E}.Ad-Hoc|iPhoneSimulator.Build.0 = Release|Any CPU
		{63CEC67D-3BA0-453B-99B5-07CC0DDC3E1E}.Ad-Hoc|Mixed Platforms.ActiveCfg = Release|Any CPU
		{63CEC67D-3BA0-453B-99B5-07CC0DDC3E1E}.Ad-Hoc|Mixed Platforms.Build.0 = Release|Any CPU
		{63CEC67D-3BA0-453B-99B5-07CC0DDC3E1E}.AppStore|Any CPU.ActiveCfg = Release|Any CPU
		{63CEC67D-3BA0-453B-99B5-07CC0DDC3E1E}.AppStore|Any CPU.Build.0 = Release|Any CPU
		{63CEC67D-3BA0-453B-99B5-07CC0DDC3E1E}.AppStore|DesktopRT.ActiveCfg = Release|Any CPU
		{63CEC67D-3BA0-453B-99B5-07CC0DDC3E1E}.AppStore|iPhone.ActiveCfg = Release|Any CPU
		{63CEC67D-3BA0-453B-99B5-07CC0DDC3E1E}.AppStore|iPhone.Build.0 = Release|Any CPU
		{63CEC67D-3BA0-453B-99B5-07CC0DDC3E1E}.AppStore|iPhoneSimulator.ActiveCfg = Release|Any CPU
		{63CEC67D-3BA0-453B-99B5-07CC0DDC3E1E}.AppStore|iPhoneSimulator.Build.0 = Release|Any CPU
		{63CEC67D-3BA0-453B-99B5-07CC0DDC3E1E}.AppStore|Mixed Platforms.ActiveCfg = Release|Any CPU
		{63CEC67D-3BA0-453B-99B5-07CC0DDC3E1E}.AppStore|Mixed Platforms.Build.0 = Release|Any CPU
		{63CEC67D-3BA0-453B-99B5-07CC0DDC3E1E}.Debug|Any CPU.ActiveCfg = Debug|Any CPU
		{63CEC67D-3BA0-453B-99B5-07CC0DDC3E1E}.Debug|Any CPU.Build.0 = Debug|Any CPU
		{63CEC67D-3BA0-453B-99B5-07CC0DDC3E1E}.Debug|DesktopRT.ActiveCfg = Debug|Any CPU
		{63CEC67D-3BA0-453B-99B5-07CC0DDC3E1E}.Debug|DesktopRT.Build.0 = Debug|Any CPU
		{63CEC67D-3BA0-453B-99B5-07CC0DDC3E1E}.Debug|iPhone.ActiveCfg = Debug|Any CPU
		{63CEC67D-3BA0-453B-99B5-07CC0DDC3E1E}.Debug|iPhone.Build.0 = Debug|Any CPU
		{63CEC67D-3BA0-453B-99B5-07CC0DDC3E1E}.Debug|iPhoneSimulator.ActiveCfg = Debug|Any CPU
		{63CEC67D-3BA0-453B-99B5-07CC0DDC3E1E}.Debug|iPhoneSimulator.Build.0 = Debug|Any CPU
		{63CEC67D-3BA0-453B-99B5-07CC0DDC3E1E}.Debug|Mixed Platforms.ActiveCfg = Debug|Any CPU
		{63CEC67D-3BA0-453B-99B5-07CC0DDC3E1E}.Debug|Mixed Platforms.Build.0 = Debug|Any CPU
		{63CEC67D-3BA0-453B-99B5-07CC0DDC3E1E}.Release|Any CPU.ActiveCfg = Release|Any CPU
		{63CEC67D-3BA0-453B-99B5-07CC0DDC3E1E}.Release|Any CPU.Build.0 = Release|Any CPU
		{63CEC67D-3BA0-453B-99B5-07CC0DDC3E1E}.Release|DesktopRT.ActiveCfg = Release|Any CPU
		{63CEC67D-3BA0-453B-99B5-07CC0DDC3E1E}.Release|DesktopRT.Build.0 = Release|Any CPU
		{63CEC67D-3BA0-453B-99B5-07CC0DDC3E1E}.Release|iPhone.ActiveCfg = Release|Any CPU
		{63CEC67D-3BA0-453B-99B5-07CC0DDC3E1E}.Release|iPhone.Build.0 = Release|Any CPU
		{63CEC67D-3BA0-453B-99B5-07CC0DDC3E1E}.Release|iPhoneSimulator.ActiveCfg = Release|Any CPU
		{63CEC67D-3BA0-453B-99B5-07CC0DDC3E1E}.Release|iPhoneSimulator.Build.0 = Release|Any CPU
		{63CEC67D-3BA0-453B-99B5-07CC0DDC3E1E}.Release|Mixed Platforms.ActiveCfg = Release|Any CPU
		{63CEC67D-3BA0-453B-99B5-07CC0DDC3E1E}.Release|Mixed Platforms.Build.0 = Release|Any CPU
		{7D334182-70A1-4F0A-A6A9-96E40E731240}.Ad-Hoc|Any CPU.ActiveCfg = Release|Any CPU
		{7D334182-70A1-4F0A-A6A9-96E40E731240}.Ad-Hoc|Any CPU.Build.0 = Release|Any CPU
		{7D334182-70A1-4F0A-A6A9-96E40E731240}.Ad-Hoc|DesktopRT.ActiveCfg = Release|Any CPU
		{7D334182-70A1-4F0A-A6A9-96E40E731240}.Ad-Hoc|iPhone.ActiveCfg = Release|Any CPU
		{7D334182-70A1-4F0A-A6A9-96E40E731240}.Ad-Hoc|iPhone.Build.0 = Release|Any CPU
		{7D334182-70A1-4F0A-A6A9-96E40E731240}.Ad-Hoc|iPhoneSimulator.ActiveCfg = Release|Any CPU
		{7D334182-70A1-4F0A-A6A9-96E40E731240}.Ad-Hoc|iPhoneSimulator.Build.0 = Release|Any CPU
		{7D334182-70A1-4F0A-A6A9-96E40E731240}.Ad-Hoc|Mixed Platforms.ActiveCfg = Release|Any CPU
		{7D334182-70A1-4F0A-A6A9-96E40E731240}.Ad-Hoc|Mixed Platforms.Build.0 = Release|Any CPU
		{7D334182-70A1-4F0A-A6A9-96E40E731240}.AppStore|Any CPU.ActiveCfg = Release|Any CPU
		{7D334182-70A1-4F0A-A6A9-96E40E731240}.AppStore|Any CPU.Build.0 = Release|Any CPU
		{7D334182-70A1-4F0A-A6A9-96E40E731240}.AppStore|DesktopRT.ActiveCfg = Release|Any CPU
		{7D334182-70A1-4F0A-A6A9-96E40E731240}.AppStore|iPhone.ActiveCfg = Release|Any CPU
		{7D334182-70A1-4F0A-A6A9-96E40E731240}.AppStore|iPhone.Build.0 = Release|Any CPU
		{7D334182-70A1-4F0A-A6A9-96E40E731240}.AppStore|iPhoneSimulator.ActiveCfg = Release|Any CPU
		{7D334182-70A1-4F0A-A6A9-96E40E731240}.AppStore|iPhoneSimulator.Build.0 = Release|Any CPU
		{7D334182-70A1-4F0A-A6A9-96E40E731240}.AppStore|Mixed Platforms.ActiveCfg = Release|Any CPU
		{7D334182-70A1-4F0A-A6A9-96E40E731240}.AppStore|Mixed Platforms.Build.0 = Release|Any CPU
		{7D334182-70A1-4F0A-A6A9-96E40E731240}.Debug|Any CPU.ActiveCfg = Debug|Any CPU
		{7D334182-70A1-4F0A-A6A9-96E40E731240}.Debug|Any CPU.Build.0 = Debug|Any CPU
		{7D334182-70A1-4F0A-A6A9-96E40E731240}.Debug|DesktopRT.ActiveCfg = Debug|Any CPU
		{7D334182-70A1-4F0A-A6A9-96E40E731240}.Debug|DesktopRT.Build.0 = Debug|Any CPU
		{7D334182-70A1-4F0A-A6A9-96E40E731240}.Debug|iPhone.ActiveCfg = Debug|Any CPU
		{7D334182-70A1-4F0A-A6A9-96E40E731240}.Debug|iPhone.Build.0 = Debug|Any CPU
		{7D334182-70A1-4F0A-A6A9-96E40E731240}.Debug|iPhoneSimulator.ActiveCfg = Debug|Any CPU
		{7D334182-70A1-4F0A-A6A9-96E40E731240}.Debug|iPhoneSimulator.Build.0 = Debug|Any CPU
		{7D334182-70A1-4F0A-A6A9-96E40E731240}.Debug|Mixed Platforms.ActiveCfg = Debug|Any CPU
		{7D334182-70A1-4F0A-A6A9-96E40E731240}.Debug|Mixed Platforms.Build.0 = Debug|Any CPU
		{7D334182-70A1-4F0A-A6A9-96E40E731240}.Release|Any CPU.ActiveCfg = Release|Any CPU
		{7D334182-70A1-4F0A-A6A9-96E40E731240}.Release|Any CPU.Build.0 = Release|Any CPU
		{7D334182-70A1-4F0A-A6A9-96E40E731240}.Release|DesktopRT.ActiveCfg = Release|Any CPU
		{7D334182-70A1-4F0A-A6A9-96E40E731240}.Release|DesktopRT.Build.0 = Release|Any CPU
		{7D334182-70A1-4F0A-A6A9-96E40E731240}.Release|iPhone.ActiveCfg = Release|Any CPU
		{7D334182-70A1-4F0A-A6A9-96E40E731240}.Release|iPhone.Build.0 = Release|Any CPU
		{7D334182-70A1-4F0A-A6A9-96E40E731240}.Release|iPhoneSimulator.ActiveCfg = Release|Any CPU
		{7D334182-70A1-4F0A-A6A9-96E40E731240}.Release|iPhoneSimulator.Build.0 = Release|Any CPU
		{7D334182-70A1-4F0A-A6A9-96E40E731240}.Release|Mixed Platforms.ActiveCfg = Release|Any CPU
		{7D334182-70A1-4F0A-A6A9-96E40E731240}.Release|Mixed Platforms.Build.0 = Release|Any CPU
		{7C7E2D50-036F-4E08-B4E0-F09889501CFD}.Ad-Hoc|Any CPU.ActiveCfg = Release|Any CPU
		{7C7E2D50-036F-4E08-B4E0-F09889501CFD}.Ad-Hoc|Any CPU.Build.0 = Release|Any CPU
		{7C7E2D50-036F-4E08-B4E0-F09889501CFD}.Ad-Hoc|DesktopRT.ActiveCfg = Release|Any CPU
		{7C7E2D50-036F-4E08-B4E0-F09889501CFD}.Ad-Hoc|iPhone.ActiveCfg = Release|Any CPU
		{7C7E2D50-036F-4E08-B4E0-F09889501CFD}.Ad-Hoc|iPhoneSimulator.ActiveCfg = Release|Any CPU
		{7C7E2D50-036F-4E08-B4E0-F09889501CFD}.Ad-Hoc|Mixed Platforms.ActiveCfg = Release|Any CPU
		{7C7E2D50-036F-4E08-B4E0-F09889501CFD}.Ad-Hoc|Mixed Platforms.Build.0 = Release|Any CPU
		{7C7E2D50-036F-4E08-B4E0-F09889501CFD}.AppStore|Any CPU.ActiveCfg = Release|Any CPU
		{7C7E2D50-036F-4E08-B4E0-F09889501CFD}.AppStore|Any CPU.Build.0 = Release|Any CPU
		{7C7E2D50-036F-4E08-B4E0-F09889501CFD}.AppStore|DesktopRT.ActiveCfg = Release|Any CPU
		{7C7E2D50-036F-4E08-B4E0-F09889501CFD}.AppStore|iPhone.ActiveCfg = Release|Any CPU
		{7C7E2D50-036F-4E08-B4E0-F09889501CFD}.AppStore|iPhoneSimulator.ActiveCfg = Release|Any CPU
		{7C7E2D50-036F-4E08-B4E0-F09889501CFD}.AppStore|Mixed Platforms.ActiveCfg = Release|Any CPU
		{7C7E2D50-036F-4E08-B4E0-F09889501CFD}.AppStore|Mixed Platforms.Build.0 = Release|Any CPU
		{7C7E2D50-036F-4E08-B4E0-F09889501CFD}.Debug|Any CPU.ActiveCfg = Debug|Any CPU
		{7C7E2D50-036F-4E08-B4E0-F09889501CFD}.Debug|Any CPU.Build.0 = Debug|Any CPU
		{7C7E2D50-036F-4E08-B4E0-F09889501CFD}.Debug|DesktopRT.ActiveCfg = Debug|Any CPU
		{7C7E2D50-036F-4E08-B4E0-F09889501CFD}.Debug|DesktopRT.Build.0 = Debug|Any CPU
		{7C7E2D50-036F-4E08-B4E0-F09889501CFD}.Debug|iPhone.ActiveCfg = Debug|Any CPU
		{7C7E2D50-036F-4E08-B4E0-F09889501CFD}.Debug|iPhoneSimulator.ActiveCfg = Debug|Any CPU
		{7C7E2D50-036F-4E08-B4E0-F09889501CFD}.Debug|Mixed Platforms.ActiveCfg = Debug|Any CPU
		{7C7E2D50-036F-4E08-B4E0-F09889501CFD}.Debug|Mixed Platforms.Build.0 = Debug|Any CPU
		{7C7E2D50-036F-4E08-B4E0-F09889501CFD}.Release|Any CPU.ActiveCfg = Release|Any CPU
		{7C7E2D50-036F-4E08-B4E0-F09889501CFD}.Release|Any CPU.Build.0 = Release|Any CPU
		{7C7E2D50-036F-4E08-B4E0-F09889501CFD}.Release|DesktopRT.ActiveCfg = Release|Any CPU
		{7C7E2D50-036F-4E08-B4E0-F09889501CFD}.Release|DesktopRT.Build.0 = Release|Any CPU
		{7C7E2D50-036F-4E08-B4E0-F09889501CFD}.Release|iPhone.ActiveCfg = Release|Any CPU
		{7C7E2D50-036F-4E08-B4E0-F09889501CFD}.Release|iPhoneSimulator.ActiveCfg = Release|Any CPU
		{7C7E2D50-036F-4E08-B4E0-F09889501CFD}.Release|Mixed Platforms.ActiveCfg = Release|Any CPU
		{7C7E2D50-036F-4E08-B4E0-F09889501CFD}.Release|Mixed Platforms.Build.0 = Release|Any CPU
		{4C9991D2-526E-476A-B81D-CFEC533E2F24}.Ad-Hoc|Any CPU.ActiveCfg = Release|Any CPU
		{4C9991D2-526E-476A-B81D-CFEC533E2F24}.Ad-Hoc|Any CPU.Build.0 = Release|Any CPU
		{4C9991D2-526E-476A-B81D-CFEC533E2F24}.Ad-Hoc|DesktopRT.ActiveCfg = Release|Any CPU
		{4C9991D2-526E-476A-B81D-CFEC533E2F24}.Ad-Hoc|iPhone.ActiveCfg = Release|Any CPU
		{4C9991D2-526E-476A-B81D-CFEC533E2F24}.Ad-Hoc|iPhone.Build.0 = Release|Any CPU
		{4C9991D2-526E-476A-B81D-CFEC533E2F24}.Ad-Hoc|iPhoneSimulator.ActiveCfg = Release|Any CPU
		{4C9991D2-526E-476A-B81D-CFEC533E2F24}.Ad-Hoc|iPhoneSimulator.Build.0 = Release|Any CPU
		{4C9991D2-526E-476A-B81D-CFEC533E2F24}.Ad-Hoc|Mixed Platforms.ActiveCfg = Release|Any CPU
		{4C9991D2-526E-476A-B81D-CFEC533E2F24}.Ad-Hoc|Mixed Platforms.Build.0 = Release|Any CPU
		{4C9991D2-526E-476A-B81D-CFEC533E2F24}.AppStore|Any CPU.ActiveCfg = Release|Any CPU
		{4C9991D2-526E-476A-B81D-CFEC533E2F24}.AppStore|Any CPU.Build.0 = Release|Any CPU
		{4C9991D2-526E-476A-B81D-CFEC533E2F24}.AppStore|DesktopRT.ActiveCfg = Release|Any CPU
		{4C9991D2-526E-476A-B81D-CFEC533E2F24}.AppStore|iPhone.ActiveCfg = Release|Any CPU
		{4C9991D2-526E-476A-B81D-CFEC533E2F24}.AppStore|iPhone.Build.0 = Release|Any CPU
		{4C9991D2-526E-476A-B81D-CFEC533E2F24}.AppStore|iPhoneSimulator.ActiveCfg = Release|Any CPU
		{4C9991D2-526E-476A-B81D-CFEC533E2F24}.AppStore|iPhoneSimulator.Build.0 = Release|Any CPU
		{4C9991D2-526E-476A-B81D-CFEC533E2F24}.AppStore|Mixed Platforms.ActiveCfg = Release|Any CPU
		{4C9991D2-526E-476A-B81D-CFEC533E2F24}.AppStore|Mixed Platforms.Build.0 = Release|Any CPU
		{4C9991D2-526E-476A-B81D-CFEC533E2F24}.Debug|Any CPU.ActiveCfg = Debug|Any CPU
		{4C9991D2-526E-476A-B81D-CFEC533E2F24}.Debug|Any CPU.Build.0 = Debug|Any CPU
		{4C9991D2-526E-476A-B81D-CFEC533E2F24}.Debug|DesktopRT.ActiveCfg = Debug|Any CPU
		{4C9991D2-526E-476A-B81D-CFEC533E2F24}.Debug|iPhone.ActiveCfg = Debug|Any CPU
		{4C9991D2-526E-476A-B81D-CFEC533E2F24}.Debug|iPhone.Build.0 = Debug|Any CPU
		{4C9991D2-526E-476A-B81D-CFEC533E2F24}.Debug|iPhoneSimulator.ActiveCfg = Debug|Any CPU
		{4C9991D2-526E-476A-B81D-CFEC533E2F24}.Debug|iPhoneSimulator.Build.0 = Debug|Any CPU
		{4C9991D2-526E-476A-B81D-CFEC533E2F24}.Debug|Mixed Platforms.ActiveCfg = Debug|Any CPU
		{4C9991D2-526E-476A-B81D-CFEC533E2F24}.Debug|Mixed Platforms.Build.0 = Debug|Any CPU
		{4C9991D2-526E-476A-B81D-CFEC533E2F24}.Release|Any CPU.ActiveCfg = Release|Any CPU
		{4C9991D2-526E-476A-B81D-CFEC533E2F24}.Release|Any CPU.Build.0 = Release|Any CPU
		{4C9991D2-526E-476A-B81D-CFEC533E2F24}.Release|DesktopRT.ActiveCfg = Release|Any CPU
		{4C9991D2-526E-476A-B81D-CFEC533E2F24}.Release|DesktopRT.Build.0 = Release|Any CPU
		{4C9991D2-526E-476A-B81D-CFEC533E2F24}.Release|iPhone.ActiveCfg = Release|Any CPU
		{4C9991D2-526E-476A-B81D-CFEC533E2F24}.Release|iPhone.Build.0 = Release|Any CPU
		{4C9991D2-526E-476A-B81D-CFEC533E2F24}.Release|iPhoneSimulator.ActiveCfg = Release|Any CPU
		{4C9991D2-526E-476A-B81D-CFEC533E2F24}.Release|iPhoneSimulator.Build.0 = Release|Any CPU
		{4C9991D2-526E-476A-B81D-CFEC533E2F24}.Release|Mixed Platforms.ActiveCfg = Release|Any CPU
		{4C9991D2-526E-476A-B81D-CFEC533E2F24}.Release|Mixed Platforms.Build.0 = Release|Any CPU
		{BDBCB22F-D740-4C54-9FE5-ABB6BAA92AA0}.Ad-Hoc|Any CPU.ActiveCfg = Release|Any CPU
		{BDBCB22F-D740-4C54-9FE5-ABB6BAA92AA0}.Ad-Hoc|Any CPU.Build.0 = Release|Any CPU
		{BDBCB22F-D740-4C54-9FE5-ABB6BAA92AA0}.Ad-Hoc|DesktopRT.ActiveCfg = Release|Any CPU
		{BDBCB22F-D740-4C54-9FE5-ABB6BAA92AA0}.Ad-Hoc|iPhone.ActiveCfg = Release|Any CPU
		{BDBCB22F-D740-4C54-9FE5-ABB6BAA92AA0}.Ad-Hoc|iPhoneSimulator.ActiveCfg = Release|Any CPU
		{BDBCB22F-D740-4C54-9FE5-ABB6BAA92AA0}.Ad-Hoc|Mixed Platforms.ActiveCfg = Release|Any CPU
		{BDBCB22F-D740-4C54-9FE5-ABB6BAA92AA0}.Ad-Hoc|Mixed Platforms.Build.0 = Release|Any CPU
		{BDBCB22F-D740-4C54-9FE5-ABB6BAA92AA0}.AppStore|Any CPU.ActiveCfg = Release|Any CPU
		{BDBCB22F-D740-4C54-9FE5-ABB6BAA92AA0}.AppStore|Any CPU.Build.0 = Release|Any CPU
		{BDBCB22F-D740-4C54-9FE5-ABB6BAA92AA0}.AppStore|DesktopRT.ActiveCfg = Release|Any CPU
		{BDBCB22F-D740-4C54-9FE5-ABB6BAA92AA0}.AppStore|iPhone.ActiveCfg = Release|Any CPU
		{BDBCB22F-D740-4C54-9FE5-ABB6BAA92AA0}.AppStore|iPhoneSimulator.ActiveCfg = Release|Any CPU
		{BDBCB22F-D740-4C54-9FE5-ABB6BAA92AA0}.AppStore|Mixed Platforms.ActiveCfg = Release|Any CPU
		{BDBCB22F-D740-4C54-9FE5-ABB6BAA92AA0}.AppStore|Mixed Platforms.Build.0 = Release|Any CPU
		{BDBCB22F-D740-4C54-9FE5-ABB6BAA92AA0}.Debug|Any CPU.ActiveCfg = Debug|Any CPU
		{BDBCB22F-D740-4C54-9FE5-ABB6BAA92AA0}.Debug|Any CPU.Build.0 = Debug|Any CPU
		{BDBCB22F-D740-4C54-9FE5-ABB6BAA92AA0}.Debug|DesktopRT.ActiveCfg = Debug|Any CPU
		{BDBCB22F-D740-4C54-9FE5-ABB6BAA92AA0}.Debug|DesktopRT.Build.0 = Debug|Any CPU
		{BDBCB22F-D740-4C54-9FE5-ABB6BAA92AA0}.Debug|iPhone.ActiveCfg = Debug|Any CPU
		{BDBCB22F-D740-4C54-9FE5-ABB6BAA92AA0}.Debug|iPhoneSimulator.ActiveCfg = Debug|Any CPU
		{BDBCB22F-D740-4C54-9FE5-ABB6BAA92AA0}.Debug|Mixed Platforms.ActiveCfg = Debug|Any CPU
		{BDBCB22F-D740-4C54-9FE5-ABB6BAA92AA0}.Debug|Mixed Platforms.Build.0 = Debug|Any CPU
		{BDBCB22F-D740-4C54-9FE5-ABB6BAA92AA0}.Release|Any CPU.ActiveCfg = Release|Any CPU
		{BDBCB22F-D740-4C54-9FE5-ABB6BAA92AA0}.Release|Any CPU.Build.0 = Release|Any CPU
		{BDBCB22F-D740-4C54-9FE5-ABB6BAA92AA0}.Release|DesktopRT.ActiveCfg = Release|Any CPU
		{BDBCB22F-D740-4C54-9FE5-ABB6BAA92AA0}.Release|DesktopRT.Build.0 = Release|Any CPU
		{BDBCB22F-D740-4C54-9FE5-ABB6BAA92AA0}.Release|iPhone.ActiveCfg = Release|Any CPU
		{BDBCB22F-D740-4C54-9FE5-ABB6BAA92AA0}.Release|iPhoneSimulator.ActiveCfg = Release|Any CPU
		{BDBCB22F-D740-4C54-9FE5-ABB6BAA92AA0}.Release|Mixed Platforms.ActiveCfg = Release|Any CPU
		{BDBCB22F-D740-4C54-9FE5-ABB6BAA92AA0}.Release|Mixed Platforms.Build.0 = Release|Any CPU
		{338C45B2-B125-40B6-ADDA-754B20231CD9}.Ad-Hoc|Any CPU.ActiveCfg = Release|Any CPU
		{338C45B2-B125-40B6-ADDA-754B20231CD9}.Ad-Hoc|Any CPU.Build.0 = Release|Any CPU
		{338C45B2-B125-40B6-ADDA-754B20231CD9}.Ad-Hoc|DesktopRT.ActiveCfg = Release|Any CPU
		{338C45B2-B125-40B6-ADDA-754B20231CD9}.Ad-Hoc|iPhone.ActiveCfg = Release|Any CPU
		{338C45B2-B125-40B6-ADDA-754B20231CD9}.Ad-Hoc|iPhoneSimulator.ActiveCfg = Release|Any CPU
		{338C45B2-B125-40B6-ADDA-754B20231CD9}.Ad-Hoc|Mixed Platforms.ActiveCfg = Release|Any CPU
		{338C45B2-B125-40B6-ADDA-754B20231CD9}.Ad-Hoc|Mixed Platforms.Build.0 = Release|Any CPU
		{338C45B2-B125-40B6-ADDA-754B20231CD9}.AppStore|Any CPU.ActiveCfg = Release|Any CPU
		{338C45B2-B125-40B6-ADDA-754B20231CD9}.AppStore|Any CPU.Build.0 = Release|Any CPU
		{338C45B2-B125-40B6-ADDA-754B20231CD9}.AppStore|DesktopRT.ActiveCfg = Release|Any CPU
		{338C45B2-B125-40B6-ADDA-754B20231CD9}.AppStore|iPhone.ActiveCfg = Release|Any CPU
		{338C45B2-B125-40B6-ADDA-754B20231CD9}.AppStore|iPhoneSimulator.ActiveCfg = Release|Any CPU
		{338C45B2-B125-40B6-ADDA-754B20231CD9}.AppStore|Mixed Platforms.ActiveCfg = Release|Any CPU
		{338C45B2-B125-40B6-ADDA-754B20231CD9}.AppStore|Mixed Platforms.Build.0 = Release|Any CPU
		{338C45B2-B125-40B6-ADDA-754B20231CD9}.Debug|Any CPU.ActiveCfg = Debug|Any CPU
		{338C45B2-B125-40B6-ADDA-754B20231CD9}.Debug|Any CPU.Build.0 = Debug|Any CPU
		{338C45B2-B125-40B6-ADDA-754B20231CD9}.Debug|DesktopRT.ActiveCfg = Debug|Any CPU
		{338C45B2-B125-40B6-ADDA-754B20231CD9}.Debug|iPhone.ActiveCfg = Debug|Any CPU
		{338C45B2-B125-40B6-ADDA-754B20231CD9}.Debug|iPhoneSimulator.ActiveCfg = Debug|Any CPU
		{338C45B2-B125-40B6-ADDA-754B20231CD9}.Debug|Mixed Platforms.ActiveCfg = Debug|Any CPU
		{338C45B2-B125-40B6-ADDA-754B20231CD9}.Debug|Mixed Platforms.Build.0 = Debug|Any CPU
		{338C45B2-B125-40B6-ADDA-754B20231CD9}.Release|Any CPU.ActiveCfg = Release|Any CPU
		{338C45B2-B125-40B6-ADDA-754B20231CD9}.Release|Any CPU.Build.0 = Release|Any CPU
		{338C45B2-B125-40B6-ADDA-754B20231CD9}.Release|DesktopRT.ActiveCfg = Release|Any CPU
		{338C45B2-B125-40B6-ADDA-754B20231CD9}.Release|DesktopRT.Build.0 = Release|Any CPU
		{338C45B2-B125-40B6-ADDA-754B20231CD9}.Release|iPhone.ActiveCfg = Release|Any CPU
		{338C45B2-B125-40B6-ADDA-754B20231CD9}.Release|iPhoneSimulator.ActiveCfg = Release|Any CPU
		{338C45B2-B125-40B6-ADDA-754B20231CD9}.Release|Mixed Platforms.ActiveCfg = Release|Any CPU
		{338C45B2-B125-40B6-ADDA-754B20231CD9}.Release|Mixed Platforms.Build.0 = Release|Any CPU
		{B244682C-9C7D-4A71-9C3B-E9C1CA1ED747}.Ad-Hoc|Any CPU.ActiveCfg = Release|Any CPU
		{B244682C-9C7D-4A71-9C3B-E9C1CA1ED747}.Ad-Hoc|Any CPU.Build.0 = Release|Any CPU
		{B244682C-9C7D-4A71-9C3B-E9C1CA1ED747}.Ad-Hoc|DesktopRT.ActiveCfg = Release|Any CPU
		{B244682C-9C7D-4A71-9C3B-E9C1CA1ED747}.Ad-Hoc|iPhone.ActiveCfg = Release|Any CPU
		{B244682C-9C7D-4A71-9C3B-E9C1CA1ED747}.Ad-Hoc|iPhone.Build.0 = Release|Any CPU
		{B244682C-9C7D-4A71-9C3B-E9C1CA1ED747}.Ad-Hoc|iPhoneSimulator.ActiveCfg = Release|Any CPU
		{B244682C-9C7D-4A71-9C3B-E9C1CA1ED747}.Ad-Hoc|iPhoneSimulator.Build.0 = Release|Any CPU
		{B244682C-9C7D-4A71-9C3B-E9C1CA1ED747}.Ad-Hoc|Mixed Platforms.ActiveCfg = Release|Any CPU
		{B244682C-9C7D-4A71-9C3B-E9C1CA1ED747}.Ad-Hoc|Mixed Platforms.Build.0 = Release|Any CPU
		{B244682C-9C7D-4A71-9C3B-E9C1CA1ED747}.AppStore|Any CPU.ActiveCfg = Release|Any CPU
		{B244682C-9C7D-4A71-9C3B-E9C1CA1ED747}.AppStore|Any CPU.Build.0 = Release|Any CPU
		{B244682C-9C7D-4A71-9C3B-E9C1CA1ED747}.AppStore|DesktopRT.ActiveCfg = Release|Any CPU
		{B244682C-9C7D-4A71-9C3B-E9C1CA1ED747}.AppStore|iPhone.ActiveCfg = Release|Any CPU
		{B244682C-9C7D-4A71-9C3B-E9C1CA1ED747}.AppStore|iPhone.Build.0 = Release|Any CPU
		{B244682C-9C7D-4A71-9C3B-E9C1CA1ED747}.AppStore|iPhoneSimulator.ActiveCfg = Release|Any CPU
		{B244682C-9C7D-4A71-9C3B-E9C1CA1ED747}.AppStore|iPhoneSimulator.Build.0 = Release|Any CPU
		{B244682C-9C7D-4A71-9C3B-E9C1CA1ED747}.AppStore|Mixed Platforms.ActiveCfg = Release|Any CPU
		{B244682C-9C7D-4A71-9C3B-E9C1CA1ED747}.AppStore|Mixed Platforms.Build.0 = Release|Any CPU
		{B244682C-9C7D-4A71-9C3B-E9C1CA1ED747}.Debug|Any CPU.ActiveCfg = Debug|Any CPU
		{B244682C-9C7D-4A71-9C3B-E9C1CA1ED747}.Debug|Any CPU.Build.0 = Debug|Any CPU
		{B244682C-9C7D-4A71-9C3B-E9C1CA1ED747}.Debug|DesktopRT.ActiveCfg = Debug|Any CPU
		{B244682C-9C7D-4A71-9C3B-E9C1CA1ED747}.Debug|iPhone.ActiveCfg = Debug|Any CPU
		{B244682C-9C7D-4A71-9C3B-E9C1CA1ED747}.Debug|iPhone.Build.0 = Debug|Any CPU
		{B244682C-9C7D-4A71-9C3B-E9C1CA1ED747}.Debug|iPhoneSimulator.ActiveCfg = Debug|Any CPU
		{B244682C-9C7D-4A71-9C3B-E9C1CA1ED747}.Debug|iPhoneSimulator.Build.0 = Debug|Any CPU
		{B244682C-9C7D-4A71-9C3B-E9C1CA1ED747}.Debug|Mixed Platforms.ActiveCfg = Debug|Any CPU
		{B244682C-9C7D-4A71-9C3B-E9C1CA1ED747}.Debug|Mixed Platforms.Build.0 = Debug|Any CPU
		{B244682C-9C7D-4A71-9C3B-E9C1CA1ED747}.Release|Any CPU.ActiveCfg = Release|Any CPU
		{B244682C-9C7D-4A71-9C3B-E9C1CA1ED747}.Release|Any CPU.Build.0 = Release|Any CPU
		{B244682C-9C7D-4A71-9C3B-E9C1CA1ED747}.Release|DesktopRT.ActiveCfg = Release|Any CPU
		{B244682C-9C7D-4A71-9C3B-E9C1CA1ED747}.Release|DesktopRT.Build.0 = Release|Any CPU
		{B244682C-9C7D-4A71-9C3B-E9C1CA1ED747}.Release|iPhone.ActiveCfg = Release|Any CPU
		{B244682C-9C7D-4A71-9C3B-E9C1CA1ED747}.Release|iPhone.Build.0 = Release|Any CPU
		{B244682C-9C7D-4A71-9C3B-E9C1CA1ED747}.Release|iPhoneSimulator.ActiveCfg = Release|Any CPU
		{B244682C-9C7D-4A71-9C3B-E9C1CA1ED747}.Release|iPhoneSimulator.Build.0 = Release|Any CPU
		{B244682C-9C7D-4A71-9C3B-E9C1CA1ED747}.Release|Mixed Platforms.ActiveCfg = Release|Any CPU
		{B244682C-9C7D-4A71-9C3B-E9C1CA1ED747}.Release|Mixed Platforms.Build.0 = Release|Any CPU
		{EF6F2D0C-B8AD-4BF2-A87B-C07BB37EF0C2}.Ad-Hoc|Any CPU.ActiveCfg = Release|Any CPU
		{EF6F2D0C-B8AD-4BF2-A87B-C07BB37EF0C2}.Ad-Hoc|Any CPU.Build.0 = Release|Any CPU
		{EF6F2D0C-B8AD-4BF2-A87B-C07BB37EF0C2}.Ad-Hoc|DesktopRT.ActiveCfg = Release|Any CPU
		{EF6F2D0C-B8AD-4BF2-A87B-C07BB37EF0C2}.Ad-Hoc|iPhone.ActiveCfg = Release|Any CPU
		{EF6F2D0C-B8AD-4BF2-A87B-C07BB37EF0C2}.Ad-Hoc|iPhoneSimulator.ActiveCfg = Release|Any CPU
		{EF6F2D0C-B8AD-4BF2-A87B-C07BB37EF0C2}.Ad-Hoc|Mixed Platforms.ActiveCfg = Debug|x86
		{EF6F2D0C-B8AD-4BF2-A87B-C07BB37EF0C2}.Ad-Hoc|Mixed Platforms.Build.0 = Debug|x86
		{EF6F2D0C-B8AD-4BF2-A87B-C07BB37EF0C2}.AppStore|Any CPU.ActiveCfg = Release|Any CPU
		{EF6F2D0C-B8AD-4BF2-A87B-C07BB37EF0C2}.AppStore|Any CPU.Build.0 = Release|Any CPU
		{EF6F2D0C-B8AD-4BF2-A87B-C07BB37EF0C2}.AppStore|DesktopRT.ActiveCfg = Release|Any CPU
		{EF6F2D0C-B8AD-4BF2-A87B-C07BB37EF0C2}.AppStore|iPhone.ActiveCfg = Release|Any CPU
		{EF6F2D0C-B8AD-4BF2-A87B-C07BB37EF0C2}.AppStore|iPhoneSimulator.ActiveCfg = Release|Any CPU
		{EF6F2D0C-B8AD-4BF2-A87B-C07BB37EF0C2}.AppStore|Mixed Platforms.ActiveCfg = Debug|x86
		{EF6F2D0C-B8AD-4BF2-A87B-C07BB37EF0C2}.AppStore|Mixed Platforms.Build.0 = Debug|x86
		{EF6F2D0C-B8AD-4BF2-A87B-C07BB37EF0C2}.Debug|Any CPU.ActiveCfg = Debug|Any CPU
		{EF6F2D0C-B8AD-4BF2-A87B-C07BB37EF0C2}.Debug|Any CPU.Build.0 = Debug|Any CPU
		{EF6F2D0C-B8AD-4BF2-A87B-C07BB37EF0C2}.Debug|DesktopRT.ActiveCfg = Debug|Any CPU
		{EF6F2D0C-B8AD-4BF2-A87B-C07BB37EF0C2}.Debug|iPhone.ActiveCfg = Debug|Any CPU
		{EF6F2D0C-B8AD-4BF2-A87B-C07BB37EF0C2}.Debug|iPhoneSimulator.ActiveCfg = Debug|Any CPU
		{EF6F2D0C-B8AD-4BF2-A87B-C07BB37EF0C2}.Debug|Mixed Platforms.ActiveCfg = Debug|x86
		{EF6F2D0C-B8AD-4BF2-A87B-C07BB37EF0C2}.Debug|Mixed Platforms.Build.0 = Debug|x86
		{EF6F2D0C-B8AD-4BF2-A87B-C07BB37EF0C2}.Release|Any CPU.ActiveCfg = Release|Any CPU
		{EF6F2D0C-B8AD-4BF2-A87B-C07BB37EF0C2}.Release|Any CPU.Build.0 = Release|Any CPU
		{EF6F2D0C-B8AD-4BF2-A87B-C07BB37EF0C2}.Release|DesktopRT.ActiveCfg = Release|Any CPU
		{EF6F2D0C-B8AD-4BF2-A87B-C07BB37EF0C2}.Release|DesktopRT.Build.0 = Release|Any CPU
		{EF6F2D0C-B8AD-4BF2-A87B-C07BB37EF0C2}.Release|iPhone.ActiveCfg = Release|Any CPU
		{EF6F2D0C-B8AD-4BF2-A87B-C07BB37EF0C2}.Release|iPhoneSimulator.ActiveCfg = Release|Any CPU
		{EF6F2D0C-B8AD-4BF2-A87B-C07BB37EF0C2}.Release|Mixed Platforms.ActiveCfg = Release|x86
		{EF6F2D0C-B8AD-4BF2-A87B-C07BB37EF0C2}.Release|Mixed Platforms.Build.0 = Release|x86
		{4879EE8F-2740-498D-B401-560F4EE66167}.Ad-Hoc|Any CPU.ActiveCfg = Release|Any CPU
		{4879EE8F-2740-498D-B401-560F4EE66167}.Ad-Hoc|Any CPU.Build.0 = Release|Any CPU
		{4879EE8F-2740-498D-B401-560F4EE66167}.Ad-Hoc|DesktopRT.ActiveCfg = Release|Any CPU
		{4879EE8F-2740-498D-B401-560F4EE66167}.Ad-Hoc|iPhone.ActiveCfg = Release|Any CPU
		{4879EE8F-2740-498D-B401-560F4EE66167}.Ad-Hoc|iPhoneSimulator.ActiveCfg = Release|Any CPU
		{4879EE8F-2740-498D-B401-560F4EE66167}.Ad-Hoc|Mixed Platforms.ActiveCfg = Release|Any CPU
		{4879EE8F-2740-498D-B401-560F4EE66167}.Ad-Hoc|Mixed Platforms.Build.0 = Release|Any CPU
		{4879EE8F-2740-498D-B401-560F4EE66167}.AppStore|Any CPU.ActiveCfg = Release|Any CPU
		{4879EE8F-2740-498D-B401-560F4EE66167}.AppStore|Any CPU.Build.0 = Release|Any CPU
		{4879EE8F-2740-498D-B401-560F4EE66167}.AppStore|DesktopRT.ActiveCfg = Release|Any CPU
		{4879EE8F-2740-498D-B401-560F4EE66167}.AppStore|iPhone.ActiveCfg = Release|Any CPU
		{4879EE8F-2740-498D-B401-560F4EE66167}.AppStore|iPhoneSimulator.ActiveCfg = Release|Any CPU
		{4879EE8F-2740-498D-B401-560F4EE66167}.AppStore|Mixed Platforms.ActiveCfg = Release|Any CPU
		{4879EE8F-2740-498D-B401-560F4EE66167}.AppStore|Mixed Platforms.Build.0 = Release|Any CPU
		{4879EE8F-2740-498D-B401-560F4EE66167}.Debug|Any CPU.ActiveCfg = Debug|Any CPU
		{4879EE8F-2740-498D-B401-560F4EE66167}.Debug|Any CPU.Build.0 = Debug|Any CPU
		{4879EE8F-2740-498D-B401-560F4EE66167}.Debug|DesktopRT.ActiveCfg = Debug|Any CPU
		{4879EE8F-2740-498D-B401-560F4EE66167}.Debug|DesktopRT.Build.0 = Debug|Any CPU
		{4879EE8F-2740-498D-B401-560F4EE66167}.Debug|iPhone.ActiveCfg = Debug|Any CPU
		{4879EE8F-2740-498D-B401-560F4EE66167}.Debug|iPhoneSimulator.ActiveCfg = Debug|Any CPU
		{4879EE8F-2740-498D-B401-560F4EE66167}.Debug|Mixed Platforms.ActiveCfg = Debug|Any CPU
		{4879EE8F-2740-498D-B401-560F4EE66167}.Debug|Mixed Platforms.Build.0 = Debug|Any CPU
		{4879EE8F-2740-498D-B401-560F4EE66167}.Release|Any CPU.ActiveCfg = Release|Any CPU
		{4879EE8F-2740-498D-B401-560F4EE66167}.Release|Any CPU.Build.0 = Release|Any CPU
		{4879EE8F-2740-498D-B401-560F4EE66167}.Release|DesktopRT.ActiveCfg = Release|Any CPU
		{4879EE8F-2740-498D-B401-560F4EE66167}.Release|DesktopRT.Build.0 = Release|Any CPU
		{4879EE8F-2740-498D-B401-560F4EE66167}.Release|iPhone.ActiveCfg = Release|Any CPU
		{4879EE8F-2740-498D-B401-560F4EE66167}.Release|iPhoneSimulator.ActiveCfg = Release|Any CPU
		{4879EE8F-2740-498D-B401-560F4EE66167}.Release|Mixed Platforms.ActiveCfg = Release|Any CPU
		{4879EE8F-2740-498D-B401-560F4EE66167}.Release|Mixed Platforms.Build.0 = Release|Any CPU
		{D9C82A2B-E296-4902-A479-0E93F06EBDDC}.Ad-Hoc|Any CPU.ActiveCfg = Release|Any CPU
		{D9C82A2B-E296-4902-A479-0E93F06EBDDC}.Ad-Hoc|Any CPU.Build.0 = Release|Any CPU
		{D9C82A2B-E296-4902-A479-0E93F06EBDDC}.Ad-Hoc|DesktopRT.ActiveCfg = Release|Any CPU
		{D9C82A2B-E296-4902-A479-0E93F06EBDDC}.Ad-Hoc|iPhone.ActiveCfg = Release|Any CPU
		{D9C82A2B-E296-4902-A479-0E93F06EBDDC}.Ad-Hoc|iPhoneSimulator.ActiveCfg = Release|Any CPU
		{D9C82A2B-E296-4902-A479-0E93F06EBDDC}.Ad-Hoc|Mixed Platforms.ActiveCfg = Release|Any CPU
		{D9C82A2B-E296-4902-A479-0E93F06EBDDC}.Ad-Hoc|Mixed Platforms.Build.0 = Release|Any CPU
		{D9C82A2B-E296-4902-A479-0E93F06EBDDC}.AppStore|Any CPU.ActiveCfg = Release|Any CPU
		{D9C82A2B-E296-4902-A479-0E93F06EBDDC}.AppStore|Any CPU.Build.0 = Release|Any CPU
		{D9C82A2B-E296-4902-A479-0E93F06EBDDC}.AppStore|DesktopRT.ActiveCfg = Release|Any CPU
		{D9C82A2B-E296-4902-A479-0E93F06EBDDC}.AppStore|iPhone.ActiveCfg = Release|Any CPU
		{D9C82A2B-E296-4902-A479-0E93F06EBDDC}.AppStore|iPhoneSimulator.ActiveCfg = Release|Any CPU
		{D9C82A2B-E296-4902-A479-0E93F06EBDDC}.AppStore|Mixed Platforms.ActiveCfg = Release|Any CPU
		{D9C82A2B-E296-4902-A479-0E93F06EBDDC}.AppStore|Mixed Platforms.Build.0 = Release|Any CPU
		{D9C82A2B-E296-4902-A479-0E93F06EBDDC}.Debug|Any CPU.ActiveCfg = Debug|Any CPU
		{D9C82A2B-E296-4902-A479-0E93F06EBDDC}.Debug|Any CPU.Build.0 = Debug|Any CPU
		{D9C82A2B-E296-4902-A479-0E93F06EBDDC}.Debug|DesktopRT.ActiveCfg = Debug|Any CPU
		{D9C82A2B-E296-4902-A479-0E93F06EBDDC}.Debug|iPhone.ActiveCfg = Debug|Any CPU
		{D9C82A2B-E296-4902-A479-0E93F06EBDDC}.Debug|iPhoneSimulator.ActiveCfg = Debug|Any CPU
		{D9C82A2B-E296-4902-A479-0E93F06EBDDC}.Debug|Mixed Platforms.ActiveCfg = Debug|Any CPU
		{D9C82A2B-E296-4902-A479-0E93F06EBDDC}.Debug|Mixed Platforms.Build.0 = Debug|Any CPU
		{D9C82A2B-E296-4902-A479-0E93F06EBDDC}.Release|Any CPU.ActiveCfg = Release|Any CPU
		{D9C82A2B-E296-4902-A479-0E93F06EBDDC}.Release|Any CPU.Build.0 = Release|Any CPU
		{D9C82A2B-E296-4902-A479-0E93F06EBDDC}.Release|DesktopRT.ActiveCfg = Release|Any CPU
		{D9C82A2B-E296-4902-A479-0E93F06EBDDC}.Release|DesktopRT.Build.0 = Release|Any CPU
		{D9C82A2B-E296-4902-A479-0E93F06EBDDC}.Release|iPhone.ActiveCfg = Release|Any CPU
		{D9C82A2B-E296-4902-A479-0E93F06EBDDC}.Release|iPhoneSimulator.ActiveCfg = Release|Any CPU
		{D9C82A2B-E296-4902-A479-0E93F06EBDDC}.Release|Mixed Platforms.ActiveCfg = Release|Any CPU
		{D9C82A2B-E296-4902-A479-0E93F06EBDDC}.Release|Mixed Platforms.Build.0 = Release|Any CPU
		{90A54774-0083-48B4-B8A1-2FCCC24CBE86}.Ad-Hoc|Any CPU.ActiveCfg = Release|Any CPU
		{90A54774-0083-48B4-B8A1-2FCCC24CBE86}.Ad-Hoc|Any CPU.Build.0 = Release|Any CPU
		{90A54774-0083-48B4-B8A1-2FCCC24CBE86}.Ad-Hoc|Any CPU.Deploy.0 = Release|Any CPU
		{90A54774-0083-48B4-B8A1-2FCCC24CBE86}.Ad-Hoc|DesktopRT.ActiveCfg = Release|Any CPU
		{90A54774-0083-48B4-B8A1-2FCCC24CBE86}.Ad-Hoc|iPhone.ActiveCfg = Release|Any CPU
		{90A54774-0083-48B4-B8A1-2FCCC24CBE86}.Ad-Hoc|iPhoneSimulator.ActiveCfg = Release|Any CPU
		{90A54774-0083-48B4-B8A1-2FCCC24CBE86}.Ad-Hoc|Mixed Platforms.ActiveCfg = Release|Any CPU
		{90A54774-0083-48B4-B8A1-2FCCC24CBE86}.Ad-Hoc|Mixed Platforms.Build.0 = Release|Any CPU
		{90A54774-0083-48B4-B8A1-2FCCC24CBE86}.Ad-Hoc|Mixed Platforms.Deploy.0 = Release|Any CPU
		{90A54774-0083-48B4-B8A1-2FCCC24CBE86}.AppStore|Any CPU.ActiveCfg = Release|Any CPU
		{90A54774-0083-48B4-B8A1-2FCCC24CBE86}.AppStore|Any CPU.Build.0 = Release|Any CPU
		{90A54774-0083-48B4-B8A1-2FCCC24CBE86}.AppStore|Any CPU.Deploy.0 = Release|Any CPU
		{90A54774-0083-48B4-B8A1-2FCCC24CBE86}.AppStore|DesktopRT.ActiveCfg = Release|Any CPU
		{90A54774-0083-48B4-B8A1-2FCCC24CBE86}.AppStore|iPhone.ActiveCfg = Release|Any CPU
		{90A54774-0083-48B4-B8A1-2FCCC24CBE86}.AppStore|iPhoneSimulator.ActiveCfg = Release|Any CPU
		{90A54774-0083-48B4-B8A1-2FCCC24CBE86}.AppStore|Mixed Platforms.ActiveCfg = Release|Any CPU
		{90A54774-0083-48B4-B8A1-2FCCC24CBE86}.AppStore|Mixed Platforms.Build.0 = Release|Any CPU
		{90A54774-0083-48B4-B8A1-2FCCC24CBE86}.AppStore|Mixed Platforms.Deploy.0 = Release|Any CPU
		{90A54774-0083-48B4-B8A1-2FCCC24CBE86}.Debug|Any CPU.ActiveCfg = Debug|Any CPU
		{90A54774-0083-48B4-B8A1-2FCCC24CBE86}.Debug|Any CPU.Build.0 = Debug|Any CPU
		{90A54774-0083-48B4-B8A1-2FCCC24CBE86}.Debug|Any CPU.Deploy.0 = Debug|Any CPU
		{90A54774-0083-48B4-B8A1-2FCCC24CBE86}.Debug|DesktopRT.ActiveCfg = Debug|Any CPU
		{90A54774-0083-48B4-B8A1-2FCCC24CBE86}.Debug|DesktopRT.Build.0 = Debug|Any CPU
		{90A54774-0083-48B4-B8A1-2FCCC24CBE86}.Debug|DesktopRT.Deploy.0 = Debug|Any CPU
		{90A54774-0083-48B4-B8A1-2FCCC24CBE86}.Debug|iPhone.ActiveCfg = Debug|Any CPU
		{90A54774-0083-48B4-B8A1-2FCCC24CBE86}.Debug|iPhoneSimulator.ActiveCfg = Debug|Any CPU
		{90A54774-0083-48B4-B8A1-2FCCC24CBE86}.Debug|Mixed Platforms.ActiveCfg = Debug|Any CPU
		{90A54774-0083-48B4-B8A1-2FCCC24CBE86}.Debug|Mixed Platforms.Build.0 = Debug|Any CPU
		{90A54774-0083-48B4-B8A1-2FCCC24CBE86}.Debug|Mixed Platforms.Deploy.0 = Debug|Any CPU
		{90A54774-0083-48B4-B8A1-2FCCC24CBE86}.Release|Any CPU.ActiveCfg = Release|Any CPU
		{90A54774-0083-48B4-B8A1-2FCCC24CBE86}.Release|Any CPU.Build.0 = Release|Any CPU
		{90A54774-0083-48B4-B8A1-2FCCC24CBE86}.Release|Any CPU.Deploy.0 = Release|Any CPU
		{90A54774-0083-48B4-B8A1-2FCCC24CBE86}.Release|DesktopRT.ActiveCfg = Release|Any CPU
		{90A54774-0083-48B4-B8A1-2FCCC24CBE86}.Release|DesktopRT.Build.0 = Release|Any CPU
		{90A54774-0083-48B4-B8A1-2FCCC24CBE86}.Release|DesktopRT.Deploy.0 = Release|Any CPU
		{90A54774-0083-48B4-B8A1-2FCCC24CBE86}.Release|iPhone.ActiveCfg = Release|Any CPU
		{90A54774-0083-48B4-B8A1-2FCCC24CBE86}.Release|iPhoneSimulator.ActiveCfg = Release|Any CPU
		{90A54774-0083-48B4-B8A1-2FCCC24CBE86}.Release|Mixed Platforms.ActiveCfg = Release|Any CPU
		{90A54774-0083-48B4-B8A1-2FCCC24CBE86}.Release|Mixed Platforms.Build.0 = Release|Any CPU
		{90A54774-0083-48B4-B8A1-2FCCC24CBE86}.Release|Mixed Platforms.Deploy.0 = Release|Any CPU
		{71148EB2-5513-48DF-8A30-00887E001D1F}.Ad-Hoc|Any CPU.ActiveCfg = Release|Any CPU
		{71148EB2-5513-48DF-8A30-00887E001D1F}.Ad-Hoc|Any CPU.Build.0 = Release|Any CPU
		{71148EB2-5513-48DF-8A30-00887E001D1F}.Ad-Hoc|Any CPU.Deploy.0 = Release|Any CPU
		{71148EB2-5513-48DF-8A30-00887E001D1F}.Ad-Hoc|DesktopRT.ActiveCfg = Release|Any CPU
		{71148EB2-5513-48DF-8A30-00887E001D1F}.Ad-Hoc|iPhone.ActiveCfg = Release|Any CPU
		{71148EB2-5513-48DF-8A30-00887E001D1F}.Ad-Hoc|iPhoneSimulator.ActiveCfg = Release|Any CPU
		{71148EB2-5513-48DF-8A30-00887E001D1F}.Ad-Hoc|Mixed Platforms.ActiveCfg = Debug|x86
		{71148EB2-5513-48DF-8A30-00887E001D1F}.Ad-Hoc|Mixed Platforms.Build.0 = Debug|x86
		{71148EB2-5513-48DF-8A30-00887E001D1F}.Ad-Hoc|Mixed Platforms.Deploy.0 = Debug|x86
		{71148EB2-5513-48DF-8A30-00887E001D1F}.AppStore|Any CPU.ActiveCfg = Release|Any CPU
		{71148EB2-5513-48DF-8A30-00887E001D1F}.AppStore|Any CPU.Build.0 = Release|Any CPU
		{71148EB2-5513-48DF-8A30-00887E001D1F}.AppStore|Any CPU.Deploy.0 = Release|Any CPU
		{71148EB2-5513-48DF-8A30-00887E001D1F}.AppStore|DesktopRT.ActiveCfg = Release|Any CPU
		{71148EB2-5513-48DF-8A30-00887E001D1F}.AppStore|iPhone.ActiveCfg = Release|Any CPU
		{71148EB2-5513-48DF-8A30-00887E001D1F}.AppStore|iPhoneSimulator.ActiveCfg = Release|Any CPU
		{71148EB2-5513-48DF-8A30-00887E001D1F}.AppStore|Mixed Platforms.ActiveCfg = Debug|x86
		{71148EB2-5513-48DF-8A30-00887E001D1F}.AppStore|Mixed Platforms.Build.0 = Debug|x86
		{71148EB2-5513-48DF-8A30-00887E001D1F}.AppStore|Mixed Platforms.Deploy.0 = Debug|x86
		{71148EB2-5513-48DF-8A30-00887E001D1F}.Debug|Any CPU.ActiveCfg = Debug|Any CPU
		{71148EB2-5513-48DF-8A30-00887E001D1F}.Debug|Any CPU.Build.0 = Debug|Any CPU
		{71148EB2-5513-48DF-8A30-00887E001D1F}.Debug|Any CPU.Deploy.0 = Debug|Any CPU
		{71148EB2-5513-48DF-8A30-00887E001D1F}.Debug|DesktopRT.ActiveCfg = Debug|Any CPU
		{71148EB2-5513-48DF-8A30-00887E001D1F}.Debug|iPhone.ActiveCfg = Debug|Any CPU
		{71148EB2-5513-48DF-8A30-00887E001D1F}.Debug|iPhoneSimulator.ActiveCfg = Debug|Any CPU
		{71148EB2-5513-48DF-8A30-00887E001D1F}.Debug|Mixed Platforms.ActiveCfg = Debug|x86
		{71148EB2-5513-48DF-8A30-00887E001D1F}.Debug|Mixed Platforms.Build.0 = Debug|x86
		{71148EB2-5513-48DF-8A30-00887E001D1F}.Debug|Mixed Platforms.Deploy.0 = Debug|x86
		{71148EB2-5513-48DF-8A30-00887E001D1F}.Release|Any CPU.ActiveCfg = Release|Any CPU
		{71148EB2-5513-48DF-8A30-00887E001D1F}.Release|Any CPU.Build.0 = Release|Any CPU
		{71148EB2-5513-48DF-8A30-00887E001D1F}.Release|Any CPU.Deploy.0 = Release|Any CPU
		{71148EB2-5513-48DF-8A30-00887E001D1F}.Release|DesktopRT.ActiveCfg = Release|Any CPU
		{71148EB2-5513-48DF-8A30-00887E001D1F}.Release|DesktopRT.Build.0 = Release|Any CPU
		{71148EB2-5513-48DF-8A30-00887E001D1F}.Release|DesktopRT.Deploy.0 = Release|Any CPU
		{71148EB2-5513-48DF-8A30-00887E001D1F}.Release|iPhone.ActiveCfg = Release|Any CPU
		{71148EB2-5513-48DF-8A30-00887E001D1F}.Release|iPhoneSimulator.ActiveCfg = Release|Any CPU
		{71148EB2-5513-48DF-8A30-00887E001D1F}.Release|Mixed Platforms.ActiveCfg = Release|x86
		{71148EB2-5513-48DF-8A30-00887E001D1F}.Release|Mixed Platforms.Build.0 = Release|x86
		{71148EB2-5513-48DF-8A30-00887E001D1F}.Release|Mixed Platforms.Deploy.0 = Release|x86
		{1B396C98-0EB8-461C-8B00-0D52C262F377}.Ad-Hoc|Any CPU.ActiveCfg = Release|Any CPU
		{1B396C98-0EB8-461C-8B00-0D52C262F377}.Ad-Hoc|Any CPU.Build.0 = Release|Any CPU
		{1B396C98-0EB8-461C-8B00-0D52C262F377}.Ad-Hoc|Any CPU.Deploy.0 = Release|Any CPU
		{1B396C98-0EB8-461C-8B00-0D52C262F377}.Ad-Hoc|DesktopRT.ActiveCfg = Release|Any CPU
		{1B396C98-0EB8-461C-8B00-0D52C262F377}.Ad-Hoc|iPhone.ActiveCfg = Release|Any CPU
		{1B396C98-0EB8-461C-8B00-0D52C262F377}.Ad-Hoc|iPhoneSimulator.ActiveCfg = Release|Any CPU
		{1B396C98-0EB8-461C-8B00-0D52C262F377}.Ad-Hoc|Mixed Platforms.ActiveCfg = Release|Any CPU
		{1B396C98-0EB8-461C-8B00-0D52C262F377}.Ad-Hoc|Mixed Platforms.Build.0 = Release|Any CPU
		{1B396C98-0EB8-461C-8B00-0D52C262F377}.Ad-Hoc|Mixed Platforms.Deploy.0 = Release|Any CPU
		{1B396C98-0EB8-461C-8B00-0D52C262F377}.AppStore|Any CPU.ActiveCfg = Release|Any CPU
		{1B396C98-0EB8-461C-8B00-0D52C262F377}.AppStore|Any CPU.Build.0 = Release|Any CPU
		{1B396C98-0EB8-461C-8B00-0D52C262F377}.AppStore|Any CPU.Deploy.0 = Release|Any CPU
		{1B396C98-0EB8-461C-8B00-0D52C262F377}.AppStore|DesktopRT.ActiveCfg = Release|Any CPU
		{1B396C98-0EB8-461C-8B00-0D52C262F377}.AppStore|iPhone.ActiveCfg = Release|Any CPU
		{1B396C98-0EB8-461C-8B00-0D52C262F377}.AppStore|iPhoneSimulator.ActiveCfg = Release|Any CPU
		{1B396C98-0EB8-461C-8B00-0D52C262F377}.AppStore|Mixed Platforms.ActiveCfg = Release|Any CPU
		{1B396C98-0EB8-461C-8B00-0D52C262F377}.AppStore|Mixed Platforms.Build.0 = Release|Any CPU
		{1B396C98-0EB8-461C-8B00-0D52C262F377}.AppStore|Mixed Platforms.Deploy.0 = Release|Any CPU
		{1B396C98-0EB8-461C-8B00-0D52C262F377}.Debug|Any CPU.ActiveCfg = Debug|Any CPU
		{1B396C98-0EB8-461C-8B00-0D52C262F377}.Debug|Any CPU.Build.0 = Debug|Any CPU
		{1B396C98-0EB8-461C-8B00-0D52C262F377}.Debug|Any CPU.Deploy.0 = Debug|Any CPU
		{1B396C98-0EB8-461C-8B00-0D52C262F377}.Debug|DesktopRT.ActiveCfg = Debug|Any CPU
		{1B396C98-0EB8-461C-8B00-0D52C262F377}.Debug|iPhone.ActiveCfg = Debug|Any CPU
		{1B396C98-0EB8-461C-8B00-0D52C262F377}.Debug|iPhoneSimulator.ActiveCfg = Debug|Any CPU
		{1B396C98-0EB8-461C-8B00-0D52C262F377}.Debug|Mixed Platforms.ActiveCfg = Debug|Any CPU
		{1B396C98-0EB8-461C-8B00-0D52C262F377}.Debug|Mixed Platforms.Build.0 = Debug|Any CPU
		{1B396C98-0EB8-461C-8B00-0D52C262F377}.Debug|Mixed Platforms.Deploy.0 = Debug|Any CPU
		{1B396C98-0EB8-461C-8B00-0D52C262F377}.Release|Any CPU.ActiveCfg = Release|Any CPU
		{1B396C98-0EB8-461C-8B00-0D52C262F377}.Release|Any CPU.Build.0 = Release|Any CPU
		{1B396C98-0EB8-461C-8B00-0D52C262F377}.Release|Any CPU.Deploy.0 = Release|Any CPU
		{1B396C98-0EB8-461C-8B00-0D52C262F377}.Release|DesktopRT.ActiveCfg = Release|Any CPU
		{1B396C98-0EB8-461C-8B00-0D52C262F377}.Release|DesktopRT.Build.0 = Release|Any CPU
		{1B396C98-0EB8-461C-8B00-0D52C262F377}.Release|DesktopRT.Deploy.0 = Release|Any CPU
		{1B396C98-0EB8-461C-8B00-0D52C262F377}.Release|iPhone.ActiveCfg = Release|Any CPU
		{1B396C98-0EB8-461C-8B00-0D52C262F377}.Release|iPhoneSimulator.ActiveCfg = Release|Any CPU
		{1B396C98-0EB8-461C-8B00-0D52C262F377}.Release|Mixed Platforms.ActiveCfg = Release|Any CPU
		{1B396C98-0EB8-461C-8B00-0D52C262F377}.Release|Mixed Platforms.Build.0 = Release|Any CPU
		{1B396C98-0EB8-461C-8B00-0D52C262F377}.Release|Mixed Platforms.Deploy.0 = Release|Any CPU
		{7C1F893F-C83D-481E-9466-E769C3B45FCE}.Ad-Hoc|Any CPU.ActiveCfg = Release|Any CPU
		{7C1F893F-C83D-481E-9466-E769C3B45FCE}.Ad-Hoc|Any CPU.Build.0 = Release|Any CPU
		{7C1F893F-C83D-481E-9466-E769C3B45FCE}.Ad-Hoc|DesktopRT.ActiveCfg = Release|Any CPU
		{7C1F893F-C83D-481E-9466-E769C3B45FCE}.Ad-Hoc|iPhone.ActiveCfg = Release|Any CPU
		{7C1F893F-C83D-481E-9466-E769C3B45FCE}.Ad-Hoc|iPhoneSimulator.ActiveCfg = Release|Any CPU
		{7C1F893F-C83D-481E-9466-E769C3B45FCE}.Ad-Hoc|Mixed Platforms.ActiveCfg = Release|Any CPU
		{7C1F893F-C83D-481E-9466-E769C3B45FCE}.Ad-Hoc|Mixed Platforms.Build.0 = Release|Any CPU
		{7C1F893F-C83D-481E-9466-E769C3B45FCE}.AppStore|Any CPU.ActiveCfg = Release|Any CPU
		{7C1F893F-C83D-481E-9466-E769C3B45FCE}.AppStore|Any CPU.Build.0 = Release|Any CPU
		{7C1F893F-C83D-481E-9466-E769C3B45FCE}.AppStore|DesktopRT.ActiveCfg = Release|Any CPU
		{7C1F893F-C83D-481E-9466-E769C3B45FCE}.AppStore|iPhone.ActiveCfg = Release|Any CPU
		{7C1F893F-C83D-481E-9466-E769C3B45FCE}.AppStore|iPhoneSimulator.ActiveCfg = Release|Any CPU
		{7C1F893F-C83D-481E-9466-E769C3B45FCE}.AppStore|Mixed Platforms.ActiveCfg = Release|Any CPU
		{7C1F893F-C83D-481E-9466-E769C3B45FCE}.AppStore|Mixed Platforms.Build.0 = Release|Any CPU
		{7C1F893F-C83D-481E-9466-E769C3B45FCE}.Debug|Any CPU.ActiveCfg = Debug|Any CPU
		{7C1F893F-C83D-481E-9466-E769C3B45FCE}.Debug|Any CPU.Build.0 = Debug|Any CPU
		{7C1F893F-C83D-481E-9466-E769C3B45FCE}.Debug|DesktopRT.ActiveCfg = Debug|Any CPU
		{7C1F893F-C83D-481E-9466-E769C3B45FCE}.Debug|iPhone.ActiveCfg = Debug|Any CPU
		{7C1F893F-C83D-481E-9466-E769C3B45FCE}.Debug|iPhoneSimulator.ActiveCfg = Debug|Any CPU
		{7C1F893F-C83D-481E-9466-E769C3B45FCE}.Debug|Mixed Platforms.ActiveCfg = Debug|Any CPU
		{7C1F893F-C83D-481E-9466-E769C3B45FCE}.Debug|Mixed Platforms.Build.0 = Debug|Any CPU
		{7C1F893F-C83D-481E-9466-E769C3B45FCE}.Release|Any CPU.ActiveCfg = Release|Any CPU
		{7C1F893F-C83D-481E-9466-E769C3B45FCE}.Release|Any CPU.Build.0 = Release|Any CPU
		{7C1F893F-C83D-481E-9466-E769C3B45FCE}.Release|DesktopRT.ActiveCfg = Release|Any CPU
		{7C1F893F-C83D-481E-9466-E769C3B45FCE}.Release|DesktopRT.Build.0 = Release|Any CPU
		{7C1F893F-C83D-481E-9466-E769C3B45FCE}.Release|iPhone.ActiveCfg = Release|Any CPU
		{7C1F893F-C83D-481E-9466-E769C3B45FCE}.Release|iPhoneSimulator.ActiveCfg = Release|Any CPU
		{7C1F893F-C83D-481E-9466-E769C3B45FCE}.Release|Mixed Platforms.ActiveCfg = Release|Any CPU
		{7C1F893F-C83D-481E-9466-E769C3B45FCE}.Release|Mixed Platforms.Build.0 = Release|Any CPU
		{A6080690-BD84-454F-B1AB-091F9D0E4DCE}.Ad-Hoc|Any CPU.ActiveCfg = Ad-Hoc|iPhone
		{A6080690-BD84-454F-B1AB-091F9D0E4DCE}.Ad-Hoc|DesktopRT.ActiveCfg = Ad-Hoc|iPhone
		{A6080690-BD84-454F-B1AB-091F9D0E4DCE}.Ad-Hoc|iPhone.ActiveCfg = Ad-Hoc|iPhone
		{A6080690-BD84-454F-B1AB-091F9D0E4DCE}.Ad-Hoc|iPhone.Build.0 = Ad-Hoc|iPhone
		{A6080690-BD84-454F-B1AB-091F9D0E4DCE}.Ad-Hoc|iPhone.Deploy.0 = Ad-Hoc|iPhone
		{A6080690-BD84-454F-B1AB-091F9D0E4DCE}.Ad-Hoc|iPhoneSimulator.ActiveCfg = Ad-Hoc|iPhoneSimulator
		{A6080690-BD84-454F-B1AB-091F9D0E4DCE}.Ad-Hoc|iPhoneSimulator.Build.0 = Ad-Hoc|iPhoneSimulator
		{A6080690-BD84-454F-B1AB-091F9D0E4DCE}.Ad-Hoc|iPhoneSimulator.Deploy.0 = Ad-Hoc|iPhoneSimulator
		{A6080690-BD84-454F-B1AB-091F9D0E4DCE}.Ad-Hoc|Mixed Platforms.ActiveCfg = Ad-Hoc|iPhone
		{A6080690-BD84-454F-B1AB-091F9D0E4DCE}.Ad-Hoc|Mixed Platforms.Build.0 = Ad-Hoc|iPhone
		{A6080690-BD84-454F-B1AB-091F9D0E4DCE}.Ad-Hoc|Mixed Platforms.Deploy.0 = Ad-Hoc|iPhone
		{A6080690-BD84-454F-B1AB-091F9D0E4DCE}.AppStore|Any CPU.ActiveCfg = AppStore|iPhone
		{A6080690-BD84-454F-B1AB-091F9D0E4DCE}.AppStore|DesktopRT.ActiveCfg = AppStore|iPhone
		{A6080690-BD84-454F-B1AB-091F9D0E4DCE}.AppStore|iPhone.ActiveCfg = AppStore|iPhone
		{A6080690-BD84-454F-B1AB-091F9D0E4DCE}.AppStore|iPhone.Build.0 = AppStore|iPhone
		{A6080690-BD84-454F-B1AB-091F9D0E4DCE}.AppStore|iPhone.Deploy.0 = AppStore|iPhone
		{A6080690-BD84-454F-B1AB-091F9D0E4DCE}.AppStore|iPhoneSimulator.ActiveCfg = AppStore|iPhoneSimulator
		{A6080690-BD84-454F-B1AB-091F9D0E4DCE}.AppStore|iPhoneSimulator.Build.0 = AppStore|iPhoneSimulator
		{A6080690-BD84-454F-B1AB-091F9D0E4DCE}.AppStore|iPhoneSimulator.Deploy.0 = AppStore|iPhoneSimulator
		{A6080690-BD84-454F-B1AB-091F9D0E4DCE}.AppStore|Mixed Platforms.ActiveCfg = AppStore|iPhone
		{A6080690-BD84-454F-B1AB-091F9D0E4DCE}.AppStore|Mixed Platforms.Build.0 = AppStore|iPhone
		{A6080690-BD84-454F-B1AB-091F9D0E4DCE}.AppStore|Mixed Platforms.Deploy.0 = AppStore|iPhone
		{A6080690-BD84-454F-B1AB-091F9D0E4DCE}.Debug|Any CPU.ActiveCfg = Debug|iPhone
		{A6080690-BD84-454F-B1AB-091F9D0E4DCE}.Debug|DesktopRT.ActiveCfg = Debug|iPhone
		{A6080690-BD84-454F-B1AB-091F9D0E4DCE}.Debug|iPhone.ActiveCfg = Debug|iPhone
		{A6080690-BD84-454F-B1AB-091F9D0E4DCE}.Debug|iPhone.Build.0 = Debug|iPhone
		{A6080690-BD84-454F-B1AB-091F9D0E4DCE}.Debug|iPhone.Deploy.0 = Debug|iPhone
		{A6080690-BD84-454F-B1AB-091F9D0E4DCE}.Debug|iPhoneSimulator.ActiveCfg = Debug|iPhoneSimulator
		{A6080690-BD84-454F-B1AB-091F9D0E4DCE}.Debug|iPhoneSimulator.Build.0 = Debug|iPhoneSimulator
		{A6080690-BD84-454F-B1AB-091F9D0E4DCE}.Debug|iPhoneSimulator.Deploy.0 = Debug|iPhoneSimulator
		{A6080690-BD84-454F-B1AB-091F9D0E4DCE}.Debug|Mixed Platforms.ActiveCfg = Debug|iPhone
		{A6080690-BD84-454F-B1AB-091F9D0E4DCE}.Debug|Mixed Platforms.Build.0 = Debug|iPhone
		{A6080690-BD84-454F-B1AB-091F9D0E4DCE}.Debug|Mixed Platforms.Deploy.0 = Debug|iPhone
		{A6080690-BD84-454F-B1AB-091F9D0E4DCE}.Release|Any CPU.ActiveCfg = Release|iPhone
		{A6080690-BD84-454F-B1AB-091F9D0E4DCE}.Release|DesktopRT.ActiveCfg = Release|iPhone
		{A6080690-BD84-454F-B1AB-091F9D0E4DCE}.Release|iPhone.ActiveCfg = Release|iPhone
		{A6080690-BD84-454F-B1AB-091F9D0E4DCE}.Release|iPhone.Build.0 = Release|iPhone
		{A6080690-BD84-454F-B1AB-091F9D0E4DCE}.Release|iPhone.Deploy.0 = Release|iPhone
		{A6080690-BD84-454F-B1AB-091F9D0E4DCE}.Release|iPhoneSimulator.ActiveCfg = Release|iPhoneSimulator
		{A6080690-BD84-454F-B1AB-091F9D0E4DCE}.Release|iPhoneSimulator.Build.0 = Release|iPhoneSimulator
		{A6080690-BD84-454F-B1AB-091F9D0E4DCE}.Release|iPhoneSimulator.Deploy.0 = Release|iPhoneSimulator
		{A6080690-BD84-454F-B1AB-091F9D0E4DCE}.Release|Mixed Platforms.ActiveCfg = Release|iPhone
		{A6080690-BD84-454F-B1AB-091F9D0E4DCE}.Release|Mixed Platforms.Build.0 = Release|iPhone
		{A6080690-BD84-454F-B1AB-091F9D0E4DCE}.Release|Mixed Platforms.Deploy.0 = Release|iPhone
	EndGlobalSection
	GlobalSection(SolutionProperties) = preSolution
		HideSolutionNode = FALSE
	EndGlobalSection
	GlobalSection(NestedProjects) = preSolution
		{63CEC67D-3BA0-453B-99B5-07CC0DDC3E1E} = {9701D978-72F1-4CF6-B695-2447651A6F96}
		{7D334182-70A1-4F0A-A6A9-96E40E731240} = {9701D978-72F1-4CF6-B695-2447651A6F96}
		{7C7E2D50-036F-4E08-B4E0-F09889501CFD} = {9701D978-72F1-4CF6-B695-2447651A6F96}
		{4C9991D2-526E-476A-B81D-CFEC533E2F24} = {90F9B46D-96A3-4165-9513-89566E4C5682}
		{BDBCB22F-D740-4C54-9FE5-ABB6BAA92AA0} = {90F9B46D-96A3-4165-9513-89566E4C5682}
		{338C45B2-B125-40B6-ADDA-754B20231CD9} = {9701D978-72F1-4CF6-B695-2447651A6F96}
		{B244682C-9C7D-4A71-9C3B-E9C1CA1ED747} = {9701D978-72F1-4CF6-B695-2447651A6F96}
		{EF6F2D0C-B8AD-4BF2-A87B-C07BB37EF0C2} = {9701D978-72F1-4CF6-B695-2447651A6F96}
		{4879EE8F-2740-498D-B401-560F4EE66167} = {9701D978-72F1-4CF6-B695-2447651A6F96}
		{D9C82A2B-E296-4902-A479-0E93F06EBDDC} = {9701D978-72F1-4CF6-B695-2447651A6F96}
		{90A54774-0083-48B4-B8A1-2FCCC24CBE86} = {90F9B46D-96A3-4165-9513-89566E4C5682}
		{71148EB2-5513-48DF-8A30-00887E001D1F} = {90F9B46D-96A3-4165-9513-89566E4C5682}
		{1B396C98-0EB8-461C-8B00-0D52C262F377} = {90F9B46D-96A3-4165-9513-89566E4C5682}
		{7C1F893F-C83D-481E-9466-E769C3B45FCE} = {90F9B46D-96A3-4165-9513-89566E4C5682}
		{A6080690-BD84-454F-B1AB-091F9D0E4DCE} = {90F9B46D-96A3-4165-9513-89566E4C5682}
		{8F74D3D1-6E53-4814-B215-B4D3515DA80A} = {9701D978-72F1-4CF6-B695-2447651A6F96}
		{802098CC-E489-4FC0-B115-30CC967B7B38} = {9701D978-72F1-4CF6-B695-2447651A6F96}
		{3B2D4380-8BCB-4626-8E9E-6958E0A34115} = {9701D978-72F1-4CF6-B695-2447651A6F96}
	EndGlobalSection
EndGlobal
