Microsoft Visual Studio Solution File, Format Version 12.00
# Visual Studio 15
VisualStudioVersion = 15.0.26616.2
MinimumVisualStudioVersion = 10.0.40219.1
Project("{2150E333-8FDC-42A3-9474-1A3956D46DE8}") = "Tests", "Tests", "{90F9B46D-96A3-4165-9513-89566E4C5682}"
EndProject
Project("{9A19103F-16F7-4668-BE54-9A1E7A4F7556}") = "PCLCrypto", "PCLCrypto\PCLCrypto.csproj", "{63CEC67D-3BA0-453B-99B5-07CC0DDC3E1E}"
EndProject
Project("{9A19103F-16F7-4668-BE54-9A1E7A4F7556}") = "PCLCrypto.Tests", "PCLCrypto.Tests\PCLCrypto.Tests.csproj", "{BDBCB22F-D740-4C54-9FE5-ABB6BAA92AA0}"
EndProject
Project("{FAE04EC0-301F-11D3-BF4B-00C04F79EFBC}") = "PCLCrypto.Tests.WinRT", "PCLCrypto.Tests.WinRT\PCLCrypto.Tests.WinRT.csproj", "{90A54774-0083-48B4-B8A1-2FCCC24CBE86}"
EndProject
Project("{FAE04EC0-301F-11D3-BF4B-00C04F79EFBC}") = "PCLCrypto.Tests.Android", "PCLCrypto.Tests.Android\PCLCrypto.Tests.Android.csproj", "{1B396C98-0EB8-461C-8B00-0D52C262F377}"
EndProject
Project("{FAE04EC0-301F-11D3-BF4B-00C04F79EFBC}") = "PCLCrypto.Tests.iOS", "PCLCrypto.Tests.iOS\PCLCrypto.Tests.iOS.csproj", "{A6080690-BD84-454F-B1AB-091F9D0E4DCE}"
EndProject
Project("{D954291E-2A0B-460D-934E-DC6B0785DB48}") = "PCLCrypto.Tests.Shared", "PCLCrypto.Tests.Shared\PCLCrypto.Tests.Shared.shproj", "{3B79D2B0-680A-493D-80FD-EBD8B24432FA}"
EndProject
Project("{FAE04EC0-301F-11D3-BF4B-00C04F79EFBC}") = "PCLCrypto.Tests.WindowsPhone", "PCLCrypto.Tests.WindowsPhone\PCLCrypto.Tests.WindowsPhone.csproj", "{D50A6EC5-B1F4-4352-BBC5-2A956A55F2AE}"
EndProject
Project("{FAE04EC0-301F-11D3-BF4B-00C04F79EFBC}") = "PCLCrypto.Tests.iOS-Unified", "PCLCrypto.Tests.iOS-Unified\PCLCrypto.Tests.iOS-Unified.csproj", "{ABE87D5E-AF6E-413C-8A06-DE9B2DA30EBA}"
EndProject
Project("{2150E333-8FDC-42A3-9474-1A3956D46DE8}") = "Build", "Build", "{858B5C9E-DCC9-4260-A990-5F0B2FC111B1}"
	ProjectSection(SolutionItems) = preProject
		Directory.Build.props = Directory.Build.props
		NuGet.config = NuGet.config
		stylecop.json = stylecop.json
		version.json = version.json
	EndProjectSection
	ProjectSection(FolderGlobals) = preProject
		__JSONSchema = https://raw.githubusercontent.com/AArnott/Nerdbank.GitVersioning/master/src/NerdBank.GitVersioning/version.schema.json
	EndProjectSection
EndProject
Project("{FAE04EC0-301F-11D3-BF4B-00C04F79EFBC}") = "PCLCrypto.Tests.UWP", "PCLCrypto.Tests.UWP\PCLCrypto.Tests.UWP.csproj", "{E673C03E-871C-4849-9AE3-15C8378658B5}"
EndProject
Project("{FAE04EC0-301F-11D3-BF4B-00C04F79EFBC}") = "PCLCrypto.Tests.WinRT.Phone", "PCLCrypto.Tests.WinRT.Phone\PCLCrypto.Tests.WinRT.Phone.csproj", "{973EA80A-2B71-45C9-8998-99D702C58F36}"
EndProject
Global
	GlobalSection(SharedMSBuildProjectFiles) = preSolution
		PCLCrypto.Tests.Shared\PCLCrypto.Tests.Shared.projitems*{3b79d2b0-680a-493d-80fd-ebd8b24432fa}*SharedItemsImports = 13
		PCLCrypto.Tests.Shared\PCLCrypto.Tests.Shared.projitems*{90a54774-0083-48b4-b8a1-2fccc24cbe86}*SharedItemsImports = 4
		PCLCrypto.Tests.Shared\PCLCrypto.Tests.Shared.projitems*{973ea80a-2b71-45c9-8998-99d702c58f36}*SharedItemsImports = 4
		PCLCrypto.Tests.Shared\PCLCrypto.Tests.Shared.projitems*{d50a6ec5-b1f4-4352-bbc5-2a956a55f2ae}*SharedItemsImports = 4
	EndGlobalSection
	GlobalSection(SolutionConfigurationPlatforms) = preSolution
		Ad-Hoc|Any CPU = Ad-Hoc|Any CPU
		Ad-Hoc|ARM = Ad-Hoc|ARM
		Ad-Hoc|iPhone = Ad-Hoc|iPhone
		Ad-Hoc|iPhoneSimulator = Ad-Hoc|iPhoneSimulator
		Ad-Hoc|Mixed Platforms = Ad-Hoc|Mixed Platforms
		Ad-Hoc|x64 = Ad-Hoc|x64
		Ad-Hoc|x86 = Ad-Hoc|x86
		AppStore|Any CPU = AppStore|Any CPU
		AppStore|ARM = AppStore|ARM
		AppStore|iPhone = AppStore|iPhone
		AppStore|iPhoneSimulator = AppStore|iPhoneSimulator
		AppStore|Mixed Platforms = AppStore|Mixed Platforms
		AppStore|x64 = AppStore|x64
		AppStore|x86 = AppStore|x86
		Debug|Any CPU = Debug|Any CPU
		Debug|ARM = Debug|ARM
		Debug|iPhone = Debug|iPhone
		Debug|iPhoneSimulator = Debug|iPhoneSimulator
		Debug|Mixed Platforms = Debug|Mixed Platforms
		Debug|x64 = Debug|x64
		Debug|x86 = Debug|x86
		Release|Any CPU = Release|Any CPU
		Release|ARM = Release|ARM
		Release|iPhone = Release|iPhone
		Release|iPhoneSimulator = Release|iPhoneSimulator
		Release|Mixed Platforms = Release|Mixed Platforms
		Release|x64 = Release|x64
		Release|x86 = Release|x86
	EndGlobalSection
	GlobalSection(ProjectConfigurationPlatforms) = postSolution
		{63CEC67D-3BA0-453B-99B5-07CC0DDC3E1E}.Ad-Hoc|Any CPU.ActiveCfg = Release|Any CPU
		{63CEC67D-3BA0-453B-99B5-07CC0DDC3E1E}.Ad-Hoc|Any CPU.Build.0 = Release|Any CPU
		{63CEC67D-3BA0-453B-99B5-07CC0DDC3E1E}.Ad-Hoc|ARM.ActiveCfg = Debug|Any CPU
		{63CEC67D-3BA0-453B-99B5-07CC0DDC3E1E}.Ad-Hoc|ARM.Build.0 = Debug|Any CPU
		{63CEC67D-3BA0-453B-99B5-07CC0DDC3E1E}.Ad-Hoc|iPhone.ActiveCfg = Release|Any CPU
		{63CEC67D-3BA0-453B-99B5-07CC0DDC3E1E}.Ad-Hoc|iPhone.Build.0 = Release|Any CPU
		{63CEC67D-3BA0-453B-99B5-07CC0DDC3E1E}.Ad-Hoc|iPhoneSimulator.ActiveCfg = Release|Any CPU
		{63CEC67D-3BA0-453B-99B5-07CC0DDC3E1E}.Ad-Hoc|iPhoneSimulator.Build.0 = Release|Any CPU
		{63CEC67D-3BA0-453B-99B5-07CC0DDC3E1E}.Ad-Hoc|Mixed Platforms.ActiveCfg = Release|Any CPU
		{63CEC67D-3BA0-453B-99B5-07CC0DDC3E1E}.Ad-Hoc|Mixed Platforms.Build.0 = Release|Any CPU
		{63CEC67D-3BA0-453B-99B5-07CC0DDC3E1E}.Ad-Hoc|x64.ActiveCfg = Debug|Any CPU
		{63CEC67D-3BA0-453B-99B5-07CC0DDC3E1E}.Ad-Hoc|x64.Build.0 = Debug|Any CPU
		{63CEC67D-3BA0-453B-99B5-07CC0DDC3E1E}.Ad-Hoc|x86.ActiveCfg = Debug|Any CPU
		{63CEC67D-3BA0-453B-99B5-07CC0DDC3E1E}.Ad-Hoc|x86.Build.0 = Debug|Any CPU
		{63CEC67D-3BA0-453B-99B5-07CC0DDC3E1E}.AppStore|Any CPU.ActiveCfg = Release|Any CPU
		{63CEC67D-3BA0-453B-99B5-07CC0DDC3E1E}.AppStore|Any CPU.Build.0 = Release|Any CPU
		{63CEC67D-3BA0-453B-99B5-07CC0DDC3E1E}.AppStore|ARM.ActiveCfg = Debug|Any CPU
		{63CEC67D-3BA0-453B-99B5-07CC0DDC3E1E}.AppStore|ARM.Build.0 = Debug|Any CPU
		{63CEC67D-3BA0-453B-99B5-07CC0DDC3E1E}.AppStore|iPhone.ActiveCfg = Release|Any CPU
		{63CEC67D-3BA0-453B-99B5-07CC0DDC3E1E}.AppStore|iPhone.Build.0 = Release|Any CPU
		{63CEC67D-3BA0-453B-99B5-07CC0DDC3E1E}.AppStore|iPhoneSimulator.ActiveCfg = Release|Any CPU
		{63CEC67D-3BA0-453B-99B5-07CC0DDC3E1E}.AppStore|iPhoneSimulator.Build.0 = Release|Any CPU
		{63CEC67D-3BA0-453B-99B5-07CC0DDC3E1E}.AppStore|Mixed Platforms.ActiveCfg = Release|Any CPU
		{63CEC67D-3BA0-453B-99B5-07CC0DDC3E1E}.AppStore|Mixed Platforms.Build.0 = Release|Any CPU
		{63CEC67D-3BA0-453B-99B5-07CC0DDC3E1E}.AppStore|x64.ActiveCfg = Debug|Any CPU
		{63CEC67D-3BA0-453B-99B5-07CC0DDC3E1E}.AppStore|x64.Build.0 = Debug|Any CPU
		{63CEC67D-3BA0-453B-99B5-07CC0DDC3E1E}.AppStore|x86.ActiveCfg = Debug|Any CPU
		{63CEC67D-3BA0-453B-99B5-07CC0DDC3E1E}.AppStore|x86.Build.0 = Debug|Any CPU
		{63CEC67D-3BA0-453B-99B5-07CC0DDC3E1E}.Debug|Any CPU.ActiveCfg = Debug|Any CPU
		{63CEC67D-3BA0-453B-99B5-07CC0DDC3E1E}.Debug|Any CPU.Build.0 = Debug|Any CPU
		{63CEC67D-3BA0-453B-99B5-07CC0DDC3E1E}.Debug|ARM.ActiveCfg = Debug|Any CPU
		{63CEC67D-3BA0-453B-99B5-07CC0DDC3E1E}.Debug|ARM.Build.0 = Debug|Any CPU
		{63CEC67D-3BA0-453B-99B5-07CC0DDC3E1E}.Debug|iPhone.ActiveCfg = Debug|Any CPU
		{63CEC67D-3BA0-453B-99B5-07CC0DDC3E1E}.Debug|iPhone.Build.0 = Debug|Any CPU
		{63CEC67D-3BA0-453B-99B5-07CC0DDC3E1E}.Debug|iPhoneSimulator.ActiveCfg = Debug|Any CPU
		{63CEC67D-3BA0-453B-99B5-07CC0DDC3E1E}.Debug|iPhoneSimulator.Build.0 = Debug|Any CPU
		{63CEC67D-3BA0-453B-99B5-07CC0DDC3E1E}.Debug|Mixed Platforms.ActiveCfg = Debug|Any CPU
		{63CEC67D-3BA0-453B-99B5-07CC0DDC3E1E}.Debug|Mixed Platforms.Build.0 = Debug|Any CPU
		{63CEC67D-3BA0-453B-99B5-07CC0DDC3E1E}.Debug|x64.ActiveCfg = Debug|Any CPU
		{63CEC67D-3BA0-453B-99B5-07CC0DDC3E1E}.Debug|x64.Build.0 = Debug|Any CPU
		{63CEC67D-3BA0-453B-99B5-07CC0DDC3E1E}.Debug|x86.ActiveCfg = Debug|Any CPU
		{63CEC67D-3BA0-453B-99B5-07CC0DDC3E1E}.Debug|x86.Build.0 = Debug|Any CPU
		{63CEC67D-3BA0-453B-99B5-07CC0DDC3E1E}.Release|Any CPU.ActiveCfg = Release|Any CPU
		{63CEC67D-3BA0-453B-99B5-07CC0DDC3E1E}.Release|Any CPU.Build.0 = Release|Any CPU
		{63CEC67D-3BA0-453B-99B5-07CC0DDC3E1E}.Release|ARM.ActiveCfg = Release|Any CPU
		{63CEC67D-3BA0-453B-99B5-07CC0DDC3E1E}.Release|ARM.Build.0 = Release|Any CPU
		{63CEC67D-3BA0-453B-99B5-07CC0DDC3E1E}.Release|iPhone.ActiveCfg = Release|Any CPU
		{63CEC67D-3BA0-453B-99B5-07CC0DDC3E1E}.Release|iPhone.Build.0 = Release|Any CPU
		{63CEC67D-3BA0-453B-99B5-07CC0DDC3E1E}.Release|iPhoneSimulator.ActiveCfg = Release|Any CPU
		{63CEC67D-3BA0-453B-99B5-07CC0DDC3E1E}.Release|iPhoneSimulator.Build.0 = Release|Any CPU
		{63CEC67D-3BA0-453B-99B5-07CC0DDC3E1E}.Release|Mixed Platforms.ActiveCfg = Release|Any CPU
		{63CEC67D-3BA0-453B-99B5-07CC0DDC3E1E}.Release|Mixed Platforms.Build.0 = Release|Any CPU
		{63CEC67D-3BA0-453B-99B5-07CC0DDC3E1E}.Release|x64.ActiveCfg = Release|Any CPU
		{63CEC67D-3BA0-453B-99B5-07CC0DDC3E1E}.Release|x64.Build.0 = Release|Any CPU
		{63CEC67D-3BA0-453B-99B5-07CC0DDC3E1E}.Release|x86.ActiveCfg = Release|Any CPU
		{63CEC67D-3BA0-453B-99B5-07CC0DDC3E1E}.Release|x86.Build.0 = Release|Any CPU
		{BDBCB22F-D740-4C54-9FE5-ABB6BAA92AA0}.Ad-Hoc|Any CPU.ActiveCfg = Release|Any CPU
		{BDBCB22F-D740-4C54-9FE5-ABB6BAA92AA0}.Ad-Hoc|Any CPU.Build.0 = Release|Any CPU
		{BDBCB22F-D740-4C54-9FE5-ABB6BAA92AA0}.Ad-Hoc|ARM.ActiveCfg = Debug|Any CPU
		{BDBCB22F-D740-4C54-9FE5-ABB6BAA92AA0}.Ad-Hoc|ARM.Build.0 = Debug|Any CPU
		{BDBCB22F-D740-4C54-9FE5-ABB6BAA92AA0}.Ad-Hoc|iPhone.ActiveCfg = Release|Any CPU
		{BDBCB22F-D740-4C54-9FE5-ABB6BAA92AA0}.Ad-Hoc|iPhoneSimulator.ActiveCfg = Release|Any CPU
		{BDBCB22F-D740-4C54-9FE5-ABB6BAA92AA0}.Ad-Hoc|Mixed Platforms.ActiveCfg = Release|Any CPU
		{BDBCB22F-D740-4C54-9FE5-ABB6BAA92AA0}.Ad-Hoc|Mixed Platforms.Build.0 = Release|Any CPU
		{BDBCB22F-D740-4C54-9FE5-ABB6BAA92AA0}.Ad-Hoc|x64.ActiveCfg = Debug|Any CPU
		{BDBCB22F-D740-4C54-9FE5-ABB6BAA92AA0}.Ad-Hoc|x64.Build.0 = Debug|Any CPU
		{BDBCB22F-D740-4C54-9FE5-ABB6BAA92AA0}.Ad-Hoc|x86.ActiveCfg = Debug|Any CPU
		{BDBCB22F-D740-4C54-9FE5-ABB6BAA92AA0}.Ad-Hoc|x86.Build.0 = Debug|Any CPU
		{BDBCB22F-D740-4C54-9FE5-ABB6BAA92AA0}.AppStore|Any CPU.ActiveCfg = Release|Any CPU
		{BDBCB22F-D740-4C54-9FE5-ABB6BAA92AA0}.AppStore|Any CPU.Build.0 = Release|Any CPU
		{BDBCB22F-D740-4C54-9FE5-ABB6BAA92AA0}.AppStore|ARM.ActiveCfg = Debug|Any CPU
		{BDBCB22F-D740-4C54-9FE5-ABB6BAA92AA0}.AppStore|ARM.Build.0 = Debug|Any CPU
		{BDBCB22F-D740-4C54-9FE5-ABB6BAA92AA0}.AppStore|iPhone.ActiveCfg = Release|Any CPU
		{BDBCB22F-D740-4C54-9FE5-ABB6BAA92AA0}.AppStore|iPhoneSimulator.ActiveCfg = Release|Any CPU
		{BDBCB22F-D740-4C54-9FE5-ABB6BAA92AA0}.AppStore|Mixed Platforms.ActiveCfg = Release|Any CPU
		{BDBCB22F-D740-4C54-9FE5-ABB6BAA92AA0}.AppStore|Mixed Platforms.Build.0 = Release|Any CPU
		{BDBCB22F-D740-4C54-9FE5-ABB6BAA92AA0}.AppStore|x64.ActiveCfg = Debug|Any CPU
		{BDBCB22F-D740-4C54-9FE5-ABB6BAA92AA0}.AppStore|x64.Build.0 = Debug|Any CPU
		{BDBCB22F-D740-4C54-9FE5-ABB6BAA92AA0}.AppStore|x86.ActiveCfg = Debug|Any CPU
		{BDBCB22F-D740-4C54-9FE5-ABB6BAA92AA0}.AppStore|x86.Build.0 = Debug|Any CPU
		{BDBCB22F-D740-4C54-9FE5-ABB6BAA92AA0}.Debug|Any CPU.ActiveCfg = Debug|Any CPU
		{BDBCB22F-D740-4C54-9FE5-ABB6BAA92AA0}.Debug|Any CPU.Build.0 = Debug|Any CPU
		{BDBCB22F-D740-4C54-9FE5-ABB6BAA92AA0}.Debug|ARM.ActiveCfg = Debug|Any CPU
		{BDBCB22F-D740-4C54-9FE5-ABB6BAA92AA0}.Debug|ARM.Build.0 = Debug|Any CPU
		{BDBCB22F-D740-4C54-9FE5-ABB6BAA92AA0}.Debug|iPhone.ActiveCfg = Debug|Any CPU
		{BDBCB22F-D740-4C54-9FE5-ABB6BAA92AA0}.Debug|iPhoneSimulator.ActiveCfg = Debug|Any CPU
		{BDBCB22F-D740-4C54-9FE5-ABB6BAA92AA0}.Debug|Mixed Platforms.ActiveCfg = Debug|Any CPU
		{BDBCB22F-D740-4C54-9FE5-ABB6BAA92AA0}.Debug|Mixed Platforms.Build.0 = Debug|Any CPU
		{BDBCB22F-D740-4C54-9FE5-ABB6BAA92AA0}.Debug|x64.ActiveCfg = Debug|Any CPU
		{BDBCB22F-D740-4C54-9FE5-ABB6BAA92AA0}.Debug|x64.Build.0 = Debug|Any CPU
		{BDBCB22F-D740-4C54-9FE5-ABB6BAA92AA0}.Debug|x86.ActiveCfg = Debug|Any CPU
		{BDBCB22F-D740-4C54-9FE5-ABB6BAA92AA0}.Debug|x86.Build.0 = Debug|Any CPU
		{BDBCB22F-D740-4C54-9FE5-ABB6BAA92AA0}.Release|Any CPU.ActiveCfg = Release|Any CPU
		{BDBCB22F-D740-4C54-9FE5-ABB6BAA92AA0}.Release|Any CPU.Build.0 = Release|Any CPU
		{BDBCB22F-D740-4C54-9FE5-ABB6BAA92AA0}.Release|ARM.ActiveCfg = Release|Any CPU
		{BDBCB22F-D740-4C54-9FE5-ABB6BAA92AA0}.Release|ARM.Build.0 = Release|Any CPU
		{BDBCB22F-D740-4C54-9FE5-ABB6BAA92AA0}.Release|iPhone.ActiveCfg = Release|Any CPU
		{BDBCB22F-D740-4C54-9FE5-ABB6BAA92AA0}.Release|iPhoneSimulator.ActiveCfg = Release|Any CPU
		{BDBCB22F-D740-4C54-9FE5-ABB6BAA92AA0}.Release|Mixed Platforms.ActiveCfg = Release|Any CPU
		{BDBCB22F-D740-4C54-9FE5-ABB6BAA92AA0}.Release|Mixed Platforms.Build.0 = Release|Any CPU
		{BDBCB22F-D740-4C54-9FE5-ABB6BAA92AA0}.Release|x64.ActiveCfg = Release|Any CPU
		{BDBCB22F-D740-4C54-9FE5-ABB6BAA92AA0}.Release|x64.Build.0 = Release|Any CPU
		{BDBCB22F-D740-4C54-9FE5-ABB6BAA92AA0}.Release|x86.ActiveCfg = Release|Any CPU
		{BDBCB22F-D740-4C54-9FE5-ABB6BAA92AA0}.Release|x86.Build.0 = Release|Any CPU
		{90A54774-0083-48B4-B8A1-2FCCC24CBE86}.Ad-Hoc|Any CPU.ActiveCfg = Release|Any CPU
		{90A54774-0083-48B4-B8A1-2FCCC24CBE86}.Ad-Hoc|Any CPU.Build.0 = Release|Any CPU
		{90A54774-0083-48B4-B8A1-2FCCC24CBE86}.Ad-Hoc|Any CPU.Deploy.0 = Release|Any CPU
		{90A54774-0083-48B4-B8A1-2FCCC24CBE86}.Ad-Hoc|ARM.ActiveCfg = Debug|Any CPU
		{90A54774-0083-48B4-B8A1-2FCCC24CBE86}.Ad-Hoc|ARM.Build.0 = Debug|Any CPU
		{90A54774-0083-48B4-B8A1-2FCCC24CBE86}.Ad-Hoc|ARM.Deploy.0 = Debug|Any CPU
		{90A54774-0083-48B4-B8A1-2FCCC24CBE86}.Ad-Hoc|iPhone.ActiveCfg = Release|Any CPU
		{90A54774-0083-48B4-B8A1-2FCCC24CBE86}.Ad-Hoc|iPhoneSimulator.ActiveCfg = Release|Any CPU
		{90A54774-0083-48B4-B8A1-2FCCC24CBE86}.Ad-Hoc|Mixed Platforms.ActiveCfg = Release|Any CPU
		{90A54774-0083-48B4-B8A1-2FCCC24CBE86}.Ad-Hoc|Mixed Platforms.Build.0 = Release|Any CPU
		{90A54774-0083-48B4-B8A1-2FCCC24CBE86}.Ad-Hoc|Mixed Platforms.Deploy.0 = Release|Any CPU
		{90A54774-0083-48B4-B8A1-2FCCC24CBE86}.Ad-Hoc|x64.ActiveCfg = Debug|Any CPU
		{90A54774-0083-48B4-B8A1-2FCCC24CBE86}.Ad-Hoc|x64.Build.0 = Debug|Any CPU
		{90A54774-0083-48B4-B8A1-2FCCC24CBE86}.Ad-Hoc|x64.Deploy.0 = Debug|Any CPU
		{90A54774-0083-48B4-B8A1-2FCCC24CBE86}.Ad-Hoc|x86.ActiveCfg = Debug|Any CPU
		{90A54774-0083-48B4-B8A1-2FCCC24CBE86}.Ad-Hoc|x86.Build.0 = Debug|Any CPU
		{90A54774-0083-48B4-B8A1-2FCCC24CBE86}.Ad-Hoc|x86.Deploy.0 = Debug|Any CPU
		{90A54774-0083-48B4-B8A1-2FCCC24CBE86}.AppStore|Any CPU.ActiveCfg = Release|Any CPU
		{90A54774-0083-48B4-B8A1-2FCCC24CBE86}.AppStore|Any CPU.Build.0 = Release|Any CPU
		{90A54774-0083-48B4-B8A1-2FCCC24CBE86}.AppStore|Any CPU.Deploy.0 = Release|Any CPU
		{90A54774-0083-48B4-B8A1-2FCCC24CBE86}.AppStore|ARM.ActiveCfg = Debug|Any CPU
		{90A54774-0083-48B4-B8A1-2FCCC24CBE86}.AppStore|ARM.Build.0 = Debug|Any CPU
		{90A54774-0083-48B4-B8A1-2FCCC24CBE86}.AppStore|ARM.Deploy.0 = Debug|Any CPU
		{90A54774-0083-48B4-B8A1-2FCCC24CBE86}.AppStore|iPhone.ActiveCfg = Release|Any CPU
		{90A54774-0083-48B4-B8A1-2FCCC24CBE86}.AppStore|iPhoneSimulator.ActiveCfg = Release|Any CPU
		{90A54774-0083-48B4-B8A1-2FCCC24CBE86}.AppStore|Mixed Platforms.ActiveCfg = Release|Any CPU
		{90A54774-0083-48B4-B8A1-2FCCC24CBE86}.AppStore|Mixed Platforms.Build.0 = Release|Any CPU
		{90A54774-0083-48B4-B8A1-2FCCC24CBE86}.AppStore|Mixed Platforms.Deploy.0 = Release|Any CPU
		{90A54774-0083-48B4-B8A1-2FCCC24CBE86}.AppStore|x64.ActiveCfg = Debug|Any CPU
		{90A54774-0083-48B4-B8A1-2FCCC24CBE86}.AppStore|x64.Build.0 = Debug|Any CPU
		{90A54774-0083-48B4-B8A1-2FCCC24CBE86}.AppStore|x64.Deploy.0 = Debug|Any CPU
		{90A54774-0083-48B4-B8A1-2FCCC24CBE86}.AppStore|x86.ActiveCfg = Debug|Any CPU
		{90A54774-0083-48B4-B8A1-2FCCC24CBE86}.AppStore|x86.Build.0 = Debug|Any CPU
		{90A54774-0083-48B4-B8A1-2FCCC24CBE86}.AppStore|x86.Deploy.0 = Debug|Any CPU
		{90A54774-0083-48B4-B8A1-2FCCC24CBE86}.Debug|Any CPU.ActiveCfg = Debug|Any CPU
		{90A54774-0083-48B4-B8A1-2FCCC24CBE86}.Debug|Any CPU.Build.0 = Debug|Any CPU
		{90A54774-0083-48B4-B8A1-2FCCC24CBE86}.Debug|Any CPU.Deploy.0 = Debug|Any CPU
		{90A54774-0083-48B4-B8A1-2FCCC24CBE86}.Debug|ARM.ActiveCfg = Debug|Any CPU
		{90A54774-0083-48B4-B8A1-2FCCC24CBE86}.Debug|ARM.Build.0 = Debug|Any CPU
		{90A54774-0083-48B4-B8A1-2FCCC24CBE86}.Debug|ARM.Deploy.0 = Debug|Any CPU
		{90A54774-0083-48B4-B8A1-2FCCC24CBE86}.Debug|iPhone.ActiveCfg = Debug|Any CPU
		{90A54774-0083-48B4-B8A1-2FCCC24CBE86}.Debug|iPhoneSimulator.ActiveCfg = Debug|Any CPU
		{90A54774-0083-48B4-B8A1-2FCCC24CBE86}.Debug|Mixed Platforms.ActiveCfg = Debug|Any CPU
		{90A54774-0083-48B4-B8A1-2FCCC24CBE86}.Debug|Mixed Platforms.Build.0 = Debug|Any CPU
		{90A54774-0083-48B4-B8A1-2FCCC24CBE86}.Debug|Mixed Platforms.Deploy.0 = Debug|Any CPU
		{90A54774-0083-48B4-B8A1-2FCCC24CBE86}.Debug|x64.ActiveCfg = Debug|Any CPU
		{90A54774-0083-48B4-B8A1-2FCCC24CBE86}.Debug|x64.Build.0 = Debug|Any CPU
		{90A54774-0083-48B4-B8A1-2FCCC24CBE86}.Debug|x64.Deploy.0 = Debug|Any CPU
		{90A54774-0083-48B4-B8A1-2FCCC24CBE86}.Debug|x86.ActiveCfg = Debug|Any CPU
		{90A54774-0083-48B4-B8A1-2FCCC24CBE86}.Debug|x86.Build.0 = Debug|Any CPU
		{90A54774-0083-48B4-B8A1-2FCCC24CBE86}.Debug|x86.Deploy.0 = Debug|Any CPU
		{90A54774-0083-48B4-B8A1-2FCCC24CBE86}.Release|Any CPU.ActiveCfg = Release|Any CPU
		{90A54774-0083-48B4-B8A1-2FCCC24CBE86}.Release|Any CPU.Build.0 = Release|Any CPU
		{90A54774-0083-48B4-B8A1-2FCCC24CBE86}.Release|Any CPU.Deploy.0 = Release|Any CPU
		{90A54774-0083-48B4-B8A1-2FCCC24CBE86}.Release|ARM.ActiveCfg = Release|Any CPU
		{90A54774-0083-48B4-B8A1-2FCCC24CBE86}.Release|ARM.Build.0 = Release|Any CPU
		{90A54774-0083-48B4-B8A1-2FCCC24CBE86}.Release|ARM.Deploy.0 = Release|Any CPU
		{90A54774-0083-48B4-B8A1-2FCCC24CBE86}.Release|iPhone.ActiveCfg = Release|Any CPU
		{90A54774-0083-48B4-B8A1-2FCCC24CBE86}.Release|iPhoneSimulator.ActiveCfg = Release|Any CPU
		{90A54774-0083-48B4-B8A1-2FCCC24CBE86}.Release|Mixed Platforms.ActiveCfg = Release|Any CPU
		{90A54774-0083-48B4-B8A1-2FCCC24CBE86}.Release|x64.ActiveCfg = Release|Any CPU
		{90A54774-0083-48B4-B8A1-2FCCC24CBE86}.Release|x64.Build.0 = Release|Any CPU
		{90A54774-0083-48B4-B8A1-2FCCC24CBE86}.Release|x64.Deploy.0 = Release|Any CPU
		{90A54774-0083-48B4-B8A1-2FCCC24CBE86}.Release|x86.ActiveCfg = Release|Any CPU
		{90A54774-0083-48B4-B8A1-2FCCC24CBE86}.Release|x86.Build.0 = Release|Any CPU
		{90A54774-0083-48B4-B8A1-2FCCC24CBE86}.Release|x86.Deploy.0 = Release|Any CPU
		{1B396C98-0EB8-461C-8B00-0D52C262F377}.Ad-Hoc|Any CPU.ActiveCfg = Release|Any CPU
		{1B396C98-0EB8-461C-8B00-0D52C262F377}.Ad-Hoc|Any CPU.Build.0 = Release|Any CPU
		{1B396C98-0EB8-461C-8B00-0D52C262F377}.Ad-Hoc|Any CPU.Deploy.0 = Release|Any CPU
		{1B396C98-0EB8-461C-8B00-0D52C262F377}.Ad-Hoc|ARM.ActiveCfg = Debug|Any CPU
		{1B396C98-0EB8-461C-8B00-0D52C262F377}.Ad-Hoc|ARM.Build.0 = Debug|Any CPU
		{1B396C98-0EB8-461C-8B00-0D52C262F377}.Ad-Hoc|ARM.Deploy.0 = Debug|Any CPU
		{1B396C98-0EB8-461C-8B00-0D52C262F377}.Ad-Hoc|iPhone.ActiveCfg = Release|Any CPU
		{1B396C98-0EB8-461C-8B00-0D52C262F377}.Ad-Hoc|iPhoneSimulator.ActiveCfg = Release|Any CPU
		{1B396C98-0EB8-461C-8B00-0D52C262F377}.Ad-Hoc|Mixed Platforms.ActiveCfg = Release|Any CPU
		{1B396C98-0EB8-461C-8B00-0D52C262F377}.Ad-Hoc|Mixed Platforms.Build.0 = Release|Any CPU
		{1B396C98-0EB8-461C-8B00-0D52C262F377}.Ad-Hoc|Mixed Platforms.Deploy.0 = Release|Any CPU
		{1B396C98-0EB8-461C-8B00-0D52C262F377}.Ad-Hoc|x64.ActiveCfg = Debug|Any CPU
		{1B396C98-0EB8-461C-8B00-0D52C262F377}.Ad-Hoc|x64.Build.0 = Debug|Any CPU
		{1B396C98-0EB8-461C-8B00-0D52C262F377}.Ad-Hoc|x64.Deploy.0 = Debug|Any CPU
		{1B396C98-0EB8-461C-8B00-0D52C262F377}.Ad-Hoc|x86.ActiveCfg = Debug|Any CPU
		{1B396C98-0EB8-461C-8B00-0D52C262F377}.Ad-Hoc|x86.Build.0 = Debug|Any CPU
		{1B396C98-0EB8-461C-8B00-0D52C262F377}.Ad-Hoc|x86.Deploy.0 = Debug|Any CPU
		{1B396C98-0EB8-461C-8B00-0D52C262F377}.AppStore|Any CPU.ActiveCfg = Release|Any CPU
		{1B396C98-0EB8-461C-8B00-0D52C262F377}.AppStore|Any CPU.Build.0 = Release|Any CPU
		{1B396C98-0EB8-461C-8B00-0D52C262F377}.AppStore|Any CPU.Deploy.0 = Release|Any CPU
		{1B396C98-0EB8-461C-8B00-0D52C262F377}.AppStore|ARM.ActiveCfg = Debug|Any CPU
		{1B396C98-0EB8-461C-8B00-0D52C262F377}.AppStore|ARM.Build.0 = Debug|Any CPU
		{1B396C98-0EB8-461C-8B00-0D52C262F377}.AppStore|ARM.Deploy.0 = Debug|Any CPU
		{1B396C98-0EB8-461C-8B00-0D52C262F377}.AppStore|iPhone.ActiveCfg = Release|Any CPU
		{1B396C98-0EB8-461C-8B00-0D52C262F377}.AppStore|iPhoneSimulator.ActiveCfg = Release|Any CPU
		{1B396C98-0EB8-461C-8B00-0D52C262F377}.AppStore|Mixed Platforms.ActiveCfg = Release|Any CPU
		{1B396C98-0EB8-461C-8B00-0D52C262F377}.AppStore|Mixed Platforms.Build.0 = Release|Any CPU
		{1B396C98-0EB8-461C-8B00-0D52C262F377}.AppStore|Mixed Platforms.Deploy.0 = Release|Any CPU
		{1B396C98-0EB8-461C-8B00-0D52C262F377}.AppStore|x64.ActiveCfg = Debug|Any CPU
		{1B396C98-0EB8-461C-8B00-0D52C262F377}.AppStore|x64.Build.0 = Debug|Any CPU
		{1B396C98-0EB8-461C-8B00-0D52C262F377}.AppStore|x64.Deploy.0 = Debug|Any CPU
		{1B396C98-0EB8-461C-8B00-0D52C262F377}.AppStore|x86.ActiveCfg = Debug|Any CPU
		{1B396C98-0EB8-461C-8B00-0D52C262F377}.AppStore|x86.Build.0 = Debug|Any CPU
		{1B396C98-0EB8-461C-8B00-0D52C262F377}.AppStore|x86.Deploy.0 = Debug|Any CPU
		{1B396C98-0EB8-461C-8B00-0D52C262F377}.Debug|Any CPU.ActiveCfg = Debug|Any CPU
		{1B396C98-0EB8-461C-8B00-0D52C262F377}.Debug|Any CPU.Build.0 = Debug|Any CPU
		{1B396C98-0EB8-461C-8B00-0D52C262F377}.Debug|Any CPU.Deploy.0 = Debug|Any CPU
		{1B396C98-0EB8-461C-8B00-0D52C262F377}.Debug|ARM.ActiveCfg = Debug|Any CPU
		{1B396C98-0EB8-461C-8B00-0D52C262F377}.Debug|ARM.Build.0 = Debug|Any CPU
		{1B396C98-0EB8-461C-8B00-0D52C262F377}.Debug|ARM.Deploy.0 = Debug|Any CPU
		{1B396C98-0EB8-461C-8B00-0D52C262F377}.Debug|iPhone.ActiveCfg = Debug|Any CPU
		{1B396C98-0EB8-461C-8B00-0D52C262F377}.Debug|iPhoneSimulator.ActiveCfg = Debug|Any CPU
		{1B396C98-0EB8-461C-8B00-0D52C262F377}.Debug|Mixed Platforms.ActiveCfg = Debug|Any CPU
		{1B396C98-0EB8-461C-8B00-0D52C262F377}.Debug|Mixed Platforms.Build.0 = Debug|Any CPU
		{1B396C98-0EB8-461C-8B00-0D52C262F377}.Debug|Mixed Platforms.Deploy.0 = Debug|Any CPU
		{1B396C98-0EB8-461C-8B00-0D52C262F377}.Debug|x64.ActiveCfg = Debug|Any CPU
		{1B396C98-0EB8-461C-8B00-0D52C262F377}.Debug|x64.Build.0 = Debug|Any CPU
		{1B396C98-0EB8-461C-8B00-0D52C262F377}.Debug|x64.Deploy.0 = Debug|Any CPU
		{1B396C98-0EB8-461C-8B00-0D52C262F377}.Debug|x86.ActiveCfg = Debug|Any CPU
		{1B396C98-0EB8-461C-8B00-0D52C262F377}.Debug|x86.Build.0 = Debug|Any CPU
		{1B396C98-0EB8-461C-8B00-0D52C262F377}.Debug|x86.Deploy.0 = Debug|Any CPU
		{1B396C98-0EB8-461C-8B00-0D52C262F377}.Release|Any CPU.ActiveCfg = Release|Any CPU
		{1B396C98-0EB8-461C-8B00-0D52C262F377}.Release|Any CPU.Build.0 = Release|Any CPU
		{1B396C98-0EB8-461C-8B00-0D52C262F377}.Release|Any CPU.Deploy.0 = Release|Any CPU
		{1B396C98-0EB8-461C-8B00-0D52C262F377}.Release|ARM.ActiveCfg = Release|Any CPU
		{1B396C98-0EB8-461C-8B00-0D52C262F377}.Release|ARM.Build.0 = Release|Any CPU
		{1B396C98-0EB8-461C-8B00-0D52C262F377}.Release|ARM.Deploy.0 = Release|Any CPU
		{1B396C98-0EB8-461C-8B00-0D52C262F377}.Release|iPhone.ActiveCfg = Release|Any CPU
		{1B396C98-0EB8-461C-8B00-0D52C262F377}.Release|iPhoneSimulator.ActiveCfg = Release|Any CPU
		{1B396C98-0EB8-461C-8B00-0D52C262F377}.Release|Mixed Platforms.ActiveCfg = Release|Any CPU
		{1B396C98-0EB8-461C-8B00-0D52C262F377}.Release|x64.ActiveCfg = Release|Any CPU
		{1B396C98-0EB8-461C-8B00-0D52C262F377}.Release|x64.Build.0 = Release|Any CPU
		{1B396C98-0EB8-461C-8B00-0D52C262F377}.Release|x64.Deploy.0 = Release|Any CPU
		{1B396C98-0EB8-461C-8B00-0D52C262F377}.Release|x86.ActiveCfg = Release|Any CPU
		{1B396C98-0EB8-461C-8B00-0D52C262F377}.Release|x86.Build.0 = Release|Any CPU
		{1B396C98-0EB8-461C-8B00-0D52C262F377}.Release|x86.Deploy.0 = Release|Any CPU
		{A6080690-BD84-454F-B1AB-091F9D0E4DCE}.Ad-Hoc|Any CPU.ActiveCfg = Ad-Hoc|iPhone
		{A6080690-BD84-454F-B1AB-091F9D0E4DCE}.Ad-Hoc|ARM.ActiveCfg = Ad-Hoc|iPhoneSimulator
		{A6080690-BD84-454F-B1AB-091F9D0E4DCE}.Ad-Hoc|iPhone.ActiveCfg = Ad-Hoc|iPhone
		{A6080690-BD84-454F-B1AB-091F9D0E4DCE}.Ad-Hoc|iPhone.Build.0 = Ad-Hoc|iPhone
		{A6080690-BD84-454F-B1AB-091F9D0E4DCE}.Ad-Hoc|iPhone.Deploy.0 = Ad-Hoc|iPhone
		{A6080690-BD84-454F-B1AB-091F9D0E4DCE}.Ad-Hoc|iPhoneSimulator.ActiveCfg = Ad-Hoc|iPhoneSimulator
		{A6080690-BD84-454F-B1AB-091F9D0E4DCE}.Ad-Hoc|iPhoneSimulator.Build.0 = Ad-Hoc|iPhoneSimulator
		{A6080690-BD84-454F-B1AB-091F9D0E4DCE}.Ad-Hoc|iPhoneSimulator.Deploy.0 = Ad-Hoc|iPhoneSimulator
		{A6080690-BD84-454F-B1AB-091F9D0E4DCE}.Ad-Hoc|Mixed Platforms.ActiveCfg = Ad-Hoc|iPhone
		{A6080690-BD84-454F-B1AB-091F9D0E4DCE}.Ad-Hoc|Mixed Platforms.Build.0 = Ad-Hoc|iPhone
		{A6080690-BD84-454F-B1AB-091F9D0E4DCE}.Ad-Hoc|Mixed Platforms.Deploy.0 = Ad-Hoc|iPhone
		{A6080690-BD84-454F-B1AB-091F9D0E4DCE}.Ad-Hoc|x64.ActiveCfg = Ad-Hoc|iPhoneSimulator
		{A6080690-BD84-454F-B1AB-091F9D0E4DCE}.Ad-Hoc|x86.ActiveCfg = Ad-Hoc|iPhoneSimulator
		{A6080690-BD84-454F-B1AB-091F9D0E4DCE}.AppStore|Any CPU.ActiveCfg = AppStore|iPhone
		{A6080690-BD84-454F-B1AB-091F9D0E4DCE}.AppStore|ARM.ActiveCfg = AppStore|iPhoneSimulator
		{A6080690-BD84-454F-B1AB-091F9D0E4DCE}.AppStore|iPhone.ActiveCfg = AppStore|iPhone
		{A6080690-BD84-454F-B1AB-091F9D0E4DCE}.AppStore|iPhone.Build.0 = AppStore|iPhone
		{A6080690-BD84-454F-B1AB-091F9D0E4DCE}.AppStore|iPhone.Deploy.0 = AppStore|iPhone
		{A6080690-BD84-454F-B1AB-091F9D0E4DCE}.AppStore|iPhoneSimulator.ActiveCfg = AppStore|iPhoneSimulator
		{A6080690-BD84-454F-B1AB-091F9D0E4DCE}.AppStore|iPhoneSimulator.Build.0 = AppStore|iPhoneSimulator
		{A6080690-BD84-454F-B1AB-091F9D0E4DCE}.AppStore|iPhoneSimulator.Deploy.0 = AppStore|iPhoneSimulator
		{A6080690-BD84-454F-B1AB-091F9D0E4DCE}.AppStore|Mixed Platforms.ActiveCfg = AppStore|iPhone
		{A6080690-BD84-454F-B1AB-091F9D0E4DCE}.AppStore|Mixed Platforms.Build.0 = AppStore|iPhone
		{A6080690-BD84-454F-B1AB-091F9D0E4DCE}.AppStore|Mixed Platforms.Deploy.0 = AppStore|iPhone
		{A6080690-BD84-454F-B1AB-091F9D0E4DCE}.AppStore|x64.ActiveCfg = AppStore|iPhoneSimulator
		{A6080690-BD84-454F-B1AB-091F9D0E4DCE}.AppStore|x86.ActiveCfg = AppStore|iPhoneSimulator
		{A6080690-BD84-454F-B1AB-091F9D0E4DCE}.Debug|Any CPU.ActiveCfg = Debug|iPhone
		{A6080690-BD84-454F-B1AB-091F9D0E4DCE}.Debug|ARM.ActiveCfg = Debug|iPhoneSimulator
		{A6080690-BD84-454F-B1AB-091F9D0E4DCE}.Debug|iPhone.ActiveCfg = Debug|iPhone
		{A6080690-BD84-454F-B1AB-091F9D0E4DCE}.Debug|iPhone.Build.0 = Debug|iPhone
		{A6080690-BD84-454F-B1AB-091F9D0E4DCE}.Debug|iPhone.Deploy.0 = Debug|iPhone
		{A6080690-BD84-454F-B1AB-091F9D0E4DCE}.Debug|iPhoneSimulator.ActiveCfg = Debug|iPhoneSimulator
		{A6080690-BD84-454F-B1AB-091F9D0E4DCE}.Debug|iPhoneSimulator.Build.0 = Debug|iPhoneSimulator
		{A6080690-BD84-454F-B1AB-091F9D0E4DCE}.Debug|iPhoneSimulator.Deploy.0 = Debug|iPhoneSimulator
		{A6080690-BD84-454F-B1AB-091F9D0E4DCE}.Debug|Mixed Platforms.ActiveCfg = Debug|iPhoneSimulator
		{A6080690-BD84-454F-B1AB-091F9D0E4DCE}.Debug|Mixed Platforms.Build.0 = Debug|iPhoneSimulator
		{A6080690-BD84-454F-B1AB-091F9D0E4DCE}.Debug|Mixed Platforms.Deploy.0 = Debug|iPhoneSimulator
		{A6080690-BD84-454F-B1AB-091F9D0E4DCE}.Debug|x64.ActiveCfg = Debug|iPhoneSimulator
		{A6080690-BD84-454F-B1AB-091F9D0E4DCE}.Debug|x86.ActiveCfg = Debug|iPhoneSimulator
		{A6080690-BD84-454F-B1AB-091F9D0E4DCE}.Release|Any CPU.ActiveCfg = Release|iPhone
		{A6080690-BD84-454F-B1AB-091F9D0E4DCE}.Release|ARM.ActiveCfg = Release|iPhoneSimulator
		{A6080690-BD84-454F-B1AB-091F9D0E4DCE}.Release|iPhone.ActiveCfg = Release|iPhone
		{A6080690-BD84-454F-B1AB-091F9D0E4DCE}.Release|iPhone.Build.0 = Release|iPhone
		{A6080690-BD84-454F-B1AB-091F9D0E4DCE}.Release|iPhone.Deploy.0 = Release|iPhone
		{A6080690-BD84-454F-B1AB-091F9D0E4DCE}.Release|iPhoneSimulator.ActiveCfg = Release|iPhoneSimulator
		{A6080690-BD84-454F-B1AB-091F9D0E4DCE}.Release|iPhoneSimulator.Build.0 = Release|iPhoneSimulator
		{A6080690-BD84-454F-B1AB-091F9D0E4DCE}.Release|iPhoneSimulator.Deploy.0 = Release|iPhoneSimulator
		{A6080690-BD84-454F-B1AB-091F9D0E4DCE}.Release|Mixed Platforms.ActiveCfg = Release|iPhone
		{A6080690-BD84-454F-B1AB-091F9D0E4DCE}.Release|Mixed Platforms.Build.0 = Release|iPhone
		{A6080690-BD84-454F-B1AB-091F9D0E4DCE}.Release|Mixed Platforms.Deploy.0 = Release|iPhone
		{A6080690-BD84-454F-B1AB-091F9D0E4DCE}.Release|x64.ActiveCfg = Release|iPhoneSimulator
		{A6080690-BD84-454F-B1AB-091F9D0E4DCE}.Release|x86.ActiveCfg = Release|iPhoneSimulator
		{D50A6EC5-B1F4-4352-BBC5-2A956A55F2AE}.Ad-Hoc|Any CPU.ActiveCfg = Release|Any CPU
		{D50A6EC5-B1F4-4352-BBC5-2A956A55F2AE}.Ad-Hoc|Any CPU.Build.0 = Release|Any CPU
		{D50A6EC5-B1F4-4352-BBC5-2A956A55F2AE}.Ad-Hoc|Any CPU.Deploy.0 = Release|Any CPU
		{D50A6EC5-B1F4-4352-BBC5-2A956A55F2AE}.Ad-Hoc|ARM.ActiveCfg = Release|ARM
		{D50A6EC5-B1F4-4352-BBC5-2A956A55F2AE}.Ad-Hoc|ARM.Build.0 = Release|ARM
		{D50A6EC5-B1F4-4352-BBC5-2A956A55F2AE}.Ad-Hoc|ARM.Deploy.0 = Release|ARM
		{D50A6EC5-B1F4-4352-BBC5-2A956A55F2AE}.Ad-Hoc|iPhone.ActiveCfg = Release|Any CPU
		{D50A6EC5-B1F4-4352-BBC5-2A956A55F2AE}.Ad-Hoc|iPhoneSimulator.ActiveCfg = Release|Any CPU
		{D50A6EC5-B1F4-4352-BBC5-2A956A55F2AE}.Ad-Hoc|Mixed Platforms.ActiveCfg = Release|Any CPU
		{D50A6EC5-B1F4-4352-BBC5-2A956A55F2AE}.Ad-Hoc|Mixed Platforms.Build.0 = Release|Any CPU
		{D50A6EC5-B1F4-4352-BBC5-2A956A55F2AE}.Ad-Hoc|Mixed Platforms.Deploy.0 = Release|Any CPU
		{D50A6EC5-B1F4-4352-BBC5-2A956A55F2AE}.Ad-Hoc|x64.ActiveCfg = Debug|Any CPU
		{D50A6EC5-B1F4-4352-BBC5-2A956A55F2AE}.Ad-Hoc|x64.Build.0 = Debug|Any CPU
		{D50A6EC5-B1F4-4352-BBC5-2A956A55F2AE}.Ad-Hoc|x64.Deploy.0 = Debug|Any CPU
		{D50A6EC5-B1F4-4352-BBC5-2A956A55F2AE}.Ad-Hoc|x86.ActiveCfg = Release|x86
		{D50A6EC5-B1F4-4352-BBC5-2A956A55F2AE}.Ad-Hoc|x86.Build.0 = Release|x86
		{D50A6EC5-B1F4-4352-BBC5-2A956A55F2AE}.Ad-Hoc|x86.Deploy.0 = Release|x86
		{D50A6EC5-B1F4-4352-BBC5-2A956A55F2AE}.AppStore|Any CPU.ActiveCfg = Release|Any CPU
		{D50A6EC5-B1F4-4352-BBC5-2A956A55F2AE}.AppStore|Any CPU.Build.0 = Release|Any CPU
		{D50A6EC5-B1F4-4352-BBC5-2A956A55F2AE}.AppStore|Any CPU.Deploy.0 = Release|Any CPU
		{D50A6EC5-B1F4-4352-BBC5-2A956A55F2AE}.AppStore|ARM.ActiveCfg = Release|ARM
		{D50A6EC5-B1F4-4352-BBC5-2A956A55F2AE}.AppStore|ARM.Build.0 = Release|ARM
		{D50A6EC5-B1F4-4352-BBC5-2A956A55F2AE}.AppStore|ARM.Deploy.0 = Release|ARM
		{D50A6EC5-B1F4-4352-BBC5-2A956A55F2AE}.AppStore|iPhone.ActiveCfg = Release|Any CPU
		{D50A6EC5-B1F4-4352-BBC5-2A956A55F2AE}.AppStore|iPhoneSimulator.ActiveCfg = Release|Any CPU
		{D50A6EC5-B1F4-4352-BBC5-2A956A55F2AE}.AppStore|Mixed Platforms.ActiveCfg = Release|Any CPU
		{D50A6EC5-B1F4-4352-BBC5-2A956A55F2AE}.AppStore|Mixed Platforms.Build.0 = Release|Any CPU
		{D50A6EC5-B1F4-4352-BBC5-2A956A55F2AE}.AppStore|Mixed Platforms.Deploy.0 = Release|Any CPU
		{D50A6EC5-B1F4-4352-BBC5-2A956A55F2AE}.AppStore|x64.ActiveCfg = Debug|Any CPU
		{D50A6EC5-B1F4-4352-BBC5-2A956A55F2AE}.AppStore|x64.Build.0 = Debug|Any CPU
		{D50A6EC5-B1F4-4352-BBC5-2A956A55F2AE}.AppStore|x64.Deploy.0 = Debug|Any CPU
		{D50A6EC5-B1F4-4352-BBC5-2A956A55F2AE}.AppStore|x86.ActiveCfg = Release|x86
		{D50A6EC5-B1F4-4352-BBC5-2A956A55F2AE}.AppStore|x86.Build.0 = Release|x86
		{D50A6EC5-B1F4-4352-BBC5-2A956A55F2AE}.AppStore|x86.Deploy.0 = Release|x86
		{D50A6EC5-B1F4-4352-BBC5-2A956A55F2AE}.Debug|Any CPU.ActiveCfg = Debug|Any CPU
		{D50A6EC5-B1F4-4352-BBC5-2A956A55F2AE}.Debug|Any CPU.Build.0 = Debug|Any CPU
		{D50A6EC5-B1F4-4352-BBC5-2A956A55F2AE}.Debug|Any CPU.Deploy.0 = Debug|Any CPU
		{D50A6EC5-B1F4-4352-BBC5-2A956A55F2AE}.Debug|ARM.ActiveCfg = Debug|ARM
		{D50A6EC5-B1F4-4352-BBC5-2A956A55F2AE}.Debug|ARM.Build.0 = Debug|ARM
		{D50A6EC5-B1F4-4352-BBC5-2A956A55F2AE}.Debug|ARM.Deploy.0 = Debug|ARM
		{D50A6EC5-B1F4-4352-BBC5-2A956A55F2AE}.Debug|iPhone.ActiveCfg = Debug|Any CPU
		{D50A6EC5-B1F4-4352-BBC5-2A956A55F2AE}.Debug|iPhoneSimulator.ActiveCfg = Debug|Any CPU
		{D50A6EC5-B1F4-4352-BBC5-2A956A55F2AE}.Debug|Mixed Platforms.ActiveCfg = Debug|Any CPU
		{D50A6EC5-B1F4-4352-BBC5-2A956A55F2AE}.Debug|Mixed Platforms.Build.0 = Debug|Any CPU
		{D50A6EC5-B1F4-4352-BBC5-2A956A55F2AE}.Debug|Mixed Platforms.Deploy.0 = Debug|Any CPU
		{D50A6EC5-B1F4-4352-BBC5-2A956A55F2AE}.Debug|x64.ActiveCfg = Debug|Any CPU
		{D50A6EC5-B1F4-4352-BBC5-2A956A55F2AE}.Debug|x64.Build.0 = Debug|Any CPU
		{D50A6EC5-B1F4-4352-BBC5-2A956A55F2AE}.Debug|x64.Deploy.0 = Debug|Any CPU
		{D50A6EC5-B1F4-4352-BBC5-2A956A55F2AE}.Debug|x86.ActiveCfg = Debug|x86
		{D50A6EC5-B1F4-4352-BBC5-2A956A55F2AE}.Debug|x86.Build.0 = Debug|x86
		{D50A6EC5-B1F4-4352-BBC5-2A956A55F2AE}.Debug|x86.Deploy.0 = Debug|x86
		{D50A6EC5-B1F4-4352-BBC5-2A956A55F2AE}.Release|Any CPU.ActiveCfg = Release|Any CPU
		{D50A6EC5-B1F4-4352-BBC5-2A956A55F2AE}.Release|Any CPU.Build.0 = Release|Any CPU
		{D50A6EC5-B1F4-4352-BBC5-2A956A55F2AE}.Release|Any CPU.Deploy.0 = Release|Any CPU
		{D50A6EC5-B1F4-4352-BBC5-2A956A55F2AE}.Release|ARM.ActiveCfg = Release|ARM
		{D50A6EC5-B1F4-4352-BBC5-2A956A55F2AE}.Release|ARM.Build.0 = Release|ARM
		{D50A6EC5-B1F4-4352-BBC5-2A956A55F2AE}.Release|ARM.Deploy.0 = Release|ARM
		{D50A6EC5-B1F4-4352-BBC5-2A956A55F2AE}.Release|iPhone.ActiveCfg = Release|Any CPU
		{D50A6EC5-B1F4-4352-BBC5-2A956A55F2AE}.Release|iPhoneSimulator.ActiveCfg = Release|Any CPU
		{D50A6EC5-B1F4-4352-BBC5-2A956A55F2AE}.Release|Mixed Platforms.ActiveCfg = Release|Any CPU
		{D50A6EC5-B1F4-4352-BBC5-2A956A55F2AE}.Release|Mixed Platforms.Build.0 = Release|Any CPU
		{D50A6EC5-B1F4-4352-BBC5-2A956A55F2AE}.Release|Mixed Platforms.Deploy.0 = Release|Any CPU
		{D50A6EC5-B1F4-4352-BBC5-2A956A55F2AE}.Release|x64.ActiveCfg = Release|Any CPU
		{D50A6EC5-B1F4-4352-BBC5-2A956A55F2AE}.Release|x64.Build.0 = Release|Any CPU
		{D50A6EC5-B1F4-4352-BBC5-2A956A55F2AE}.Release|x64.Deploy.0 = Release|Any CPU
		{D50A6EC5-B1F4-4352-BBC5-2A956A55F2AE}.Release|x86.ActiveCfg = Release|x86
		{D50A6EC5-B1F4-4352-BBC5-2A956A55F2AE}.Release|x86.Build.0 = Release|x86
		{D50A6EC5-B1F4-4352-BBC5-2A956A55F2AE}.Release|x86.Deploy.0 = Release|x86
		{ABE87D5E-AF6E-413C-8A06-DE9B2DA30EBA}.Ad-Hoc|Any CPU.ActiveCfg = Ad-Hoc|iPhone
		{ABE87D5E-AF6E-413C-8A06-DE9B2DA30EBA}.Ad-Hoc|ARM.ActiveCfg = Ad-Hoc|iPhoneSimulator
		{ABE87D5E-AF6E-413C-8A06-DE9B2DA30EBA}.Ad-Hoc|iPhone.ActiveCfg = Ad-Hoc|iPhone
		{ABE87D5E-AF6E-413C-8A06-DE9B2DA30EBA}.Ad-Hoc|iPhone.Build.0 = Ad-Hoc|iPhone
		{ABE87D5E-AF6E-413C-8A06-DE9B2DA30EBA}.Ad-Hoc|iPhoneSimulator.ActiveCfg = Ad-Hoc|iPhoneSimulator
		{ABE87D5E-AF6E-413C-8A06-DE9B2DA30EBA}.Ad-Hoc|iPhoneSimulator.Build.0 = Ad-Hoc|iPhoneSimulator
		{ABE87D5E-AF6E-413C-8A06-DE9B2DA30EBA}.Ad-Hoc|Mixed Platforms.ActiveCfg = Ad-Hoc|iPhone
		{ABE87D5E-AF6E-413C-8A06-DE9B2DA30EBA}.Ad-Hoc|Mixed Platforms.Build.0 = Ad-Hoc|iPhone
		{ABE87D5E-AF6E-413C-8A06-DE9B2DA30EBA}.Ad-Hoc|x64.ActiveCfg = Ad-Hoc|iPhoneSimulator
		{ABE87D5E-AF6E-413C-8A06-DE9B2DA30EBA}.Ad-Hoc|x86.ActiveCfg = Ad-Hoc|iPhoneSimulator
		{ABE87D5E-AF6E-413C-8A06-DE9B2DA30EBA}.AppStore|Any CPU.ActiveCfg = AppStore|iPhone
		{ABE87D5E-AF6E-413C-8A06-DE9B2DA30EBA}.AppStore|ARM.ActiveCfg = AppStore|iPhoneSimulator
		{ABE87D5E-AF6E-413C-8A06-DE9B2DA30EBA}.AppStore|iPhone.ActiveCfg = AppStore|iPhone
		{ABE87D5E-AF6E-413C-8A06-DE9B2DA30EBA}.AppStore|iPhone.Build.0 = AppStore|iPhone
		{ABE87D5E-AF6E-413C-8A06-DE9B2DA30EBA}.AppStore|iPhoneSimulator.ActiveCfg = AppStore|iPhoneSimulator
		{ABE87D5E-AF6E-413C-8A06-DE9B2DA30EBA}.AppStore|iPhoneSimulator.Build.0 = AppStore|iPhoneSimulator
		{ABE87D5E-AF6E-413C-8A06-DE9B2DA30EBA}.AppStore|Mixed Platforms.ActiveCfg = AppStore|iPhone
		{ABE87D5E-AF6E-413C-8A06-DE9B2DA30EBA}.AppStore|Mixed Platforms.Build.0 = AppStore|iPhone
		{ABE87D5E-AF6E-413C-8A06-DE9B2DA30EBA}.AppStore|x64.ActiveCfg = AppStore|iPhoneSimulator
		{ABE87D5E-AF6E-413C-8A06-DE9B2DA30EBA}.AppStore|x86.ActiveCfg = AppStore|iPhoneSimulator
		{ABE87D5E-AF6E-413C-8A06-DE9B2DA30EBA}.Debug|Any CPU.ActiveCfg = Debug|iPhone
		{ABE87D5E-AF6E-413C-8A06-DE9B2DA30EBA}.Debug|ARM.ActiveCfg = Debug|iPhoneSimulator
		{ABE87D5E-AF6E-413C-8A06-DE9B2DA30EBA}.Debug|iPhone.ActiveCfg = Debug|iPhone
		{ABE87D5E-AF6E-413C-8A06-DE9B2DA30EBA}.Debug|iPhone.Build.0 = Debug|iPhone
		{ABE87D5E-AF6E-413C-8A06-DE9B2DA30EBA}.Debug|iPhoneSimulator.ActiveCfg = Debug|iPhoneSimulator
		{ABE87D5E-AF6E-413C-8A06-DE9B2DA30EBA}.Debug|iPhoneSimulator.Build.0 = Debug|iPhoneSimulator
		{ABE87D5E-AF6E-413C-8A06-DE9B2DA30EBA}.Debug|Mixed Platforms.ActiveCfg = Debug|iPhoneSimulator
		{ABE87D5E-AF6E-413C-8A06-DE9B2DA30EBA}.Debug|Mixed Platforms.Build.0 = Debug|iPhoneSimulator
		{ABE87D5E-AF6E-413C-8A06-DE9B2DA30EBA}.Debug|x64.ActiveCfg = Debug|iPhoneSimulator
		{ABE87D5E-AF6E-413C-8A06-DE9B2DA30EBA}.Debug|x86.ActiveCfg = Debug|iPhoneSimulator
		{ABE87D5E-AF6E-413C-8A06-DE9B2DA30EBA}.Release|Any CPU.ActiveCfg = Release|iPhone
		{ABE87D5E-AF6E-413C-8A06-DE9B2DA30EBA}.Release|ARM.ActiveCfg = Release|iPhoneSimulator
		{ABE87D5E-AF6E-413C-8A06-DE9B2DA30EBA}.Release|iPhone.ActiveCfg = Release|iPhone
		{ABE87D5E-AF6E-413C-8A06-DE9B2DA30EBA}.Release|iPhone.Build.0 = Release|iPhone
		{ABE87D5E-AF6E-413C-8A06-DE9B2DA30EBA}.Release|iPhoneSimulator.ActiveCfg = Release|iPhoneSimulator
		{ABE87D5E-AF6E-413C-8A06-DE9B2DA30EBA}.Release|iPhoneSimulator.Build.0 = Release|iPhoneSimulator
		{ABE87D5E-AF6E-413C-8A06-DE9B2DA30EBA}.Release|Mixed Platforms.ActiveCfg = Release|iPhone
		{ABE87D5E-AF6E-413C-8A06-DE9B2DA30EBA}.Release|Mixed Platforms.Build.0 = Release|iPhone
		{ABE87D5E-AF6E-413C-8A06-DE9B2DA30EBA}.Release|x64.ActiveCfg = Release|iPhoneSimulator
		{ABE87D5E-AF6E-413C-8A06-DE9B2DA30EBA}.Release|x86.ActiveCfg = Release|iPhoneSimulator
		{E673C03E-871C-4849-9AE3-15C8378658B5}.Ad-Hoc|Any CPU.ActiveCfg = Release|x86
		{E673C03E-871C-4849-9AE3-15C8378658B5}.Ad-Hoc|Any CPU.Build.0 = Release|x86
		{E673C03E-871C-4849-9AE3-15C8378658B5}.Ad-Hoc|Any CPU.Deploy.0 = Release|x86
		{E673C03E-871C-4849-9AE3-15C8378658B5}.Ad-Hoc|ARM.ActiveCfg = Release|ARM
		{E673C03E-871C-4849-9AE3-15C8378658B5}.Ad-Hoc|ARM.Build.0 = Release|ARM
		{E673C03E-871C-4849-9AE3-15C8378658B5}.Ad-Hoc|ARM.Deploy.0 = Release|ARM
		{E673C03E-871C-4849-9AE3-15C8378658B5}.Ad-Hoc|iPhone.ActiveCfg = Release|x86
		{E673C03E-871C-4849-9AE3-15C8378658B5}.Ad-Hoc|iPhone.Build.0 = Release|x86
		{E673C03E-871C-4849-9AE3-15C8378658B5}.Ad-Hoc|iPhone.Deploy.0 = Release|x86
		{E673C03E-871C-4849-9AE3-15C8378658B5}.Ad-Hoc|iPhoneSimulator.ActiveCfg = Release|x86
		{E673C03E-871C-4849-9AE3-15C8378658B5}.Ad-Hoc|iPhoneSimulator.Build.0 = Release|x86
		{E673C03E-871C-4849-9AE3-15C8378658B5}.Ad-Hoc|iPhoneSimulator.Deploy.0 = Release|x86
		{E673C03E-871C-4849-9AE3-15C8378658B5}.Ad-Hoc|Mixed Platforms.ActiveCfg = Release|x86
		{E673C03E-871C-4849-9AE3-15C8378658B5}.Ad-Hoc|Mixed Platforms.Build.0 = Release|x86
		{E673C03E-871C-4849-9AE3-15C8378658B5}.Ad-Hoc|Mixed Platforms.Deploy.0 = Release|x86
		{E673C03E-871C-4849-9AE3-15C8378658B5}.Ad-Hoc|x64.ActiveCfg = Release|x64
		{E673C03E-871C-4849-9AE3-15C8378658B5}.Ad-Hoc|x64.Build.0 = Release|x64
		{E673C03E-871C-4849-9AE3-15C8378658B5}.Ad-Hoc|x64.Deploy.0 = Release|x64
		{E673C03E-871C-4849-9AE3-15C8378658B5}.Ad-Hoc|x86.ActiveCfg = Release|x86
		{E673C03E-871C-4849-9AE3-15C8378658B5}.Ad-Hoc|x86.Build.0 = Release|x86
		{E673C03E-871C-4849-9AE3-15C8378658B5}.Ad-Hoc|x86.Deploy.0 = Release|x86
		{E673C03E-871C-4849-9AE3-15C8378658B5}.AppStore|Any CPU.ActiveCfg = Release|x86
		{E673C03E-871C-4849-9AE3-15C8378658B5}.AppStore|Any CPU.Build.0 = Release|x86
		{E673C03E-871C-4849-9AE3-15C8378658B5}.AppStore|Any CPU.Deploy.0 = Release|x86
		{E673C03E-871C-4849-9AE3-15C8378658B5}.AppStore|ARM.ActiveCfg = Release|ARM
		{E673C03E-871C-4849-9AE3-15C8378658B5}.AppStore|ARM.Build.0 = Release|ARM
		{E673C03E-871C-4849-9AE3-15C8378658B5}.AppStore|ARM.Deploy.0 = Release|ARM
		{E673C03E-871C-4849-9AE3-15C8378658B5}.AppStore|iPhone.ActiveCfg = Release|x86
		{E673C03E-871C-4849-9AE3-15C8378658B5}.AppStore|iPhone.Build.0 = Release|x86
		{E673C03E-871C-4849-9AE3-15C8378658B5}.AppStore|iPhone.Deploy.0 = Release|x86
		{E673C03E-871C-4849-9AE3-15C8378658B5}.AppStore|iPhoneSimulator.ActiveCfg = Release|x86
		{E673C03E-871C-4849-9AE3-15C8378658B5}.AppStore|iPhoneSimulator.Build.0 = Release|x86
		{E673C03E-871C-4849-9AE3-15C8378658B5}.AppStore|iPhoneSimulator.Deploy.0 = Release|x86
		{E673C03E-871C-4849-9AE3-15C8378658B5}.AppStore|Mixed Platforms.ActiveCfg = Release|x86
		{E673C03E-871C-4849-9AE3-15C8378658B5}.AppStore|Mixed Platforms.Build.0 = Release|x86
		{E673C03E-871C-4849-9AE3-15C8378658B5}.AppStore|Mixed Platforms.Deploy.0 = Release|x86
		{E673C03E-871C-4849-9AE3-15C8378658B5}.AppStore|x64.ActiveCfg = Release|x64
		{E673C03E-871C-4849-9AE3-15C8378658B5}.AppStore|x64.Build.0 = Release|x64
		{E673C03E-871C-4849-9AE3-15C8378658B5}.AppStore|x64.Deploy.0 = Release|x64
		{E673C03E-871C-4849-9AE3-15C8378658B5}.AppStore|x86.ActiveCfg = Release|x86
		{E673C03E-871C-4849-9AE3-15C8378658B5}.AppStore|x86.Build.0 = Release|x86
		{E673C03E-871C-4849-9AE3-15C8378658B5}.AppStore|x86.Deploy.0 = Release|x86
		{E673C03E-871C-4849-9AE3-15C8378658B5}.Debug|Any CPU.ActiveCfg = Debug|x86
		{E673C03E-871C-4849-9AE3-15C8378658B5}.Debug|ARM.ActiveCfg = Debug|ARM
		{E673C03E-871C-4849-9AE3-15C8378658B5}.Debug|ARM.Build.0 = Debug|ARM
		{E673C03E-871C-4849-9AE3-15C8378658B5}.Debug|ARM.Deploy.0 = Debug|ARM
		{E673C03E-871C-4849-9AE3-15C8378658B5}.Debug|iPhone.ActiveCfg = Debug|x86
		{E673C03E-871C-4849-9AE3-15C8378658B5}.Debug|iPhoneSimulator.ActiveCfg = Debug|x86
		{E673C03E-871C-4849-9AE3-15C8378658B5}.Debug|Mixed Platforms.ActiveCfg = Debug|x86
		{E673C03E-871C-4849-9AE3-15C8378658B5}.Debug|Mixed Platforms.Build.0 = Debug|x86
		{E673C03E-871C-4849-9AE3-15C8378658B5}.Debug|Mixed Platforms.Deploy.0 = Debug|x86
		{E673C03E-871C-4849-9AE3-15C8378658B5}.Debug|x64.ActiveCfg = Debug|x64
		{E673C03E-871C-4849-9AE3-15C8378658B5}.Debug|x64.Build.0 = Debug|x64
		{E673C03E-871C-4849-9AE3-15C8378658B5}.Debug|x64.Deploy.0 = Debug|x64
		{E673C03E-871C-4849-9AE3-15C8378658B5}.Debug|x86.ActiveCfg = Debug|x86
		{E673C03E-871C-4849-9AE3-15C8378658B5}.Debug|x86.Build.0 = Debug|x86
		{E673C03E-871C-4849-9AE3-15C8378658B5}.Debug|x86.Deploy.0 = Debug|x86
		{E673C03E-871C-4849-9AE3-15C8378658B5}.Release|Any CPU.ActiveCfg = Release|x86
		{E673C03E-871C-4849-9AE3-15C8378658B5}.Release|ARM.ActiveCfg = Release|ARM
		{E673C03E-871C-4849-9AE3-15C8378658B5}.Release|ARM.Build.0 = Release|ARM
		{E673C03E-871C-4849-9AE3-15C8378658B5}.Release|ARM.Deploy.0 = Release|ARM
		{E673C03E-871C-4849-9AE3-15C8378658B5}.Release|iPhone.ActiveCfg = Release|x86
		{E673C03E-871C-4849-9AE3-15C8378658B5}.Release|iPhoneSimulator.ActiveCfg = Release|x86
		{E673C03E-871C-4849-9AE3-15C8378658B5}.Release|Mixed Platforms.ActiveCfg = Release|x86
		{E673C03E-871C-4849-9AE3-15C8378658B5}.Release|Mixed Platforms.Build.0 = Release|x86
		{E673C03E-871C-4849-9AE3-15C8378658B5}.Release|Mixed Platforms.Deploy.0 = Release|x86
		{E673C03E-871C-4849-9AE3-15C8378658B5}.Release|x64.ActiveCfg = Release|x64
		{E673C03E-871C-4849-9AE3-15C8378658B5}.Release|x64.Build.0 = Release|x64
		{E673C03E-871C-4849-9AE3-15C8378658B5}.Release|x64.Deploy.0 = Release|x64
		{E673C03E-871C-4849-9AE3-15C8378658B5}.Release|x86.ActiveCfg = Release|x86
		{E673C03E-871C-4849-9AE3-15C8378658B5}.Release|x86.Build.0 = Release|x86
		{E673C03E-871C-4849-9AE3-15C8378658B5}.Release|x86.Deploy.0 = Release|x86
		{973EA80A-2B71-45C9-8998-99D702C58F36}.Ad-Hoc|Any CPU.ActiveCfg = Release|Any CPU
		{973EA80A-2B71-45C9-8998-99D702C58F36}.Ad-Hoc|Any CPU.Build.0 = Release|Any CPU
		{973EA80A-2B71-45C9-8998-99D702C58F36}.Ad-Hoc|Any CPU.Deploy.0 = Release|Any CPU
		{973EA80A-2B71-45C9-8998-99D702C58F36}.Ad-Hoc|ARM.ActiveCfg = Release|ARM
		{973EA80A-2B71-45C9-8998-99D702C58F36}.Ad-Hoc|ARM.Build.0 = Release|ARM
		{973EA80A-2B71-45C9-8998-99D702C58F36}.Ad-Hoc|ARM.Deploy.0 = Release|ARM
		{973EA80A-2B71-45C9-8998-99D702C58F36}.Ad-Hoc|iPhone.ActiveCfg = Release|Any CPU
		{973EA80A-2B71-45C9-8998-99D702C58F36}.Ad-Hoc|iPhone.Build.0 = Release|Any CPU
		{973EA80A-2B71-45C9-8998-99D702C58F36}.Ad-Hoc|iPhone.Deploy.0 = Release|Any CPU
		{973EA80A-2B71-45C9-8998-99D702C58F36}.Ad-Hoc|iPhoneSimulator.ActiveCfg = Release|Any CPU
		{973EA80A-2B71-45C9-8998-99D702C58F36}.Ad-Hoc|iPhoneSimulator.Build.0 = Release|Any CPU
		{973EA80A-2B71-45C9-8998-99D702C58F36}.Ad-Hoc|iPhoneSimulator.Deploy.0 = Release|Any CPU
		{973EA80A-2B71-45C9-8998-99D702C58F36}.Ad-Hoc|Mixed Platforms.ActiveCfg = Release|x86
		{973EA80A-2B71-45C9-8998-99D702C58F36}.Ad-Hoc|Mixed Platforms.Build.0 = Release|x86
		{973EA80A-2B71-45C9-8998-99D702C58F36}.Ad-Hoc|Mixed Platforms.Deploy.0 = Release|x86
		{973EA80A-2B71-45C9-8998-99D702C58F36}.Ad-Hoc|x64.ActiveCfg = Release|Any CPU
		{973EA80A-2B71-45C9-8998-99D702C58F36}.Ad-Hoc|x64.Build.0 = Release|Any CPU
		{973EA80A-2B71-45C9-8998-99D702C58F36}.Ad-Hoc|x64.Deploy.0 = Release|Any CPU
		{973EA80A-2B71-45C9-8998-99D702C58F36}.Ad-Hoc|x86.ActiveCfg = Release|x86
		{973EA80A-2B71-45C9-8998-99D702C58F36}.Ad-Hoc|x86.Build.0 = Release|x86
		{973EA80A-2B71-45C9-8998-99D702C58F36}.Ad-Hoc|x86.Deploy.0 = Release|x86
		{973EA80A-2B71-45C9-8998-99D702C58F36}.AppStore|Any CPU.ActiveCfg = Release|Any CPU
		{973EA80A-2B71-45C9-8998-99D702C58F36}.AppStore|Any CPU.Build.0 = Release|Any CPU
		{973EA80A-2B71-45C9-8998-99D702C58F36}.AppStore|Any CPU.Deploy.0 = Release|Any CPU
		{973EA80A-2B71-45C9-8998-99D702C58F36}.AppStore|ARM.ActiveCfg = Release|ARM
		{973EA80A-2B71-45C9-8998-99D702C58F36}.AppStore|ARM.Build.0 = Release|ARM
		{973EA80A-2B71-45C9-8998-99D702C58F36}.AppStore|ARM.Deploy.0 = Release|ARM
		{973EA80A-2B71-45C9-8998-99D702C58F36}.AppStore|iPhone.ActiveCfg = Release|Any CPU
		{973EA80A-2B71-45C9-8998-99D702C58F36}.AppStore|iPhone.Build.0 = Release|Any CPU
		{973EA80A-2B71-45C9-8998-99D702C58F36}.AppStore|iPhone.Deploy.0 = Release|Any CPU
		{973EA80A-2B71-45C9-8998-99D702C58F36}.AppStore|iPhoneSimulator.ActiveCfg = Release|Any CPU
		{973EA80A-2B71-45C9-8998-99D702C58F36}.AppStore|iPhoneSimulator.Build.0 = Release|Any CPU
		{973EA80A-2B71-45C9-8998-99D702C58F36}.AppStore|iPhoneSimulator.Deploy.0 = Release|Any CPU
		{973EA80A-2B71-45C9-8998-99D702C58F36}.AppStore|Mixed Platforms.ActiveCfg = Release|x86
		{973EA80A-2B71-45C9-8998-99D702C58F36}.AppStore|Mixed Platforms.Build.0 = Release|x86
		{973EA80A-2B71-45C9-8998-99D702C58F36}.AppStore|Mixed Platforms.Deploy.0 = Release|x86
		{973EA80A-2B71-45C9-8998-99D702C58F36}.AppStore|x64.ActiveCfg = Release|Any CPU
		{973EA80A-2B71-45C9-8998-99D702C58F36}.AppStore|x64.Build.0 = Release|Any CPU
		{973EA80A-2B71-45C9-8998-99D702C58F36}.AppStore|x64.Deploy.0 = Release|Any CPU
		{973EA80A-2B71-45C9-8998-99D702C58F36}.AppStore|x86.ActiveCfg = Release|x86
		{973EA80A-2B71-45C9-8998-99D702C58F36}.AppStore|x86.Build.0 = Release|x86
		{973EA80A-2B71-45C9-8998-99D702C58F36}.AppStore|x86.Deploy.0 = Release|x86
		{973EA80A-2B71-45C9-8998-99D702C58F36}.Debug|Any CPU.ActiveCfg = Debug|Any CPU
		{973EA80A-2B71-45C9-8998-99D702C58F36}.Debug|Any CPU.Build.0 = Debug|Any CPU
		{973EA80A-2B71-45C9-8998-99D702C58F36}.Debug|Any CPU.Deploy.0 = Debug|Any CPU
		{973EA80A-2B71-45C9-8998-99D702C58F36}.Debug|ARM.ActiveCfg = Debug|ARM
		{973EA80A-2B71-45C9-8998-99D702C58F36}.Debug|ARM.Build.0 = Debug|ARM
		{973EA80A-2B71-45C9-8998-99D702C58F36}.Debug|ARM.Deploy.0 = Debug|ARM
		{973EA80A-2B71-45C9-8998-99D702C58F36}.Debug|iPhone.ActiveCfg = Debug|Any CPU
		{973EA80A-2B71-45C9-8998-99D702C58F36}.Debug|iPhoneSimulator.ActiveCfg = Debug|Any CPU
		{973EA80A-2B71-45C9-8998-99D702C58F36}.Debug|Mixed Platforms.ActiveCfg = Debug|x86
		{973EA80A-2B71-45C9-8998-99D702C58F36}.Debug|Mixed Platforms.Build.0 = Debug|x86
		{973EA80A-2B71-45C9-8998-99D702C58F36}.Debug|Mixed Platforms.Deploy.0 = Debug|x86
		{973EA80A-2B71-45C9-8998-99D702C58F36}.Debug|x64.ActiveCfg = Debug|Any CPU
		{973EA80A-2B71-45C9-8998-99D702C58F36}.Debug|x64.Build.0 = Debug|Any CPU
		{973EA80A-2B71-45C9-8998-99D702C58F36}.Debug|x64.Deploy.0 = Debug|Any CPU
		{973EA80A-2B71-45C9-8998-99D702C58F36}.Debug|x86.ActiveCfg = Debug|x86
		{973EA80A-2B71-45C9-8998-99D702C58F36}.Debug|x86.Build.0 = Debug|x86
		{973EA80A-2B71-45C9-8998-99D702C58F36}.Debug|x86.Deploy.0 = Debug|x86
		{973EA80A-2B71-45C9-8998-99D702C58F36}.Release|Any CPU.ActiveCfg = Release|Any CPU
		{973EA80A-2B71-45C9-8998-99D702C58F36}.Release|Any CPU.Build.0 = Release|Any CPU
		{973EA80A-2B71-45C9-8998-99D702C58F36}.Release|Any CPU.Deploy.0 = Release|Any CPU
		{973EA80A-2B71-45C9-8998-99D702C58F36}.Release|ARM.ActiveCfg = Release|ARM
		{973EA80A-2B71-45C9-8998-99D702C58F36}.Release|ARM.Build.0 = Release|ARM
		{973EA80A-2B71-45C9-8998-99D702C58F36}.Release|ARM.Deploy.0 = Release|ARM
		{973EA80A-2B71-45C9-8998-99D702C58F36}.Release|iPhone.ActiveCfg = Release|Any CPU
		{973EA80A-2B71-45C9-8998-99D702C58F36}.Release|iPhone.Build.0 = Release|Any CPU
		{973EA80A-2B71-45C9-8998-99D702C58F36}.Release|iPhone.Deploy.0 = Release|Any CPU
		{973EA80A-2B71-45C9-8998-99D702C58F36}.Release|iPhoneSimulator.ActiveCfg = Release|Any CPU
		{973EA80A-2B71-45C9-8998-99D702C58F36}.Release|iPhoneSimulator.Build.0 = Release|Any CPU
		{973EA80A-2B71-45C9-8998-99D702C58F36}.Release|iPhoneSimulator.Deploy.0 = Release|Any CPU
		{973EA80A-2B71-45C9-8998-99D702C58F36}.Release|Mixed Platforms.ActiveCfg = Release|x86
		{973EA80A-2B71-45C9-8998-99D702C58F36}.Release|Mixed Platforms.Build.0 = Release|x86
		{973EA80A-2B71-45C9-8998-99D702C58F36}.Release|Mixed Platforms.Deploy.0 = Release|x86
		{973EA80A-2B71-45C9-8998-99D702C58F36}.Release|x64.ActiveCfg = Release|Any CPU
		{973EA80A-2B71-45C9-8998-99D702C58F36}.Release|x64.Build.0 = Release|Any CPU
		{973EA80A-2B71-45C9-8998-99D702C58F36}.Release|x64.Deploy.0 = Release|Any CPU
		{973EA80A-2B71-45C9-8998-99D702C58F36}.Release|x86.ActiveCfg = Release|x86
		{973EA80A-2B71-45C9-8998-99D702C58F36}.Release|x86.Build.0 = Release|x86
		{973EA80A-2B71-45C9-8998-99D702C58F36}.Release|x86.Deploy.0 = Release|x86
	EndGlobalSection
	GlobalSection(SolutionProperties) = preSolution
		HideSolutionNode = FALSE
	EndGlobalSection
	GlobalSection(NestedProjects) = preSolution
		{90A54774-0083-48B4-B8A1-2FCCC24CBE86} = {90F9B46D-96A3-4165-9513-89566E4C5682}
		{1B396C98-0EB8-461C-8B00-0D52C262F377} = {90F9B46D-96A3-4165-9513-89566E4C5682}
		{A6080690-BD84-454F-B1AB-091F9D0E4DCE} = {90F9B46D-96A3-4165-9513-89566E4C5682}
		{3B79D2B0-680A-493D-80FD-EBD8B24432FA} = {90F9B46D-96A3-4165-9513-89566E4C5682}
		{D50A6EC5-B1F4-4352-BBC5-2A956A55F2AE} = {90F9B46D-96A3-4165-9513-89566E4C5682}
		{ABE87D5E-AF6E-413C-8A06-DE9B2DA30EBA} = {90F9B46D-96A3-4165-9513-89566E4C5682}
		{E673C03E-871C-4849-9AE3-15C8378658B5} = {90F9B46D-96A3-4165-9513-89566E4C5682}
		{973EA80A-2B71-45C9-8998-99D702C58F36} = {90F9B46D-96A3-4165-9513-89566E4C5682}
	EndGlobalSection
	GlobalSection(ExtensibilityGlobals) = postSolution
		SolutionGuid = {07012FAA-8452-4BE8-936B-C952D2302232}
	EndGlobalSection
EndGlobal
